
Microsoft Visual Studio Solution File, Format Version 12.00
# Visual Studio Version 17
VisualStudioVersion = 17.6.33712.159
MinimumVisualStudioVersion = 10.0.40219.1
Project("{9A19103F-16F7-4668-BE54-9A1E7A4F7556}") = "RedditPodcastPoster", "Console-Apps\RedditPodcastPoster\RedditPodcastPoster.csproj", "{C39F980E-0FCC-4630-938A-9A1BAB5CF6A7}"
EndProject
Project("{9A19103F-16F7-4668-BE54-9A1E7A4F7556}") = "RedditPodcastPoster.Common", "Class-Libraries\RedditPodcastPoster.Common\RedditPodcastPoster.Common.csproj", "{9DABA17E-FEAD-4762-9295-49C125DCFAC9}"
EndProject
Project("{2150E333-8FDC-42A3-9474-1A3956D46DE8}") = "Documentation", "Documentation", "{12DB97D3-DC8F-4BD6-994D-EF13920EC12D}"
	ProjectSection(SolutionItems) = preProject
		README.md = README.md
	EndProjectSection
EndProject
Project("{9A19103F-16F7-4668-BE54-9A1E7A4F7556}") = "AddYouTubeChannelAsPodcast", "Console-Apps\AddYouTubeChannelAsPodcast\AddYouTubeChannelAsPodcast.csproj", "{62ED1991-2A45-4A71-9B6A-05829CBEE5F8}"
EndProject
Project("{9A19103F-16F7-4668-BE54-9A1E7A4F7556}") = "EnrichExistingEpisodesFromPodcastServices", "Console-Apps\EnrichExistingEpisodesFromPodcastServices\EnrichExistingEpisodesFromPodcastServices.csproj", "{32C94732-069F-4D86-B527-6B9D78AFA2D0}"
EndProject
Project("{9A19103F-16F7-4668-BE54-9A1E7A4F7556}") = "RedditPodcastPoster.Models", "Class-Libraries\RedditPodcastPoster.Models\RedditPodcastPoster.Models.csproj", "{75EC9016-D2E9-46D8-A474-58DFBA4135AE}"
EndProject
Project("{9A19103F-16F7-4668-BE54-9A1E7A4F7556}") = "ModelTransformer", "Console-Apps\ModelTransformer\ModelTransformer.csproj", "{C61F8632-0891-4900-9558-E0E8D3ADAE3E}"
EndProject
Project("{9A19103F-16F7-4668-BE54-9A1E7A4F7556}") = "CosmosDbUploader", "Console-Apps\CosmosDbUploader\CosmosDbUploader.csproj", "{07233303-D86E-430A-A42A-A7519E2CC642}"
EndProject
Project("{9A19103F-16F7-4668-BE54-9A1E7A4F7556}") = "CosmosDbDownloader", "Console-Apps\CosmosDbDownloader\CosmosDbDownloader.csproj", "{40B5D8E9-5344-4608-8758-C685D1D0A0EC}"
EndProject
Project("{9A19103F-16F7-4668-BE54-9A1E7A4F7556}") = "CosmosDbFixer", "Console-Apps\CosmosDbFixer\CosmosDbFixer.csproj", "{4B886269-4580-40C0-84CD-4FC8C838B329}"
EndProject
Project("{2150E333-8FDC-42A3-9474-1A3956D46DE8}") = "Console-Apps", "Console-Apps", "{A0B7B88E-119E-4B41-A81D-E824392DD4D4}"
EndProject
Project("{9A19103F-16F7-4668-BE54-9A1E7A4F7556}") = "EnrichEpisodesFromPostFlare", "Console-Apps\EnrichEpisodesFromPostFlare\EnrichEpisodesFromPostFlare.csproj", "{F034BBB5-1BB3-4B4C-BA7C-06DFF68F4DA4}"
EndProject
Project("{9A19103F-16F7-4668-BE54-9A1E7A4F7556}") = "CultPodcasts.DatabasePublisher", "Console-Apps\CultPodcasts.DatabasePublisher\CultPodcasts.DatabasePublisher.csproj", "{7962E4E6-87B2-48AC-B5E3-49E43878D630}"
EndProject
Project("{9A19103F-16F7-4668-BE54-9A1E7A4F7556}") = "AddAudioPodcast", "Console-Apps\AddAudioPodcast\AddAudioPodcast.csproj", "{9718B0C0-99C0-490C-922E-93C9DA7CBCB9}"
EndProject
Project("{9A19103F-16F7-4668-BE54-9A1E7A4F7556}") = "EnrichYouTubeOnlyPodcasts", "Console-Apps\EnrichYouTubeOnlyPodcasts\EnrichYouTubeOnlyPodcasts.csproj", "{747941FA-4A65-4696-952A-6274A233ED57}"
EndProject
Project("{9A19103F-16F7-4668-BE54-9A1E7A4F7556}") = "SeedEliminationTerms", "Console-Apps\SeedEliminationTerms\SeedEliminationTerms.csproj", "{1D4DEFCB-9B03-4D50-9FDE-8035B5CC4310}"
EndProject
Project("{9A19103F-16F7-4668-BE54-9A1E7A4F7556}") = "SubmitUrl", "Console-Apps\SubmitUrl\SubmitUrl.csproj", "{BE33D81B-1B31-4FA1-B7CB-B5E29D470728}"
EndProject
Project("{2150E333-8FDC-42A3-9474-1A3956D46DE8}") = "Cloud", "Cloud", "{8C39850E-EB98-4D1F-B961-FBF7FF98049E}"
EndProject
Project("{9A19103F-16F7-4668-BE54-9A1E7A4F7556}") = "Sqllite3DatabasePublisher", "Console-Apps\Sqllite3DatabasePublisher\Sqllite3DatabasePublisher.csproj", "{A2FE6676-BE6F-4EBC-9261-F27A7E8A8510}"
EndProject
Project("{9A19103F-16F7-4668-BE54-9A1E7A4F7556}") = "Indexer", "Cloud\Indexer\Indexer.csproj", "{ACE43C6B-A006-4E01-8D90-CC566C83FFE3}"
EndProject
Project("{9A19103F-16F7-4668-BE54-9A1E7A4F7556}") = "Azure", "Cloud\Azure\Azure.csproj", "{0AB24952-57D0-4772-A7C8-08F945BC9758}"
EndProject
Project("{9A19103F-16F7-4668-BE54-9A1E7A4F7556}") = "SeedKnownTerms", "Console-Apps\SeedKnownTerms\SeedKnownTerms.csproj", "{F4443DD5-05C7-4DE0-9957-DF80225D806C}"
EndProject
Project("{9A19103F-16F7-4668-BE54-9A1E7A4F7556}") = "Index", "Console-Apps\Index\Index.csproj", "{6AD8EB9C-EAD7-43EB-AD31-033FF126D16B}"
EndProject
Project("{9A19103F-16F7-4668-BE54-9A1E7A4F7556}") = "TextClassifierTraining", "Console-Apps\TextClassifierTraining\TextClassifierTraining.csproj", "{48C2582C-3A41-4765-BE41-ED6C0DE0FBD8}"
EndProject
Project("{9A19103F-16F7-4668-BE54-9A1E7A4F7556}") = "RedditPodcastPoster.Subreddit", "Class-Libraries\RedditPodcastPoster.Subreddit\RedditPodcastPoster.Subreddit.csproj", "{D0C2E99C-BBD2-4C1F-B221-50EAF9756A68}"
EndProject
Project("{2150E333-8FDC-42A3-9474-1A3956D46DE8}") = "Class-Libraries", "Class-Libraries", "{EDA3626A-3E3A-433B-A4E9-4B68918F3036}"
EndProject
Project("{2150E333-8FDC-42A3-9474-1A3956D46DE8}") = "Workflows", "Workflows", "{A6E1AF4E-16F3-424B-844A-4576869047DF}"
	ProjectSection(SolutionItems) = preProject
		.github\workflows\dotnet.yml = .github\workflows\dotnet.yml
		.github\workflows\main_api-cultpodcasts.yml = .github\workflows\main_api-cultpodcasts.yml
		.github\workflows\main_discover-cultpodcasts.yml = .github\workflows\main_discover-cultpodcasts.yml
		.github\workflows\main_indexer-cultpodcasts.yml = .github\workflows\main_indexer-cultpodcasts.yml
	EndProjectSection
EndProject
Project("{9A19103F-16F7-4668-BE54-9A1E7A4F7556}") = "Tweet", "Console-Apps\Tweet\Tweet.csproj", "{8A239DE4-4F9D-4582-9899-40A5DC96846D}"
EndProject
Project("{9A19103F-16F7-4668-BE54-9A1E7A4F7556}") = "RedditPodcastPoster.Twitter", "Class-Libraries\RedditPodcastPoster.Twitter\RedditPodcastPoster.Twitter.csproj", "{59081EC7-F79E-40BE-991B-62DCC88ACD29}"
EndProject
Project("{9A19103F-16F7-4668-BE54-9A1E7A4F7556}") = "RedditPodcastPoster.Text", "Class-Libraries\RedditPodcastPoster.Text\RedditPodcastPoster.Text.csproj", "{26EBD1FC-D699-4928-B7A3-BE8734BB4EF1}"
EndProject
Project("{9A19103F-16F7-4668-BE54-9A1E7A4F7556}") = "RedditPodcastPoster.Persistence", "Class-Libraries\RedditPodcastPoster.Persistence\RedditPodcastPoster.Persistence.csproj", "{911F0CE8-3676-42F0-8CA1-BBF677732C82}"
EndProject
Project("{2150E333-8FDC-42A3-9474-1A3956D46DE8}") = "Tests", "Tests", "{C870AC3C-8261-4807-AC30-DBEC8C89DCB7}"
EndProject
Project("{9A19103F-16F7-4668-BE54-9A1E7A4F7556}") = "RedditPodcastPoster.Text.Tests", "Class-Libraries\RedditPodcastPoster.Text.Tests\RedditPodcastPoster.Text.Tests.csproj", "{FCB5FAFB-3F8E-4772-A644-39A75705469F}"
EndProject
Project("{9A19103F-16F7-4668-BE54-9A1E7A4F7556}") = "RedditPodcastPoster.UrlSubmission", "Class-Libraries\RedditPodcastPoster.UrlSubmission\RedditPodcastPoster.UrlSubmission.csproj", "{6D32026F-81E0-438A-916F-C75F288947C7}"
EndProject
Project("{9A19103F-16F7-4668-BE54-9A1E7A4F7556}") = "RedditPodcastPoster.PodcastServices", "Class-Libraries\RedditPodcastPoster.PodcastServices\RedditPodcastPoster.PodcastServices.csproj", "{E277E36D-3FA8-4EF1-B64F-132D2B88897A}"
EndProject
Project("{9A19103F-16F7-4668-BE54-9A1E7A4F7556}") = "RedditPodcastPoster.Reddit", "Class-Libraries\RedditPodcastPoster.Reddit\RedditPodcastPoster.Reddit.csproj", "{CD60A2F0-2F2E-48EF-BD18-ABF33EED0E23}"
EndProject
Project("{9A19103F-16F7-4668-BE54-9A1E7A4F7556}") = "RedditPodcastPoster.PodcastServices.Spotify", "Class-Libraries\RedditPodcastPoster.PodcastServices.Spotify\RedditPodcastPoster.PodcastServices.Spotify.csproj", "{1C16516C-6ED3-41F8-B9BC-7187A2427D17}"
EndProject
Project("{9A19103F-16F7-4668-BE54-9A1E7A4F7556}") = "RedditPodcastPoster.PodcastServices.Abstractions", "Class-Libraries\RedditPodcastPoster.PodcastServices.Abstractions\RedditPodcastPoster.PodcastServices.Abstractions.csproj", "{B6CE0F57-27E4-4BD1-A3E9-1A9931D490CA}"
EndProject
Project("{9A19103F-16F7-4668-BE54-9A1E7A4F7556}") = "RedditPodcastPoster.PodcastServices.Apple", "Class-Libraries\RedditPodcastPoster.PodcastServices.Apple\RedditPodcastPoster.PodcastServices.Apple.csproj", "{9A23A983-8B7E-4721-9EC9-6163897EDD39}"
EndProject
Project("{9A19103F-16F7-4668-BE54-9A1E7A4F7556}") = "RedditPodcastPoster.PodcastServices.YouTube", "Class-Libraries\RedditPodcastPoster.PodcastServices.YouTube\RedditPodcastPoster.PodcastServices.YouTube.csproj", "{A0BA74B4-9146-46AA-A438-C84F7E89D928}"
EndProject
Project("{9A19103F-16F7-4668-BE54-9A1E7A4F7556}") = "RedditPodcastPoster.Reddit.Tests", "Class-Libraries\RedditPodcastPoster.Reddit.Tests\RedditPodcastPoster.Reddit.Tests.csproj", "{860941F7-A92F-4DD2-9037-28FD76674E0F}"
EndProject
Project("{2150E333-8FDC-42A3-9474-1A3956D46DE8}") = "Tests", "Tests", "{009F5E81-CD4E-49C0-B705-2DD3A3346B89}"
EndProject
Project("{9A19103F-16F7-4668-BE54-9A1E7A4F7556}") = "TextClassifierTraining.Tests", "Console-Apps\TextClassifierTraining.Tests\TextClassifierTraining.Tests.csproj", "{DBDE11E8-FD3E-4A8A-8F1D-872BA454DD0B}"
EndProject
Project("{9A19103F-16F7-4668-BE54-9A1E7A4F7556}") = "SubjectSeeder", "Console-Apps\SubjectSeeder\SubjectSeeder.csproj", "{5AACE81D-DFC3-4B11-8F33-E004916DFC3D}"
EndProject
Project("{9A19103F-16F7-4668-BE54-9A1E7A4F7556}") = "RedditPodcastPoster.Subjects", "Class-Libraries\RedditPodcastPoster.Subjects\RedditPodcastPoster.Subjects.csproj", "{BD1FFE7D-24CE-4E88-AEA2-7C6B556A21BA}"
EndProject
Project("{9A19103F-16F7-4668-BE54-9A1E7A4F7556}") = "RedditPodcastPoster.Subjects.Tests", "Class-Libraries\RedditPodcastPoster.Subjects.Tests\RedditPodcastPoster.Subjects.Tests.csproj", "{C7A8AAB5-211C-4457-87BD-38D100904542}"
EndProject
Project("{9A19103F-16F7-4668-BE54-9A1E7A4F7556}") = "RedditPodcastPoster.AI", "Class-Libraries\RedditPodcastPoster.AI\RedditPodcastPoster.AI.csproj", "{BF1BE2B8-1259-475A-A08C-02934BEB6472}"
EndProject
Project("{9A19103F-16F7-4668-BE54-9A1E7A4F7556}") = "RedditPodcastPoster.Persistence.Abstractions", "Class-Libraries\RedditPodcastPoster.Persistence.Abstractions\RedditPodcastPoster.Persistence.Abstractions.csproj", "{9DDD2B69-B7C8-4D8D-8C5B-AEA4C9334CCE}"
EndProject
Project("{9A19103F-16F7-4668-BE54-9A1E7A4F7556}") = "Poster", "Console-Apps\Poster\Poster.csproj", "{69784ECC-9439-4905-B964-46BEC3521595}"
EndProject
Project("{9A19103F-16F7-4668-BE54-9A1E7A4F7556}") = "RedditPodcastPoster.ContentPublisher", "Class-Libraries\RedditPodcastPoster.ContentPublisher\RedditPodcastPoster.ContentPublisher.csproj", "{120787D5-7F73-4495-A620-32EC2E3D2CFC}"
EndProject
Project("{9A19103F-16F7-4668-BE54-9A1E7A4F7556}") = "Discover", "Console-Apps\Discover\Discover.csproj", "{7A32C255-10E6-4C72-ADF6-672906B85373}"
EndProject
Project("{9A19103F-16F7-4668-BE54-9A1E7A4F7556}") = "RedditPodcastPoster.YouTubePushNotifications", "Class-Libraries\RedditPodcastPoster.YouTubePushNotifications\RedditPodcastPoster.YouTubePushNotifications.csproj", "{4D340273-C3D9-4C7F-ABCF-F66F6449AAF5}"
EndProject
Project("{9A19103F-16F7-4668-BE54-9A1E7A4F7556}") = "YouTubePushNotificationSubscribe", "Console-Apps\YouTubePushNotificationSubscribe\YouTubePushNotificationSubscribe.csproj", "{C2417BC6-FBF7-42AB-A60E-2FFF3BE044F1}"
EndProject
Project("{9A19103F-16F7-4668-BE54-9A1E7A4F7556}") = "RedditPodcastPoster.YouTubePushNotifications.Tests", "Class-Libraries\RedditPodcastPoster.YouTubePushNotifications.Tests\RedditPodcastPoster.YouTubePushNotifications.Tests.csproj", "{DB2F0863-FDD0-4093-9870-A5E5BCB972E0}"
EndProject
Project("{9A19103F-16F7-4668-BE54-9A1E7A4F7556}") = "RedditPodcastPoster.PodcastServices.YouTube.Tests", "Class-Libraries\RedditPodcastPoster.PodcastServices.YouTube.Tests\RedditPodcastPoster.PodcastServices.YouTube.Tests.csproj", "{3EFCED33-0CAF-4020-B21C-19AAB20911D7}"
EndProject
Project("{9A19103F-16F7-4668-BE54-9A1E7A4F7556}") = "RedditPodcastPoster.Configuration", "Class-Libraries\RedditPodcastPoster.Configuration\RedditPodcastPoster.Configuration.csproj", "{F0A8B18C-0BAF-451A-AD1E-26A075BD8FE6}"
EndProject
Project("{9A19103F-16F7-4668-BE54-9A1E7A4F7556}") = "JsonSplitCosmosDbUploader", "Console-Apps\JsonSplitCosmosDbUploader\JsonSplitCosmosDbUploader.csproj", "{3A7AF675-BF76-4B10-8623-3E114DEB6C98}"
EndProject
Project("{9A19103F-16F7-4668-BE54-9A1E7A4F7556}") = "EnrichSubjectRedditFlairs", "Console-Apps\EnrichSubjectRedditFlairs\EnrichSubjectRedditFlairs.csproj", "{EF6DCDC1-04BE-4F52-8BF6-E65048E9B093}"
EndProject
Project("{9A19103F-16F7-4668-BE54-9A1E7A4F7556}") = "CategorisePodcastEpisodes", "Console-Apps\CategorisePodcastEpisodes\CategorisePodcastEpisodes.csproj", "{97744164-BFA8-40F0-9EE4-557699163B3C}"
EndProject
Project("{9A19103F-16F7-4668-BE54-9A1E7A4F7556}") = "DeleteSearchDocument", "Console-Apps\DeleteSearchDocument\DeleteSearchDocument.csproj", "{A58E9AE2-CE6F-4384-8F93-782E0AE338AB}"
EndProject
Project("{9A19103F-16F7-4668-BE54-9A1E7A4F7556}") = "WebsubStatus", "Console-Apps\WebsubStatus\WebsubStatus.csproj", "{113714D2-3830-4B34-B978-0DC3DCD2258B}"
EndProject
Project("{9A19103F-16F7-4668-BE54-9A1E7A4F7556}") = "RedditPodcastPoster.PodcastServices.Spotify.Tests", "Class-Libraries\RedditPodcastPoster.PodcastServices.Spotify.Tests\RedditPodcastPoster.PodcastServices.Spotify.Tests.csproj", "{6205D116-89D5-485D-B59E-D13FEE3316EB}"
EndProject
Project("{9A19103F-16F7-4668-BE54-9A1E7A4F7556}") = "RedditPodcastPoster.PodcastServices.ListenNotes", "Class-Libraries\RedditPodcastPoster.PodcastServices.ListenNotes\RedditPodcastPoster.PodcastServices.ListenNotes.csproj", "{64053DD9-F462-43AD-A2B3-624E9BB82A4A}"
EndProject
Project("{9A19103F-16F7-4668-BE54-9A1E7A4F7556}") = "CreateSearchIndex", "Console-Apps\CreateSearchIndex\CreateSearchIndex.csproj", "{9C87F6A7-CBEA-4673-8FBA-C7A73F3E09CE}"
EndProject
Project("{9A19103F-16F7-4668-BE54-9A1E7A4F7556}") = "RedditPodcastPoster.Discovery", "Class-Libraries\RedditPodcastPoster.Discovery\RedditPodcastPoster.Discovery.csproj", "{187FBE18-8517-45C5-B2BB-CA96B8E8EE7D}"
EndProject
Project("{9A19103F-16F7-4668-BE54-9A1E7A4F7556}") = "Api", "Cloud\Api\Api.csproj", "{DB24B573-899C-40EB-99A6-92681230D39C}"
EndProject
Project("{9A19103F-16F7-4668-BE54-9A1E7A4F7556}") = "Discovery", "Cloud\Discovery\Discovery.csproj", "{6EF7BBB2-3A51-4BD8-9A0F-FEF608688723}"
EndProject
Project("{9A19103F-16F7-4668-BE54-9A1E7A4F7556}") = "KVWriter", "Console-Apps\KVWriter\KVWriter.csproj", "{C988FDFE-6F23-4B58-9074-14158E2675C6}"
EndProject
Project("{9A19103F-16F7-4668-BE54-9A1E7A4F7556}") = "RedditPodcastPoster.UrlShortening", "Class-Libraries\RedditPodcastPoster.UrlShortening\RedditPodcastPoster.UrlShortening.csproj", "{C3C54A23-1322-42FF-A9F2-822A3669DA8C}"
EndProject
Project("{9A19103F-16F7-4668-BE54-9A1E7A4F7556}") = "RedditPodcastPoster.PodcastServices.Apple.Tests", "Class-Libraries\RedditPodcastPoster.PodcastServices.Apple.Tests\RedditPodcastPoster.PodcastServices.Apple.Tests.csproj", "{6150DC4A-316B-4CCA-99DB-233BEE2EBCED}"
EndProject
Project("{9A19103F-16F7-4668-BE54-9A1E7A4F7556}") = "RedditPodcastPoster.PodcastServices.Taddy", "Class-Libraries\RedditPodcastPoster.PodcastServices.Taddy\RedditPodcastPoster.PodcastServices.Taddy.csproj", "{AAE0DAEC-2236-42F4-9B03-146848FDA49D}"
EndProject
Project("{9A19103F-16F7-4668-BE54-9A1E7A4F7556}") = "IndexAllEpisodesAudit", "Console-Apps\IndexAllEpisodesAudit\IndexAllEpisodesAudit.csproj", "{931329EE-7C87-4FC5-B4D0-CD904E65E544}"
EndProject
Project("{9A19103F-16F7-4668-BE54-9A1E7A4F7556}") = "MachineAuth0", "Console-Apps\MachineAuth0\MachineAuth0.csproj", "{CFA9BE95-64C2-4563-A685-B89482B6718D}"
EndProject
Project("{9A19103F-16F7-4668-BE54-9A1E7A4F7556}") = "RedditPodcastPoster.Auth0", "Class-Libraries\RedditPodcastPoster.Auth0\RedditPodcastPoster.Auth0.csproj", "{FCED4F2F-4C0C-4BC0-962C-AE41C31C5FF6}"
EndProject
Project("{9A19103F-16F7-4668-BE54-9A1E7A4F7556}") = "RedditPodcastPoster.EdgeApi", "Class-Libraries\RedditPodcastPoster.EdgeApi\RedditPodcastPoster.EdgeApi.csproj", "{8D9DD880-F206-445C-8771-58C195EC4F7E}"
EndProject
Project("{9A19103F-16F7-4668-BE54-9A1E7A4F7556}") = "RedditPodcastPoster.Search", "Class-Libraries\RedditPodcastPoster.Search\RedditPodcastPoster.Search.csproj", "{677C7664-D25B-4575-81C4-B5D5363C0940}"
EndProject
Project("{2150E333-8FDC-42A3-9474-1A3956D46DE8}") = "Third-Party", "Third-Party", "{500DB58B-23D9-4BBC-9D6D-BE5DA70366C1}"
EndProject
Project("{9A19103F-16F7-4668-BE54-9A1E7A4F7556}") = "Reddit.NET", "Third-Party\sirkris-Reddit.NET-1.5.3\src\Reddit.NET\Reddit.NET.csproj", "{7DB17F4D-3722-4B7C-A39F-14B90E8B741F}"
EndProject
Project("{9A19103F-16F7-4668-BE54-9A1E7A4F7556}") = "RedditPodcastPoster.Indexing", "Class-Libraries\RedditPodcastPoster.Indexing\RedditPodcastPoster.Indexing.csproj", "{62563496-22D6-42EE-A11C-892A2C27BE1F}"
EndProject
Global
	GlobalSection(SolutionConfigurationPlatforms) = preSolution
		Debug|Any CPU = Debug|Any CPU
		Release|Any CPU = Release|Any CPU
	EndGlobalSection
	GlobalSection(ProjectConfigurationPlatforms) = postSolution
		{C39F980E-0FCC-4630-938A-9A1BAB5CF6A7}.Debug|Any CPU.ActiveCfg = Debug|Any CPU
		{C39F980E-0FCC-4630-938A-9A1BAB5CF6A7}.Debug|Any CPU.Build.0 = Debug|Any CPU
		{C39F980E-0FCC-4630-938A-9A1BAB5CF6A7}.Release|Any CPU.ActiveCfg = Release|Any CPU
		{C39F980E-0FCC-4630-938A-9A1BAB5CF6A7}.Release|Any CPU.Build.0 = Release|Any CPU
		{9DABA17E-FEAD-4762-9295-49C125DCFAC9}.Debug|Any CPU.ActiveCfg = Debug|Any CPU
		{9DABA17E-FEAD-4762-9295-49C125DCFAC9}.Debug|Any CPU.Build.0 = Debug|Any CPU
		{9DABA17E-FEAD-4762-9295-49C125DCFAC9}.Release|Any CPU.ActiveCfg = Release|Any CPU
		{9DABA17E-FEAD-4762-9295-49C125DCFAC9}.Release|Any CPU.Build.0 = Release|Any CPU
		{62ED1991-2A45-4A71-9B6A-05829CBEE5F8}.Debug|Any CPU.ActiveCfg = Debug|Any CPU
		{62ED1991-2A45-4A71-9B6A-05829CBEE5F8}.Debug|Any CPU.Build.0 = Debug|Any CPU
		{62ED1991-2A45-4A71-9B6A-05829CBEE5F8}.Release|Any CPU.ActiveCfg = Release|Any CPU
		{62ED1991-2A45-4A71-9B6A-05829CBEE5F8}.Release|Any CPU.Build.0 = Release|Any CPU
		{32C94732-069F-4D86-B527-6B9D78AFA2D0}.Debug|Any CPU.ActiveCfg = Debug|Any CPU
		{32C94732-069F-4D86-B527-6B9D78AFA2D0}.Debug|Any CPU.Build.0 = Debug|Any CPU
		{32C94732-069F-4D86-B527-6B9D78AFA2D0}.Release|Any CPU.ActiveCfg = Release|Any CPU
		{32C94732-069F-4D86-B527-6B9D78AFA2D0}.Release|Any CPU.Build.0 = Release|Any CPU
		{75EC9016-D2E9-46D8-A474-58DFBA4135AE}.Debug|Any CPU.ActiveCfg = Debug|Any CPU
		{75EC9016-D2E9-46D8-A474-58DFBA4135AE}.Debug|Any CPU.Build.0 = Debug|Any CPU
		{75EC9016-D2E9-46D8-A474-58DFBA4135AE}.Release|Any CPU.ActiveCfg = Release|Any CPU
		{75EC9016-D2E9-46D8-A474-58DFBA4135AE}.Release|Any CPU.Build.0 = Release|Any CPU
		{C61F8632-0891-4900-9558-E0E8D3ADAE3E}.Debug|Any CPU.ActiveCfg = Debug|Any CPU
		{C61F8632-0891-4900-9558-E0E8D3ADAE3E}.Debug|Any CPU.Build.0 = Debug|Any CPU
		{C61F8632-0891-4900-9558-E0E8D3ADAE3E}.Release|Any CPU.ActiveCfg = Release|Any CPU
		{C61F8632-0891-4900-9558-E0E8D3ADAE3E}.Release|Any CPU.Build.0 = Release|Any CPU
		{07233303-D86E-430A-A42A-A7519E2CC642}.Debug|Any CPU.ActiveCfg = Debug|Any CPU
		{07233303-D86E-430A-A42A-A7519E2CC642}.Debug|Any CPU.Build.0 = Debug|Any CPU
		{07233303-D86E-430A-A42A-A7519E2CC642}.Release|Any CPU.ActiveCfg = Release|Any CPU
		{07233303-D86E-430A-A42A-A7519E2CC642}.Release|Any CPU.Build.0 = Release|Any CPU
		{40B5D8E9-5344-4608-8758-C685D1D0A0EC}.Debug|Any CPU.ActiveCfg = Debug|Any CPU
		{40B5D8E9-5344-4608-8758-C685D1D0A0EC}.Debug|Any CPU.Build.0 = Debug|Any CPU
		{40B5D8E9-5344-4608-8758-C685D1D0A0EC}.Release|Any CPU.ActiveCfg = Release|Any CPU
		{40B5D8E9-5344-4608-8758-C685D1D0A0EC}.Release|Any CPU.Build.0 = Release|Any CPU
		{4B886269-4580-40C0-84CD-4FC8C838B329}.Debug|Any CPU.ActiveCfg = Debug|Any CPU
		{4B886269-4580-40C0-84CD-4FC8C838B329}.Debug|Any CPU.Build.0 = Debug|Any CPU
		{4B886269-4580-40C0-84CD-4FC8C838B329}.Release|Any CPU.ActiveCfg = Release|Any CPU
		{4B886269-4580-40C0-84CD-4FC8C838B329}.Release|Any CPU.Build.0 = Release|Any CPU
		{F034BBB5-1BB3-4B4C-BA7C-06DFF68F4DA4}.Debug|Any CPU.ActiveCfg = Debug|Any CPU
		{F034BBB5-1BB3-4B4C-BA7C-06DFF68F4DA4}.Debug|Any CPU.Build.0 = Debug|Any CPU
		{F034BBB5-1BB3-4B4C-BA7C-06DFF68F4DA4}.Release|Any CPU.ActiveCfg = Release|Any CPU
		{F034BBB5-1BB3-4B4C-BA7C-06DFF68F4DA4}.Release|Any CPU.Build.0 = Release|Any CPU
		{7962E4E6-87B2-48AC-B5E3-49E43878D630}.Debug|Any CPU.ActiveCfg = Debug|Any CPU
		{7962E4E6-87B2-48AC-B5E3-49E43878D630}.Debug|Any CPU.Build.0 = Debug|Any CPU
		{7962E4E6-87B2-48AC-B5E3-49E43878D630}.Release|Any CPU.ActiveCfg = Release|Any CPU
		{7962E4E6-87B2-48AC-B5E3-49E43878D630}.Release|Any CPU.Build.0 = Release|Any CPU
		{9718B0C0-99C0-490C-922E-93C9DA7CBCB9}.Debug|Any CPU.ActiveCfg = Debug|Any CPU
		{9718B0C0-99C0-490C-922E-93C9DA7CBCB9}.Debug|Any CPU.Build.0 = Debug|Any CPU
		{9718B0C0-99C0-490C-922E-93C9DA7CBCB9}.Release|Any CPU.ActiveCfg = Release|Any CPU
		{9718B0C0-99C0-490C-922E-93C9DA7CBCB9}.Release|Any CPU.Build.0 = Release|Any CPU
		{747941FA-4A65-4696-952A-6274A233ED57}.Debug|Any CPU.ActiveCfg = Debug|Any CPU
		{747941FA-4A65-4696-952A-6274A233ED57}.Debug|Any CPU.Build.0 = Debug|Any CPU
		{747941FA-4A65-4696-952A-6274A233ED57}.Release|Any CPU.ActiveCfg = Release|Any CPU
		{747941FA-4A65-4696-952A-6274A233ED57}.Release|Any CPU.Build.0 = Release|Any CPU
		{1D4DEFCB-9B03-4D50-9FDE-8035B5CC4310}.Debug|Any CPU.ActiveCfg = Debug|Any CPU
		{1D4DEFCB-9B03-4D50-9FDE-8035B5CC4310}.Debug|Any CPU.Build.0 = Debug|Any CPU
		{1D4DEFCB-9B03-4D50-9FDE-8035B5CC4310}.Release|Any CPU.ActiveCfg = Release|Any CPU
		{1D4DEFCB-9B03-4D50-9FDE-8035B5CC4310}.Release|Any CPU.Build.0 = Release|Any CPU
		{BE33D81B-1B31-4FA1-B7CB-B5E29D470728}.Debug|Any CPU.ActiveCfg = Debug|Any CPU
		{BE33D81B-1B31-4FA1-B7CB-B5E29D470728}.Debug|Any CPU.Build.0 = Debug|Any CPU
		{BE33D81B-1B31-4FA1-B7CB-B5E29D470728}.Release|Any CPU.ActiveCfg = Release|Any CPU
		{BE33D81B-1B31-4FA1-B7CB-B5E29D470728}.Release|Any CPU.Build.0 = Release|Any CPU
		{A2FE6676-BE6F-4EBC-9261-F27A7E8A8510}.Debug|Any CPU.ActiveCfg = Debug|Any CPU
		{A2FE6676-BE6F-4EBC-9261-F27A7E8A8510}.Debug|Any CPU.Build.0 = Debug|Any CPU
		{A2FE6676-BE6F-4EBC-9261-F27A7E8A8510}.Release|Any CPU.ActiveCfg = Release|Any CPU
		{A2FE6676-BE6F-4EBC-9261-F27A7E8A8510}.Release|Any CPU.Build.0 = Release|Any CPU
		{ACE43C6B-A006-4E01-8D90-CC566C83FFE3}.Debug|Any CPU.ActiveCfg = Debug|Any CPU
		{ACE43C6B-A006-4E01-8D90-CC566C83FFE3}.Debug|Any CPU.Build.0 = Debug|Any CPU
		{ACE43C6B-A006-4E01-8D90-CC566C83FFE3}.Release|Any CPU.ActiveCfg = Release|Any CPU
		{ACE43C6B-A006-4E01-8D90-CC566C83FFE3}.Release|Any CPU.Build.0 = Release|Any CPU
		{0AB24952-57D0-4772-A7C8-08F945BC9758}.Debug|Any CPU.ActiveCfg = Debug|Any CPU
		{0AB24952-57D0-4772-A7C8-08F945BC9758}.Debug|Any CPU.Build.0 = Debug|Any CPU
		{0AB24952-57D0-4772-A7C8-08F945BC9758}.Release|Any CPU.ActiveCfg = Release|Any CPU
		{0AB24952-57D0-4772-A7C8-08F945BC9758}.Release|Any CPU.Build.0 = Release|Any CPU
		{F4443DD5-05C7-4DE0-9957-DF80225D806C}.Debug|Any CPU.ActiveCfg = Debug|Any CPU
		{F4443DD5-05C7-4DE0-9957-DF80225D806C}.Debug|Any CPU.Build.0 = Debug|Any CPU
		{F4443DD5-05C7-4DE0-9957-DF80225D806C}.Release|Any CPU.ActiveCfg = Release|Any CPU
		{F4443DD5-05C7-4DE0-9957-DF80225D806C}.Release|Any CPU.Build.0 = Release|Any CPU
		{6AD8EB9C-EAD7-43EB-AD31-033FF126D16B}.Debug|Any CPU.ActiveCfg = Debug|Any CPU
		{6AD8EB9C-EAD7-43EB-AD31-033FF126D16B}.Debug|Any CPU.Build.0 = Debug|Any CPU
		{6AD8EB9C-EAD7-43EB-AD31-033FF126D16B}.Release|Any CPU.ActiveCfg = Release|Any CPU
		{6AD8EB9C-EAD7-43EB-AD31-033FF126D16B}.Release|Any CPU.Build.0 = Release|Any CPU
		{48C2582C-3A41-4765-BE41-ED6C0DE0FBD8}.Debug|Any CPU.ActiveCfg = Debug|Any CPU
		{48C2582C-3A41-4765-BE41-ED6C0DE0FBD8}.Debug|Any CPU.Build.0 = Debug|Any CPU
		{48C2582C-3A41-4765-BE41-ED6C0DE0FBD8}.Release|Any CPU.ActiveCfg = Release|Any CPU
		{48C2582C-3A41-4765-BE41-ED6C0DE0FBD8}.Release|Any CPU.Build.0 = Release|Any CPU
		{D0C2E99C-BBD2-4C1F-B221-50EAF9756A68}.Debug|Any CPU.ActiveCfg = Debug|Any CPU
		{D0C2E99C-BBD2-4C1F-B221-50EAF9756A68}.Debug|Any CPU.Build.0 = Debug|Any CPU
		{D0C2E99C-BBD2-4C1F-B221-50EAF9756A68}.Release|Any CPU.ActiveCfg = Release|Any CPU
		{D0C2E99C-BBD2-4C1F-B221-50EAF9756A68}.Release|Any CPU.Build.0 = Release|Any CPU
		{8A239DE4-4F9D-4582-9899-40A5DC96846D}.Debug|Any CPU.ActiveCfg = Debug|Any CPU
		{8A239DE4-4F9D-4582-9899-40A5DC96846D}.Debug|Any CPU.Build.0 = Debug|Any CPU
		{8A239DE4-4F9D-4582-9899-40A5DC96846D}.Release|Any CPU.ActiveCfg = Release|Any CPU
		{8A239DE4-4F9D-4582-9899-40A5DC96846D}.Release|Any CPU.Build.0 = Release|Any CPU
		{59081EC7-F79E-40BE-991B-62DCC88ACD29}.Debug|Any CPU.ActiveCfg = Debug|Any CPU
		{59081EC7-F79E-40BE-991B-62DCC88ACD29}.Debug|Any CPU.Build.0 = Debug|Any CPU
		{59081EC7-F79E-40BE-991B-62DCC88ACD29}.Release|Any CPU.ActiveCfg = Release|Any CPU
		{59081EC7-F79E-40BE-991B-62DCC88ACD29}.Release|Any CPU.Build.0 = Release|Any CPU
		{26EBD1FC-D699-4928-B7A3-BE8734BB4EF1}.Debug|Any CPU.ActiveCfg = Debug|Any CPU
		{26EBD1FC-D699-4928-B7A3-BE8734BB4EF1}.Debug|Any CPU.Build.0 = Debug|Any CPU
		{26EBD1FC-D699-4928-B7A3-BE8734BB4EF1}.Release|Any CPU.ActiveCfg = Release|Any CPU
		{26EBD1FC-D699-4928-B7A3-BE8734BB4EF1}.Release|Any CPU.Build.0 = Release|Any CPU
		{911F0CE8-3676-42F0-8CA1-BBF677732C82}.Debug|Any CPU.ActiveCfg = Debug|Any CPU
		{911F0CE8-3676-42F0-8CA1-BBF677732C82}.Debug|Any CPU.Build.0 = Debug|Any CPU
		{911F0CE8-3676-42F0-8CA1-BBF677732C82}.Release|Any CPU.ActiveCfg = Release|Any CPU
		{911F0CE8-3676-42F0-8CA1-BBF677732C82}.Release|Any CPU.Build.0 = Release|Any CPU
		{FCB5FAFB-3F8E-4772-A644-39A75705469F}.Debug|Any CPU.ActiveCfg = Debug|Any CPU
		{FCB5FAFB-3F8E-4772-A644-39A75705469F}.Debug|Any CPU.Build.0 = Debug|Any CPU
		{FCB5FAFB-3F8E-4772-A644-39A75705469F}.Release|Any CPU.ActiveCfg = Release|Any CPU
		{FCB5FAFB-3F8E-4772-A644-39A75705469F}.Release|Any CPU.Build.0 = Release|Any CPU
		{6D32026F-81E0-438A-916F-C75F288947C7}.Debug|Any CPU.ActiveCfg = Debug|Any CPU
		{6D32026F-81E0-438A-916F-C75F288947C7}.Debug|Any CPU.Build.0 = Debug|Any CPU
		{6D32026F-81E0-438A-916F-C75F288947C7}.Release|Any CPU.ActiveCfg = Release|Any CPU
		{6D32026F-81E0-438A-916F-C75F288947C7}.Release|Any CPU.Build.0 = Release|Any CPU
		{E277E36D-3FA8-4EF1-B64F-132D2B88897A}.Debug|Any CPU.ActiveCfg = Debug|Any CPU
		{E277E36D-3FA8-4EF1-B64F-132D2B88897A}.Debug|Any CPU.Build.0 = Debug|Any CPU
		{E277E36D-3FA8-4EF1-B64F-132D2B88897A}.Release|Any CPU.ActiveCfg = Release|Any CPU
		{E277E36D-3FA8-4EF1-B64F-132D2B88897A}.Release|Any CPU.Build.0 = Release|Any CPU
		{CD60A2F0-2F2E-48EF-BD18-ABF33EED0E23}.Debug|Any CPU.ActiveCfg = Debug|Any CPU
		{CD60A2F0-2F2E-48EF-BD18-ABF33EED0E23}.Debug|Any CPU.Build.0 = Debug|Any CPU
		{CD60A2F0-2F2E-48EF-BD18-ABF33EED0E23}.Release|Any CPU.ActiveCfg = Release|Any CPU
		{CD60A2F0-2F2E-48EF-BD18-ABF33EED0E23}.Release|Any CPU.Build.0 = Release|Any CPU
		{1C16516C-6ED3-41F8-B9BC-7187A2427D17}.Debug|Any CPU.ActiveCfg = Debug|Any CPU
		{1C16516C-6ED3-41F8-B9BC-7187A2427D17}.Debug|Any CPU.Build.0 = Debug|Any CPU
		{1C16516C-6ED3-41F8-B9BC-7187A2427D17}.Release|Any CPU.ActiveCfg = Release|Any CPU
		{1C16516C-6ED3-41F8-B9BC-7187A2427D17}.Release|Any CPU.Build.0 = Release|Any CPU
		{B6CE0F57-27E4-4BD1-A3E9-1A9931D490CA}.Debug|Any CPU.ActiveCfg = Debug|Any CPU
		{B6CE0F57-27E4-4BD1-A3E9-1A9931D490CA}.Debug|Any CPU.Build.0 = Debug|Any CPU
		{B6CE0F57-27E4-4BD1-A3E9-1A9931D490CA}.Release|Any CPU.ActiveCfg = Release|Any CPU
		{B6CE0F57-27E4-4BD1-A3E9-1A9931D490CA}.Release|Any CPU.Build.0 = Release|Any CPU
		{9A23A983-8B7E-4721-9EC9-6163897EDD39}.Debug|Any CPU.ActiveCfg = Debug|Any CPU
		{9A23A983-8B7E-4721-9EC9-6163897EDD39}.Debug|Any CPU.Build.0 = Debug|Any CPU
		{9A23A983-8B7E-4721-9EC9-6163897EDD39}.Release|Any CPU.ActiveCfg = Release|Any CPU
		{9A23A983-8B7E-4721-9EC9-6163897EDD39}.Release|Any CPU.Build.0 = Release|Any CPU
		{A0BA74B4-9146-46AA-A438-C84F7E89D928}.Debug|Any CPU.ActiveCfg = Debug|Any CPU
		{A0BA74B4-9146-46AA-A438-C84F7E89D928}.Debug|Any CPU.Build.0 = Debug|Any CPU
		{A0BA74B4-9146-46AA-A438-C84F7E89D928}.Release|Any CPU.ActiveCfg = Release|Any CPU
		{A0BA74B4-9146-46AA-A438-C84F7E89D928}.Release|Any CPU.Build.0 = Release|Any CPU
		{860941F7-A92F-4DD2-9037-28FD76674E0F}.Debug|Any CPU.ActiveCfg = Debug|Any CPU
		{860941F7-A92F-4DD2-9037-28FD76674E0F}.Debug|Any CPU.Build.0 = Debug|Any CPU
		{860941F7-A92F-4DD2-9037-28FD76674E0F}.Release|Any CPU.ActiveCfg = Release|Any CPU
		{860941F7-A92F-4DD2-9037-28FD76674E0F}.Release|Any CPU.Build.0 = Release|Any CPU
		{DBDE11E8-FD3E-4A8A-8F1D-872BA454DD0B}.Debug|Any CPU.ActiveCfg = Debug|Any CPU
		{DBDE11E8-FD3E-4A8A-8F1D-872BA454DD0B}.Debug|Any CPU.Build.0 = Debug|Any CPU
		{DBDE11E8-FD3E-4A8A-8F1D-872BA454DD0B}.Release|Any CPU.ActiveCfg = Release|Any CPU
		{DBDE11E8-FD3E-4A8A-8F1D-872BA454DD0B}.Release|Any CPU.Build.0 = Release|Any CPU
		{5AACE81D-DFC3-4B11-8F33-E004916DFC3D}.Debug|Any CPU.ActiveCfg = Debug|Any CPU
		{5AACE81D-DFC3-4B11-8F33-E004916DFC3D}.Debug|Any CPU.Build.0 = Debug|Any CPU
		{5AACE81D-DFC3-4B11-8F33-E004916DFC3D}.Release|Any CPU.ActiveCfg = Release|Any CPU
		{5AACE81D-DFC3-4B11-8F33-E004916DFC3D}.Release|Any CPU.Build.0 = Release|Any CPU
		{BD1FFE7D-24CE-4E88-AEA2-7C6B556A21BA}.Debug|Any CPU.ActiveCfg = Debug|Any CPU
		{BD1FFE7D-24CE-4E88-AEA2-7C6B556A21BA}.Debug|Any CPU.Build.0 = Debug|Any CPU
		{BD1FFE7D-24CE-4E88-AEA2-7C6B556A21BA}.Release|Any CPU.ActiveCfg = Release|Any CPU
		{BD1FFE7D-24CE-4E88-AEA2-7C6B556A21BA}.Release|Any CPU.Build.0 = Release|Any CPU
		{C7A8AAB5-211C-4457-87BD-38D100904542}.Debug|Any CPU.ActiveCfg = Debug|Any CPU
		{C7A8AAB5-211C-4457-87BD-38D100904542}.Debug|Any CPU.Build.0 = Debug|Any CPU
		{C7A8AAB5-211C-4457-87BD-38D100904542}.Release|Any CPU.ActiveCfg = Release|Any CPU
		{C7A8AAB5-211C-4457-87BD-38D100904542}.Release|Any CPU.Build.0 = Release|Any CPU
		{BF1BE2B8-1259-475A-A08C-02934BEB6472}.Debug|Any CPU.ActiveCfg = Debug|Any CPU
		{BF1BE2B8-1259-475A-A08C-02934BEB6472}.Debug|Any CPU.Build.0 = Debug|Any CPU
		{BF1BE2B8-1259-475A-A08C-02934BEB6472}.Release|Any CPU.ActiveCfg = Release|Any CPU
		{BF1BE2B8-1259-475A-A08C-02934BEB6472}.Release|Any CPU.Build.0 = Release|Any CPU
		{9DDD2B69-B7C8-4D8D-8C5B-AEA4C9334CCE}.Debug|Any CPU.ActiveCfg = Debug|Any CPU
		{9DDD2B69-B7C8-4D8D-8C5B-AEA4C9334CCE}.Debug|Any CPU.Build.0 = Debug|Any CPU
		{9DDD2B69-B7C8-4D8D-8C5B-AEA4C9334CCE}.Release|Any CPU.ActiveCfg = Release|Any CPU
		{9DDD2B69-B7C8-4D8D-8C5B-AEA4C9334CCE}.Release|Any CPU.Build.0 = Release|Any CPU
		{69784ECC-9439-4905-B964-46BEC3521595}.Debug|Any CPU.ActiveCfg = Debug|Any CPU
		{69784ECC-9439-4905-B964-46BEC3521595}.Debug|Any CPU.Build.0 = Debug|Any CPU
		{69784ECC-9439-4905-B964-46BEC3521595}.Release|Any CPU.ActiveCfg = Release|Any CPU
		{69784ECC-9439-4905-B964-46BEC3521595}.Release|Any CPU.Build.0 = Release|Any CPU
		{120787D5-7F73-4495-A620-32EC2E3D2CFC}.Debug|Any CPU.ActiveCfg = Debug|Any CPU
		{120787D5-7F73-4495-A620-32EC2E3D2CFC}.Debug|Any CPU.Build.0 = Debug|Any CPU
		{120787D5-7F73-4495-A620-32EC2E3D2CFC}.Release|Any CPU.ActiveCfg = Release|Any CPU
		{120787D5-7F73-4495-A620-32EC2E3D2CFC}.Release|Any CPU.Build.0 = Release|Any CPU
		{7A32C255-10E6-4C72-ADF6-672906B85373}.Debug|Any CPU.ActiveCfg = Debug|Any CPU
		{7A32C255-10E6-4C72-ADF6-672906B85373}.Debug|Any CPU.Build.0 = Debug|Any CPU
		{7A32C255-10E6-4C72-ADF6-672906B85373}.Release|Any CPU.ActiveCfg = Release|Any CPU
		{7A32C255-10E6-4C72-ADF6-672906B85373}.Release|Any CPU.Build.0 = Release|Any CPU
		{4D340273-C3D9-4C7F-ABCF-F66F6449AAF5}.Debug|Any CPU.ActiveCfg = Debug|Any CPU
		{4D340273-C3D9-4C7F-ABCF-F66F6449AAF5}.Debug|Any CPU.Build.0 = Debug|Any CPU
		{4D340273-C3D9-4C7F-ABCF-F66F6449AAF5}.Release|Any CPU.ActiveCfg = Release|Any CPU
		{4D340273-C3D9-4C7F-ABCF-F66F6449AAF5}.Release|Any CPU.Build.0 = Release|Any CPU
		{C2417BC6-FBF7-42AB-A60E-2FFF3BE044F1}.Debug|Any CPU.ActiveCfg = Debug|Any CPU
		{C2417BC6-FBF7-42AB-A60E-2FFF3BE044F1}.Debug|Any CPU.Build.0 = Debug|Any CPU
		{C2417BC6-FBF7-42AB-A60E-2FFF3BE044F1}.Release|Any CPU.ActiveCfg = Release|Any CPU
		{C2417BC6-FBF7-42AB-A60E-2FFF3BE044F1}.Release|Any CPU.Build.0 = Release|Any CPU
		{DB2F0863-FDD0-4093-9870-A5E5BCB972E0}.Debug|Any CPU.ActiveCfg = Debug|Any CPU
		{DB2F0863-FDD0-4093-9870-A5E5BCB972E0}.Debug|Any CPU.Build.0 = Debug|Any CPU
		{DB2F0863-FDD0-4093-9870-A5E5BCB972E0}.Release|Any CPU.ActiveCfg = Release|Any CPU
		{DB2F0863-FDD0-4093-9870-A5E5BCB972E0}.Release|Any CPU.Build.0 = Release|Any CPU
		{3EFCED33-0CAF-4020-B21C-19AAB20911D7}.Debug|Any CPU.ActiveCfg = Debug|Any CPU
		{3EFCED33-0CAF-4020-B21C-19AAB20911D7}.Debug|Any CPU.Build.0 = Debug|Any CPU
		{3EFCED33-0CAF-4020-B21C-19AAB20911D7}.Release|Any CPU.ActiveCfg = Release|Any CPU
		{3EFCED33-0CAF-4020-B21C-19AAB20911D7}.Release|Any CPU.Build.0 = Release|Any CPU
		{F0A8B18C-0BAF-451A-AD1E-26A075BD8FE6}.Debug|Any CPU.ActiveCfg = Debug|Any CPU
		{F0A8B18C-0BAF-451A-AD1E-26A075BD8FE6}.Debug|Any CPU.Build.0 = Debug|Any CPU
		{F0A8B18C-0BAF-451A-AD1E-26A075BD8FE6}.Release|Any CPU.ActiveCfg = Release|Any CPU
		{F0A8B18C-0BAF-451A-AD1E-26A075BD8FE6}.Release|Any CPU.Build.0 = Release|Any CPU
		{3A7AF675-BF76-4B10-8623-3E114DEB6C98}.Debug|Any CPU.ActiveCfg = Debug|Any CPU
		{3A7AF675-BF76-4B10-8623-3E114DEB6C98}.Debug|Any CPU.Build.0 = Debug|Any CPU
		{3A7AF675-BF76-4B10-8623-3E114DEB6C98}.Release|Any CPU.ActiveCfg = Release|Any CPU
		{3A7AF675-BF76-4B10-8623-3E114DEB6C98}.Release|Any CPU.Build.0 = Release|Any CPU
		{EF6DCDC1-04BE-4F52-8BF6-E65048E9B093}.Debug|Any CPU.ActiveCfg = Debug|Any CPU
		{EF6DCDC1-04BE-4F52-8BF6-E65048E9B093}.Debug|Any CPU.Build.0 = Debug|Any CPU
		{EF6DCDC1-04BE-4F52-8BF6-E65048E9B093}.Release|Any CPU.ActiveCfg = Release|Any CPU
		{EF6DCDC1-04BE-4F52-8BF6-E65048E9B093}.Release|Any CPU.Build.0 = Release|Any CPU
		{97744164-BFA8-40F0-9EE4-557699163B3C}.Debug|Any CPU.ActiveCfg = Debug|Any CPU
		{97744164-BFA8-40F0-9EE4-557699163B3C}.Debug|Any CPU.Build.0 = Debug|Any CPU
		{97744164-BFA8-40F0-9EE4-557699163B3C}.Release|Any CPU.ActiveCfg = Release|Any CPU
		{97744164-BFA8-40F0-9EE4-557699163B3C}.Release|Any CPU.Build.0 = Release|Any CPU
		{A58E9AE2-CE6F-4384-8F93-782E0AE338AB}.Debug|Any CPU.ActiveCfg = Debug|Any CPU
		{A58E9AE2-CE6F-4384-8F93-782E0AE338AB}.Debug|Any CPU.Build.0 = Debug|Any CPU
		{A58E9AE2-CE6F-4384-8F93-782E0AE338AB}.Release|Any CPU.ActiveCfg = Release|Any CPU
		{A58E9AE2-CE6F-4384-8F93-782E0AE338AB}.Release|Any CPU.Build.0 = Release|Any CPU
		{113714D2-3830-4B34-B978-0DC3DCD2258B}.Debug|Any CPU.ActiveCfg = Debug|Any CPU
		{113714D2-3830-4B34-B978-0DC3DCD2258B}.Debug|Any CPU.Build.0 = Debug|Any CPU
		{113714D2-3830-4B34-B978-0DC3DCD2258B}.Release|Any CPU.ActiveCfg = Release|Any CPU
		{113714D2-3830-4B34-B978-0DC3DCD2258B}.Release|Any CPU.Build.0 = Release|Any CPU
		{6205D116-89D5-485D-B59E-D13FEE3316EB}.Debug|Any CPU.ActiveCfg = Debug|Any CPU
		{6205D116-89D5-485D-B59E-D13FEE3316EB}.Debug|Any CPU.Build.0 = Debug|Any CPU
		{6205D116-89D5-485D-B59E-D13FEE3316EB}.Release|Any CPU.ActiveCfg = Release|Any CPU
		{6205D116-89D5-485D-B59E-D13FEE3316EB}.Release|Any CPU.Build.0 = Release|Any CPU
		{64053DD9-F462-43AD-A2B3-624E9BB82A4A}.Debug|Any CPU.ActiveCfg = Debug|Any CPU
		{64053DD9-F462-43AD-A2B3-624E9BB82A4A}.Debug|Any CPU.Build.0 = Debug|Any CPU
		{64053DD9-F462-43AD-A2B3-624E9BB82A4A}.Release|Any CPU.ActiveCfg = Release|Any CPU
		{64053DD9-F462-43AD-A2B3-624E9BB82A4A}.Release|Any CPU.Build.0 = Release|Any CPU
		{9C87F6A7-CBEA-4673-8FBA-C7A73F3E09CE}.Debug|Any CPU.ActiveCfg = Debug|Any CPU
		{9C87F6A7-CBEA-4673-8FBA-C7A73F3E09CE}.Debug|Any CPU.Build.0 = Debug|Any CPU
		{9C87F6A7-CBEA-4673-8FBA-C7A73F3E09CE}.Release|Any CPU.ActiveCfg = Release|Any CPU
		{9C87F6A7-CBEA-4673-8FBA-C7A73F3E09CE}.Release|Any CPU.Build.0 = Release|Any CPU
		{187FBE18-8517-45C5-B2BB-CA96B8E8EE7D}.Debug|Any CPU.ActiveCfg = Debug|Any CPU
		{187FBE18-8517-45C5-B2BB-CA96B8E8EE7D}.Debug|Any CPU.Build.0 = Debug|Any CPU
		{187FBE18-8517-45C5-B2BB-CA96B8E8EE7D}.Release|Any CPU.ActiveCfg = Release|Any CPU
		{187FBE18-8517-45C5-B2BB-CA96B8E8EE7D}.Release|Any CPU.Build.0 = Release|Any CPU
		{DB24B573-899C-40EB-99A6-92681230D39C}.Debug|Any CPU.ActiveCfg = Debug|Any CPU
		{DB24B573-899C-40EB-99A6-92681230D39C}.Debug|Any CPU.Build.0 = Debug|Any CPU
		{DB24B573-899C-40EB-99A6-92681230D39C}.Release|Any CPU.ActiveCfg = Release|Any CPU
		{DB24B573-899C-40EB-99A6-92681230D39C}.Release|Any CPU.Build.0 = Release|Any CPU
		{6EF7BBB2-3A51-4BD8-9A0F-FEF608688723}.Debug|Any CPU.ActiveCfg = Debug|Any CPU
		{6EF7BBB2-3A51-4BD8-9A0F-FEF608688723}.Debug|Any CPU.Build.0 = Debug|Any CPU
		{6EF7BBB2-3A51-4BD8-9A0F-FEF608688723}.Release|Any CPU.ActiveCfg = Release|Any CPU
		{6EF7BBB2-3A51-4BD8-9A0F-FEF608688723}.Release|Any CPU.Build.0 = Release|Any CPU
		{C988FDFE-6F23-4B58-9074-14158E2675C6}.Debug|Any CPU.ActiveCfg = Debug|Any CPU
		{C988FDFE-6F23-4B58-9074-14158E2675C6}.Debug|Any CPU.Build.0 = Debug|Any CPU
		{C988FDFE-6F23-4B58-9074-14158E2675C6}.Release|Any CPU.ActiveCfg = Release|Any CPU
		{C988FDFE-6F23-4B58-9074-14158E2675C6}.Release|Any CPU.Build.0 = Release|Any CPU
		{C3C54A23-1322-42FF-A9F2-822A3669DA8C}.Debug|Any CPU.ActiveCfg = Debug|Any CPU
		{C3C54A23-1322-42FF-A9F2-822A3669DA8C}.Debug|Any CPU.Build.0 = Debug|Any CPU
		{C3C54A23-1322-42FF-A9F2-822A3669DA8C}.Release|Any CPU.ActiveCfg = Release|Any CPU
		{C3C54A23-1322-42FF-A9F2-822A3669DA8C}.Release|Any CPU.Build.0 = Release|Any CPU
		{6150DC4A-316B-4CCA-99DB-233BEE2EBCED}.Debug|Any CPU.ActiveCfg = Debug|Any CPU
		{6150DC4A-316B-4CCA-99DB-233BEE2EBCED}.Debug|Any CPU.Build.0 = Debug|Any CPU
		{6150DC4A-316B-4CCA-99DB-233BEE2EBCED}.Release|Any CPU.ActiveCfg = Release|Any CPU
		{6150DC4A-316B-4CCA-99DB-233BEE2EBCED}.Release|Any CPU.Build.0 = Release|Any CPU
		{AAE0DAEC-2236-42F4-9B03-146848FDA49D}.Debug|Any CPU.ActiveCfg = Debug|Any CPU
		{AAE0DAEC-2236-42F4-9B03-146848FDA49D}.Debug|Any CPU.Build.0 = Debug|Any CPU
		{AAE0DAEC-2236-42F4-9B03-146848FDA49D}.Release|Any CPU.ActiveCfg = Release|Any CPU
		{AAE0DAEC-2236-42F4-9B03-146848FDA49D}.Release|Any CPU.Build.0 = Release|Any CPU
		{931329EE-7C87-4FC5-B4D0-CD904E65E544}.Debug|Any CPU.ActiveCfg = Debug|Any CPU
		{931329EE-7C87-4FC5-B4D0-CD904E65E544}.Debug|Any CPU.Build.0 = Debug|Any CPU
		{931329EE-7C87-4FC5-B4D0-CD904E65E544}.Release|Any CPU.ActiveCfg = Release|Any CPU
		{931329EE-7C87-4FC5-B4D0-CD904E65E544}.Release|Any CPU.Build.0 = Release|Any CPU
		{CFA9BE95-64C2-4563-A685-B89482B6718D}.Debug|Any CPU.ActiveCfg = Debug|Any CPU
		{CFA9BE95-64C2-4563-A685-B89482B6718D}.Debug|Any CPU.Build.0 = Debug|Any CPU
		{CFA9BE95-64C2-4563-A685-B89482B6718D}.Release|Any CPU.ActiveCfg = Release|Any CPU
		{CFA9BE95-64C2-4563-A685-B89482B6718D}.Release|Any CPU.Build.0 = Release|Any CPU
		{FCED4F2F-4C0C-4BC0-962C-AE41C31C5FF6}.Debug|Any CPU.ActiveCfg = Debug|Any CPU
		{FCED4F2F-4C0C-4BC0-962C-AE41C31C5FF6}.Debug|Any CPU.Build.0 = Debug|Any CPU
		{FCED4F2F-4C0C-4BC0-962C-AE41C31C5FF6}.Release|Any CPU.ActiveCfg = Release|Any CPU
		{FCED4F2F-4C0C-4BC0-962C-AE41C31C5FF6}.Release|Any CPU.Build.0 = Release|Any CPU
		{8D9DD880-F206-445C-8771-58C195EC4F7E}.Debug|Any CPU.ActiveCfg = Debug|Any CPU
		{8D9DD880-F206-445C-8771-58C195EC4F7E}.Debug|Any CPU.Build.0 = Debug|Any CPU
		{8D9DD880-F206-445C-8771-58C195EC4F7E}.Release|Any CPU.ActiveCfg = Release|Any CPU
		{8D9DD880-F206-445C-8771-58C195EC4F7E}.Release|Any CPU.Build.0 = Release|Any CPU
		{677C7664-D25B-4575-81C4-B5D5363C0940}.Debug|Any CPU.ActiveCfg = Debug|Any CPU
		{677C7664-D25B-4575-81C4-B5D5363C0940}.Debug|Any CPU.Build.0 = Debug|Any CPU
		{677C7664-D25B-4575-81C4-B5D5363C0940}.Release|Any CPU.ActiveCfg = Release|Any CPU
		{677C7664-D25B-4575-81C4-B5D5363C0940}.Release|Any CPU.Build.0 = Release|Any CPU
		{7DB17F4D-3722-4B7C-A39F-14B90E8B741F}.Debug|Any CPU.ActiveCfg = Debug|Any CPU
		{7DB17F4D-3722-4B7C-A39F-14B90E8B741F}.Debug|Any CPU.Build.0 = Debug|Any CPU
		{7DB17F4D-3722-4B7C-A39F-14B90E8B741F}.Release|Any CPU.ActiveCfg = Release|Any CPU
		{7DB17F4D-3722-4B7C-A39F-14B90E8B741F}.Release|Any CPU.Build.0 = Release|Any CPU
		{62563496-22D6-42EE-A11C-892A2C27BE1F}.Debug|Any CPU.ActiveCfg = Debug|Any CPU
		{62563496-22D6-42EE-A11C-892A2C27BE1F}.Debug|Any CPU.Build.0 = Debug|Any CPU
		{62563496-22D6-42EE-A11C-892A2C27BE1F}.Release|Any CPU.ActiveCfg = Release|Any CPU
		{62563496-22D6-42EE-A11C-892A2C27BE1F}.Release|Any CPU.Build.0 = Release|Any CPU
	EndGlobalSection
	GlobalSection(SolutionProperties) = preSolution
		HideSolutionNode = FALSE
	EndGlobalSection
	GlobalSection(NestedProjects) = preSolution
		{9DABA17E-FEAD-4762-9295-49C125DCFAC9} = {EDA3626A-3E3A-433B-A4E9-4B68918F3036}
		{62ED1991-2A45-4A71-9B6A-05829CBEE5F8} = {A0B7B88E-119E-4B41-A81D-E824392DD4D4}
		{32C94732-069F-4D86-B527-6B9D78AFA2D0} = {A0B7B88E-119E-4B41-A81D-E824392DD4D4}
		{75EC9016-D2E9-46D8-A474-58DFBA4135AE} = {EDA3626A-3E3A-433B-A4E9-4B68918F3036}
		{C61F8632-0891-4900-9558-E0E8D3ADAE3E} = {A0B7B88E-119E-4B41-A81D-E824392DD4D4}
		{07233303-D86E-430A-A42A-A7519E2CC642} = {A0B7B88E-119E-4B41-A81D-E824392DD4D4}
		{40B5D8E9-5344-4608-8758-C685D1D0A0EC} = {A0B7B88E-119E-4B41-A81D-E824392DD4D4}
		{4B886269-4580-40C0-84CD-4FC8C838B329} = {A0B7B88E-119E-4B41-A81D-E824392DD4D4}
		{F034BBB5-1BB3-4B4C-BA7C-06DFF68F4DA4} = {A0B7B88E-119E-4B41-A81D-E824392DD4D4}
		{7962E4E6-87B2-48AC-B5E3-49E43878D630} = {A0B7B88E-119E-4B41-A81D-E824392DD4D4}
		{9718B0C0-99C0-490C-922E-93C9DA7CBCB9} = {A0B7B88E-119E-4B41-A81D-E824392DD4D4}
		{747941FA-4A65-4696-952A-6274A233ED57} = {A0B7B88E-119E-4B41-A81D-E824392DD4D4}
		{1D4DEFCB-9B03-4D50-9FDE-8035B5CC4310} = {A0B7B88E-119E-4B41-A81D-E824392DD4D4}
		{BE33D81B-1B31-4FA1-B7CB-B5E29D470728} = {A0B7B88E-119E-4B41-A81D-E824392DD4D4}
		{A2FE6676-BE6F-4EBC-9261-F27A7E8A8510} = {A0B7B88E-119E-4B41-A81D-E824392DD4D4}
		{ACE43C6B-A006-4E01-8D90-CC566C83FFE3} = {8C39850E-EB98-4D1F-B961-FBF7FF98049E}
		{0AB24952-57D0-4772-A7C8-08F945BC9758} = {8C39850E-EB98-4D1F-B961-FBF7FF98049E}
		{F4443DD5-05C7-4DE0-9957-DF80225D806C} = {A0B7B88E-119E-4B41-A81D-E824392DD4D4}
		{6AD8EB9C-EAD7-43EB-AD31-033FF126D16B} = {A0B7B88E-119E-4B41-A81D-E824392DD4D4}
		{48C2582C-3A41-4765-BE41-ED6C0DE0FBD8} = {A0B7B88E-119E-4B41-A81D-E824392DD4D4}
		{D0C2E99C-BBD2-4C1F-B221-50EAF9756A68} = {EDA3626A-3E3A-433B-A4E9-4B68918F3036}
		{8A239DE4-4F9D-4582-9899-40A5DC96846D} = {A0B7B88E-119E-4B41-A81D-E824392DD4D4}
		{59081EC7-F79E-40BE-991B-62DCC88ACD29} = {EDA3626A-3E3A-433B-A4E9-4B68918F3036}
		{26EBD1FC-D699-4928-B7A3-BE8734BB4EF1} = {EDA3626A-3E3A-433B-A4E9-4B68918F3036}
		{911F0CE8-3676-42F0-8CA1-BBF677732C82} = {EDA3626A-3E3A-433B-A4E9-4B68918F3036}
		{C870AC3C-8261-4807-AC30-DBEC8C89DCB7} = {EDA3626A-3E3A-433B-A4E9-4B68918F3036}
		{FCB5FAFB-3F8E-4772-A644-39A75705469F} = {C870AC3C-8261-4807-AC30-DBEC8C89DCB7}
		{6D32026F-81E0-438A-916F-C75F288947C7} = {EDA3626A-3E3A-433B-A4E9-4B68918F3036}
		{E277E36D-3FA8-4EF1-B64F-132D2B88897A} = {EDA3626A-3E3A-433B-A4E9-4B68918F3036}
		{CD60A2F0-2F2E-48EF-BD18-ABF33EED0E23} = {EDA3626A-3E3A-433B-A4E9-4B68918F3036}
		{1C16516C-6ED3-41F8-B9BC-7187A2427D17} = {EDA3626A-3E3A-433B-A4E9-4B68918F3036}
		{B6CE0F57-27E4-4BD1-A3E9-1A9931D490CA} = {EDA3626A-3E3A-433B-A4E9-4B68918F3036}
		{9A23A983-8B7E-4721-9EC9-6163897EDD39} = {EDA3626A-3E3A-433B-A4E9-4B68918F3036}
		{A0BA74B4-9146-46AA-A438-C84F7E89D928} = {EDA3626A-3E3A-433B-A4E9-4B68918F3036}
		{860941F7-A92F-4DD2-9037-28FD76674E0F} = {C870AC3C-8261-4807-AC30-DBEC8C89DCB7}
		{009F5E81-CD4E-49C0-B705-2DD3A3346B89} = {A0B7B88E-119E-4B41-A81D-E824392DD4D4}
		{DBDE11E8-FD3E-4A8A-8F1D-872BA454DD0B} = {009F5E81-CD4E-49C0-B705-2DD3A3346B89}
		{5AACE81D-DFC3-4B11-8F33-E004916DFC3D} = {A0B7B88E-119E-4B41-A81D-E824392DD4D4}
		{BD1FFE7D-24CE-4E88-AEA2-7C6B556A21BA} = {EDA3626A-3E3A-433B-A4E9-4B68918F3036}
		{C7A8AAB5-211C-4457-87BD-38D100904542} = {C870AC3C-8261-4807-AC30-DBEC8C89DCB7}
		{BF1BE2B8-1259-475A-A08C-02934BEB6472} = {EDA3626A-3E3A-433B-A4E9-4B68918F3036}
		{9DDD2B69-B7C8-4D8D-8C5B-AEA4C9334CCE} = {EDA3626A-3E3A-433B-A4E9-4B68918F3036}
		{69784ECC-9439-4905-B964-46BEC3521595} = {A0B7B88E-119E-4B41-A81D-E824392DD4D4}
		{120787D5-7F73-4495-A620-32EC2E3D2CFC} = {EDA3626A-3E3A-433B-A4E9-4B68918F3036}
		{7A32C255-10E6-4C72-ADF6-672906B85373} = {A0B7B88E-119E-4B41-A81D-E824392DD4D4}
		{4D340273-C3D9-4C7F-ABCF-F66F6449AAF5} = {EDA3626A-3E3A-433B-A4E9-4B68918F3036}
		{C2417BC6-FBF7-42AB-A60E-2FFF3BE044F1} = {A0B7B88E-119E-4B41-A81D-E824392DD4D4}
		{DB2F0863-FDD0-4093-9870-A5E5BCB972E0} = {C870AC3C-8261-4807-AC30-DBEC8C89DCB7}
		{3EFCED33-0CAF-4020-B21C-19AAB20911D7} = {C870AC3C-8261-4807-AC30-DBEC8C89DCB7}
		{F0A8B18C-0BAF-451A-AD1E-26A075BD8FE6} = {EDA3626A-3E3A-433B-A4E9-4B68918F3036}
		{3A7AF675-BF76-4B10-8623-3E114DEB6C98} = {A0B7B88E-119E-4B41-A81D-E824392DD4D4}
		{EF6DCDC1-04BE-4F52-8BF6-E65048E9B093} = {A0B7B88E-119E-4B41-A81D-E824392DD4D4}
		{97744164-BFA8-40F0-9EE4-557699163B3C} = {A0B7B88E-119E-4B41-A81D-E824392DD4D4}
		{A58E9AE2-CE6F-4384-8F93-782E0AE338AB} = {A0B7B88E-119E-4B41-A81D-E824392DD4D4}
		{113714D2-3830-4B34-B978-0DC3DCD2258B} = {A0B7B88E-119E-4B41-A81D-E824392DD4D4}
		{6205D116-89D5-485D-B59E-D13FEE3316EB} = {C870AC3C-8261-4807-AC30-DBEC8C89DCB7}
		{64053DD9-F462-43AD-A2B3-624E9BB82A4A} = {EDA3626A-3E3A-433B-A4E9-4B68918F3036}
		{9C87F6A7-CBEA-4673-8FBA-C7A73F3E09CE} = {A0B7B88E-119E-4B41-A81D-E824392DD4D4}
		{187FBE18-8517-45C5-B2BB-CA96B8E8EE7D} = {EDA3626A-3E3A-433B-A4E9-4B68918F3036}
		{DB24B573-899C-40EB-99A6-92681230D39C} = {8C39850E-EB98-4D1F-B961-FBF7FF98049E}
		{6EF7BBB2-3A51-4BD8-9A0F-FEF608688723} = {8C39850E-EB98-4D1F-B961-FBF7FF98049E}
		{C988FDFE-6F23-4B58-9074-14158E2675C6} = {A0B7B88E-119E-4B41-A81D-E824392DD4D4}
		{C3C54A23-1322-42FF-A9F2-822A3669DA8C} = {EDA3626A-3E3A-433B-A4E9-4B68918F3036}
		{6150DC4A-316B-4CCA-99DB-233BEE2EBCED} = {C870AC3C-8261-4807-AC30-DBEC8C89DCB7}
		{AAE0DAEC-2236-42F4-9B03-146848FDA49D} = {EDA3626A-3E3A-433B-A4E9-4B68918F3036}
		{931329EE-7C87-4FC5-B4D0-CD904E65E544} = {A0B7B88E-119E-4B41-A81D-E824392DD4D4}
		{CFA9BE95-64C2-4563-A685-B89482B6718D} = {A0B7B88E-119E-4B41-A81D-E824392DD4D4}
		{FCED4F2F-4C0C-4BC0-962C-AE41C31C5FF6} = {EDA3626A-3E3A-433B-A4E9-4B68918F3036}
		{8D9DD880-F206-445C-8771-58C195EC4F7E} = {EDA3626A-3E3A-433B-A4E9-4B68918F3036}
		{677C7664-D25B-4575-81C4-B5D5363C0940} = {EDA3626A-3E3A-433B-A4E9-4B68918F3036}
		{7DB17F4D-3722-4B7C-A39F-14B90E8B741F} = {500DB58B-23D9-4BBC-9D6D-BE5DA70366C1}
		{62563496-22D6-42EE-A11C-892A2C27BE1F} = {EDA3626A-3E3A-433B-A4E9-4B68918F3036}
	EndGlobalSection
	GlobalSection(ExtensibilityGlobals) = postSolution
		SolutionGuid = {CE0FF4C1-CD95-4A8E-9C41-A295C85BB9C3}
	EndGlobalSection
EndGlobal
