
Microsoft Visual Studio Solution File, Format Version 12.00
# Visual Studio Version 17
VisualStudioVersion = 17.6.33712.159
MinimumVisualStudioVersion = 10.0.40219.1
Project("{9A19103F-16F7-4668-BE54-9A1E7A4F7556}") = "RedditPodcastPoster", "RedditPodcastPoster\RedditPodcastPoster.csproj", "{C39F980E-0FCC-4630-938A-9A1BAB5CF6A7}"
EndProject
Project("{9A19103F-16F7-4668-BE54-9A1E7A4F7556}") = "RedditPodcastPoster.Common", "RedditPodcastPoster.Common\RedditPodcastPoster.Common.csproj", "{9DABA17E-FEAD-4762-9295-49C125DCFAC9}"
EndProject
Project("{2150E333-8FDC-42A3-9474-1A3956D46DE8}") = "Documentation", "Documentation", "{12DB97D3-DC8F-4BD6-994D-EF13920EC12D}"
	ProjectSection(SolutionItems) = preProject
		README.md = README.md
	EndProjectSection
EndProject
Project("{9A19103F-16F7-4668-BE54-9A1E7A4F7556}") = "RedditPodcastPoster.Common.Tests", "RedditPodcastPoster.Common.Tests\RedditPodcastPoster.Common.Tests.csproj", "{577AD099-5D35-441E-B02F-06D2180EFE55}"
EndProject
Project("{9A19103F-16F7-4668-BE54-9A1E7A4F7556}") = "YouTubeChannelIdSearch", "YouTubeChannelIdSearch\YouTubeChannelIdSearch.csproj", "{62ED1991-2A45-4A71-9B6A-05829CBEE5F8}"
EndProject
Project("{9A19103F-16F7-4668-BE54-9A1E7A4F7556}") = "ApplePodcastEpisodeEnricher", "ApplePodcastEpisodeEnricher\ApplePodcastEpisodeEnricher.csproj", "{32C94732-069F-4D86-B527-6B9D78AFA2D0}"
EndProject
Project("{9A19103F-16F7-4668-BE54-9A1E7A4F7556}") = "RedditPodcastPoster.Models", "RedditPodcastPoster.Models\RedditPodcastPoster.Models.csproj", "{75EC9016-D2E9-46D8-A474-58DFBA4135AE}"
EndProject
Project("{9A19103F-16F7-4668-BE54-9A1E7A4F7556}") = "RedditPodcastPoster.ModelTransformer", "RedditPodcastPoster.ModelTransformer\RedditPodcastPoster.ModelTransformer.csproj", "{C61F8632-0891-4900-9558-E0E8D3ADAE3E}"
EndProject
Project("{9A19103F-16F7-4668-BE54-9A1E7A4F7556}") = "RedditPodcastPoster.CosmosDbUploader", "RedditPodcastPoster.CosmosDbUploader\RedditPodcastPoster.CosmosDbUploader.csproj", "{07233303-D86E-430A-A42A-A7519E2CC642}"
EndProject
Project("{9A19103F-16F7-4668-BE54-9A1E7A4F7556}") = "RedditPodcastPoster.CosmosDbDownloader", "RedditPodcastPoster.CosmosDbDownloader\RedditPodcastPoster.CosmosDbDownloader.csproj", "{40B5D8E9-5344-4608-8758-C685D1D0A0EC}"
EndProject
Project("{9A19103F-16F7-4668-BE54-9A1E7A4F7556}") = "RedditPodcastPoster.CosmosDbFixer", "RedditPodcastPoster.CosmosDbFixer\RedditPodcastPoster.CosmosDbFixer.csproj", "{4B886269-4580-40C0-84CD-4FC8C838B329}"
EndProject
Project("{2150E333-8FDC-42A3-9474-1A3956D46DE8}") = "Model Tools", "Model Tools", "{A0B7B88E-119E-4B41-A81D-E824392DD4D4}"
EndProject
Project("{9A19103F-16F7-4668-BE54-9A1E7A4F7556}") = "RedditPodcastPoster.EnrichEpisodesFromPostFlare", "RedditPodcastPoster.EnrichEpisodesFromPostFlare\RedditPodcastPoster.EnrichEpisodesFromPostFlare.csproj", "{F034BBB5-1BB3-4B4C-BA7C-06DFF68F4DA4}"
EndProject
Project("{9A19103F-16F7-4668-BE54-9A1E7A4F7556}") = "CultPodcasts.DatabasePublisher", "CultPodcasts.DatabasePublisher\CultPodcasts.DatabasePublisher.csproj", "{7962E4E6-87B2-48AC-B5E3-49E43878D630}"
EndProject
Project("{9A19103F-16F7-4668-BE54-9A1E7A4F7556}") = "AddAudioPodcast", "AddAudioPodcast\AddAudioPodcast.csproj", "{9718B0C0-99C0-490C-922E-93C9DA7CBCB9}"
EndProject
Project("{9A19103F-16F7-4668-BE54-9A1E7A4F7556}") = "EnrichYouTubeOnlyPodcasts", "EnrichYouTubeOnlyPodcasts\EnrichYouTubeOnlyPodcasts.csproj", "{747941FA-4A65-4696-952A-6274A233ED57}"
EndProject
Project("{9A19103F-16F7-4668-BE54-9A1E7A4F7556}") = "SeedEliminationTerms", "SeedEliminationTerms\SeedEliminationTerms.csproj", "{1D4DEFCB-9B03-4D50-9FDE-8035B5CC4310}"
EndProject
Project("{9A19103F-16F7-4668-BE54-9A1E7A4F7556}") = "SubmitUrl", "SubmitUrl\SubmitUrl.csproj", "{BE33D81B-1B31-4FA1-B7CB-B5E29D470728}"
EndProject
Project("{2150E333-8FDC-42A3-9474-1A3956D46DE8}") = "Azure", "Azure", "{8C39850E-EB98-4D1F-B961-FBF7FF98049E}"
EndProject
Project("{9A19103F-16F7-4668-BE54-9A1E7A4F7556}") = "Indexer", "Indexer\Indexer.csproj", "{425D3FF0-8C4C-490E-AC3C-DBB3F1892DD9}"
EndProject
Project("{9A19103F-16F7-4668-BE54-9A1E7A4F7556}") = "Sqllite3DatabasePublisher", "Sqllite3DatabasePublisher\Sqllite3DatabasePublisher.csproj", "{A2FE6676-BE6F-4EBC-9261-F27A7E8A8510}"
EndProject
Project("{FAE04EC0-301F-11D3-BF4B-00C04F79EFBC}") = "Azure", "Azure\Azure.csproj", "{922149E7-D3E3-4FD7-BBEB-315C08A9583A}"
EndProject
Project("{FAE04EC0-301F-11D3-BF4B-00C04F79EFBC}") = "Poster", "Poster\Poster.csproj", "{6822E116-CD59-4906-BEAB-6100DF377440}"
EndProject
Global
	GlobalSection(SolutionConfigurationPlatforms) = preSolution
		Debug|Any CPU = Debug|Any CPU
		Release|Any CPU = Release|Any CPU
	EndGlobalSection
	GlobalSection(ProjectConfigurationPlatforms) = postSolution
		{C39F980E-0FCC-4630-938A-9A1BAB5CF6A7}.Debug|Any CPU.ActiveCfg = Debug|Any CPU
		{C39F980E-0FCC-4630-938A-9A1BAB5CF6A7}.Debug|Any CPU.Build.0 = Debug|Any CPU
		{C39F980E-0FCC-4630-938A-9A1BAB5CF6A7}.Release|Any CPU.ActiveCfg = Release|Any CPU
		{C39F980E-0FCC-4630-938A-9A1BAB5CF6A7}.Release|Any CPU.Build.0 = Release|Any CPU
		{9DABA17E-FEAD-4762-9295-49C125DCFAC9}.Debug|Any CPU.ActiveCfg = Debug|Any CPU
		{9DABA17E-FEAD-4762-9295-49C125DCFAC9}.Debug|Any CPU.Build.0 = Debug|Any CPU
		{9DABA17E-FEAD-4762-9295-49C125DCFAC9}.Release|Any CPU.ActiveCfg = Release|Any CPU
		{9DABA17E-FEAD-4762-9295-49C125DCFAC9}.Release|Any CPU.Build.0 = Release|Any CPU
		{577AD099-5D35-441E-B02F-06D2180EFE55}.Debug|Any CPU.ActiveCfg = Debug|Any CPU
		{577AD099-5D35-441E-B02F-06D2180EFE55}.Debug|Any CPU.Build.0 = Debug|Any CPU
		{577AD099-5D35-441E-B02F-06D2180EFE55}.Release|Any CPU.ActiveCfg = Release|Any CPU
		{577AD099-5D35-441E-B02F-06D2180EFE55}.Release|Any CPU.Build.0 = Release|Any CPU
		{62ED1991-2A45-4A71-9B6A-05829CBEE5F8}.Debug|Any CPU.ActiveCfg = Debug|Any CPU
		{62ED1991-2A45-4A71-9B6A-05829CBEE5F8}.Debug|Any CPU.Build.0 = Debug|Any CPU
		{62ED1991-2A45-4A71-9B6A-05829CBEE5F8}.Release|Any CPU.ActiveCfg = Release|Any CPU
		{62ED1991-2A45-4A71-9B6A-05829CBEE5F8}.Release|Any CPU.Build.0 = Release|Any CPU
		{32C94732-069F-4D86-B527-6B9D78AFA2D0}.Debug|Any CPU.ActiveCfg = Debug|Any CPU
		{32C94732-069F-4D86-B527-6B9D78AFA2D0}.Debug|Any CPU.Build.0 = Debug|Any CPU
		{32C94732-069F-4D86-B527-6B9D78AFA2D0}.Release|Any CPU.ActiveCfg = Release|Any CPU
		{32C94732-069F-4D86-B527-6B9D78AFA2D0}.Release|Any CPU.Build.0 = Release|Any CPU
		{75EC9016-D2E9-46D8-A474-58DFBA4135AE}.Debug|Any CPU.ActiveCfg = Debug|Any CPU
		{75EC9016-D2E9-46D8-A474-58DFBA4135AE}.Debug|Any CPU.Build.0 = Debug|Any CPU
		{75EC9016-D2E9-46D8-A474-58DFBA4135AE}.Release|Any CPU.ActiveCfg = Release|Any CPU
		{75EC9016-D2E9-46D8-A474-58DFBA4135AE}.Release|Any CPU.Build.0 = Release|Any CPU
		{C61F8632-0891-4900-9558-E0E8D3ADAE3E}.Debug|Any CPU.ActiveCfg = Debug|Any CPU
		{C61F8632-0891-4900-9558-E0E8D3ADAE3E}.Debug|Any CPU.Build.0 = Debug|Any CPU
		{C61F8632-0891-4900-9558-E0E8D3ADAE3E}.Release|Any CPU.ActiveCfg = Release|Any CPU
		{C61F8632-0891-4900-9558-E0E8D3ADAE3E}.Release|Any CPU.Build.0 = Release|Any CPU
		{07233303-D86E-430A-A42A-A7519E2CC642}.Debug|Any CPU.ActiveCfg = Debug|Any CPU
		{07233303-D86E-430A-A42A-A7519E2CC642}.Debug|Any CPU.Build.0 = Debug|Any CPU
		{07233303-D86E-430A-A42A-A7519E2CC642}.Release|Any CPU.ActiveCfg = Release|Any CPU
		{07233303-D86E-430A-A42A-A7519E2CC642}.Release|Any CPU.Build.0 = Release|Any CPU
		{40B5D8E9-5344-4608-8758-C685D1D0A0EC}.Debug|Any CPU.ActiveCfg = Debug|Any CPU
		{40B5D8E9-5344-4608-8758-C685D1D0A0EC}.Debug|Any CPU.Build.0 = Debug|Any CPU
		{40B5D8E9-5344-4608-8758-C685D1D0A0EC}.Release|Any CPU.ActiveCfg = Release|Any CPU
		{40B5D8E9-5344-4608-8758-C685D1D0A0EC}.Release|Any CPU.Build.0 = Release|Any CPU
		{4B886269-4580-40C0-84CD-4FC8C838B329}.Debug|Any CPU.ActiveCfg = Debug|Any CPU
		{4B886269-4580-40C0-84CD-4FC8C838B329}.Debug|Any CPU.Build.0 = Debug|Any CPU
		{4B886269-4580-40C0-84CD-4FC8C838B329}.Release|Any CPU.ActiveCfg = Release|Any CPU
		{4B886269-4580-40C0-84CD-4FC8C838B329}.Release|Any CPU.Build.0 = Release|Any CPU
		{F034BBB5-1BB3-4B4C-BA7C-06DFF68F4DA4}.Debug|Any CPU.ActiveCfg = Debug|Any CPU
		{F034BBB5-1BB3-4B4C-BA7C-06DFF68F4DA4}.Debug|Any CPU.Build.0 = Debug|Any CPU
		{F034BBB5-1BB3-4B4C-BA7C-06DFF68F4DA4}.Release|Any CPU.ActiveCfg = Release|Any CPU
		{F034BBB5-1BB3-4B4C-BA7C-06DFF68F4DA4}.Release|Any CPU.Build.0 = Release|Any CPU
		{7962E4E6-87B2-48AC-B5E3-49E43878D630}.Debug|Any CPU.ActiveCfg = Debug|Any CPU
		{7962E4E6-87B2-48AC-B5E3-49E43878D630}.Debug|Any CPU.Build.0 = Debug|Any CPU
		{7962E4E6-87B2-48AC-B5E3-49E43878D630}.Release|Any CPU.ActiveCfg = Release|Any CPU
		{7962E4E6-87B2-48AC-B5E3-49E43878D630}.Release|Any CPU.Build.0 = Release|Any CPU
		{9718B0C0-99C0-490C-922E-93C9DA7CBCB9}.Debug|Any CPU.ActiveCfg = Debug|Any CPU
		{9718B0C0-99C0-490C-922E-93C9DA7CBCB9}.Debug|Any CPU.Build.0 = Debug|Any CPU
		{9718B0C0-99C0-490C-922E-93C9DA7CBCB9}.Release|Any CPU.ActiveCfg = Release|Any CPU
		{9718B0C0-99C0-490C-922E-93C9DA7CBCB9}.Release|Any CPU.Build.0 = Release|Any CPU
		{747941FA-4A65-4696-952A-6274A233ED57}.Debug|Any CPU.ActiveCfg = Debug|Any CPU
		{747941FA-4A65-4696-952A-6274A233ED57}.Debug|Any CPU.Build.0 = Debug|Any CPU
		{747941FA-4A65-4696-952A-6274A233ED57}.Release|Any CPU.ActiveCfg = Release|Any CPU
		{747941FA-4A65-4696-952A-6274A233ED57}.Release|Any CPU.Build.0 = Release|Any CPU
		{1D4DEFCB-9B03-4D50-9FDE-8035B5CC4310}.Debug|Any CPU.ActiveCfg = Debug|Any CPU
		{1D4DEFCB-9B03-4D50-9FDE-8035B5CC4310}.Debug|Any CPU.Build.0 = Debug|Any CPU
		{1D4DEFCB-9B03-4D50-9FDE-8035B5CC4310}.Release|Any CPU.ActiveCfg = Release|Any CPU
		{1D4DEFCB-9B03-4D50-9FDE-8035B5CC4310}.Release|Any CPU.Build.0 = Release|Any CPU
		{BE33D81B-1B31-4FA1-B7CB-B5E29D470728}.Debug|Any CPU.ActiveCfg = Debug|Any CPU
		{BE33D81B-1B31-4FA1-B7CB-B5E29D470728}.Debug|Any CPU.Build.0 = Debug|Any CPU
		{BE33D81B-1B31-4FA1-B7CB-B5E29D470728}.Release|Any CPU.ActiveCfg = Release|Any CPU
		{BE33D81B-1B31-4FA1-B7CB-B5E29D470728}.Release|Any CPU.Build.0 = Release|Any CPU
		{425D3FF0-8C4C-490E-AC3C-DBB3F1892DD9}.Debug|Any CPU.ActiveCfg = Debug|Any CPU
		{425D3FF0-8C4C-490E-AC3C-DBB3F1892DD9}.Debug|Any CPU.Build.0 = Debug|Any CPU
		{425D3FF0-8C4C-490E-AC3C-DBB3F1892DD9}.Release|Any CPU.ActiveCfg = Release|Any CPU
		{425D3FF0-8C4C-490E-AC3C-DBB3F1892DD9}.Release|Any CPU.Build.0 = Release|Any CPU
		{A2FE6676-BE6F-4EBC-9261-F27A7E8A8510}.Debug|Any CPU.ActiveCfg = Debug|Any CPU
		{A2FE6676-BE6F-4EBC-9261-F27A7E8A8510}.Debug|Any CPU.Build.0 = Debug|Any CPU
		{A2FE6676-BE6F-4EBC-9261-F27A7E8A8510}.Release|Any CPU.ActiveCfg = Release|Any CPU
		{A2FE6676-BE6F-4EBC-9261-F27A7E8A8510}.Release|Any CPU.Build.0 = Release|Any CPU
		{922149E7-D3E3-4FD7-BBEB-315C08A9583A}.Debug|Any CPU.ActiveCfg = Debug|Any CPU
		{922149E7-D3E3-4FD7-BBEB-315C08A9583A}.Debug|Any CPU.Build.0 = Debug|Any CPU
		{922149E7-D3E3-4FD7-BBEB-315C08A9583A}.Release|Any CPU.ActiveCfg = Release|Any CPU
		{922149E7-D3E3-4FD7-BBEB-315C08A9583A}.Release|Any CPU.Build.0 = Release|Any CPU
		{6822E116-CD59-4906-BEAB-6100DF377440}.Debug|Any CPU.ActiveCfg = Debug|Any CPU
		{6822E116-CD59-4906-BEAB-6100DF377440}.Debug|Any CPU.Build.0 = Debug|Any CPU
		{6822E116-CD59-4906-BEAB-6100DF377440}.Release|Any CPU.ActiveCfg = Release|Any CPU
		{6822E116-CD59-4906-BEAB-6100DF377440}.Release|Any CPU.Build.0 = Release|Any CPU
	EndGlobalSection
	GlobalSection(SolutionProperties) = preSolution
		HideSolutionNode = FALSE
	EndGlobalSection
	GlobalSection(NestedProjects) = preSolution
		{62ED1991-2A45-4A71-9B6A-05829CBEE5F8} = {A0B7B88E-119E-4B41-A81D-E824392DD4D4}
		{32C94732-069F-4D86-B527-6B9D78AFA2D0} = {A0B7B88E-119E-4B41-A81D-E824392DD4D4}
		{C61F8632-0891-4900-9558-E0E8D3ADAE3E} = {A0B7B88E-119E-4B41-A81D-E824392DD4D4}
		{07233303-D86E-430A-A42A-A7519E2CC642} = {A0B7B88E-119E-4B41-A81D-E824392DD4D4}
		{40B5D8E9-5344-4608-8758-C685D1D0A0EC} = {A0B7B88E-119E-4B41-A81D-E824392DD4D4}
		{4B886269-4580-40C0-84CD-4FC8C838B329} = {A0B7B88E-119E-4B41-A81D-E824392DD4D4}
		{F034BBB5-1BB3-4B4C-BA7C-06DFF68F4DA4} = {A0B7B88E-119E-4B41-A81D-E824392DD4D4}
		{7962E4E6-87B2-48AC-B5E3-49E43878D630} = {A0B7B88E-119E-4B41-A81D-E824392DD4D4}
		{9718B0C0-99C0-490C-922E-93C9DA7CBCB9} = {A0B7B88E-119E-4B41-A81D-E824392DD4D4}
		{747941FA-4A65-4696-952A-6274A233ED57} = {A0B7B88E-119E-4B41-A81D-E824392DD4D4}
		{1D4DEFCB-9B03-4D50-9FDE-8035B5CC4310} = {A0B7B88E-119E-4B41-A81D-E824392DD4D4}
		{BE33D81B-1B31-4FA1-B7CB-B5E29D470728} = {A0B7B88E-119E-4B41-A81D-E824392DD4D4}
		{425D3FF0-8C4C-490E-AC3C-DBB3F1892DD9} = {8C39850E-EB98-4D1F-B961-FBF7FF98049E}
		{A2FE6676-BE6F-4EBC-9261-F27A7E8A8510} = {A0B7B88E-119E-4B41-A81D-E824392DD4D4}
		{922149E7-D3E3-4FD7-BBEB-315C08A9583A} = {8C39850E-EB98-4D1F-B961-FBF7FF98049E}
		{6822E116-CD59-4906-BEAB-6100DF377440} = {8C39850E-EB98-4D1F-B961-FBF7FF98049E}
	EndGlobalSection
	GlobalSection(ExtensibilityGlobals) = postSolution
		SolutionGuid = {CE0FF4C1-CD95-4A8E-9C41-A295C85BB9C3}
	EndGlobalSection
EndGlobal
