
Microsoft Visual Studio Solution File, Format Version 12.00
# Visual Studio Version 17
VisualStudioVersion = 17.5.2.0
MinimumVisualStudioVersion = 10.0.40219.1
Project("{FAE04EC0-301F-11D3-BF4B-00C04F79EFBC}") = "AddAudioPodcast", "AddAudioPodcast\AddAudioPodcast.csproj", "{51DEA614-BB62-6621-3801-937D0C7E3DFB}"
EndProject
Project("{FAE04EC0-301F-11D3-BF4B-00C04F79EFBC}") = "AddSubjectToSearchMatches", "AddSubjectToSearchMatches\AddSubjectToSearchMatches.csproj", "{EB47098C-E37B-894E-C1F0-1AB5E180A970}"
EndProject
Project("{FAE04EC0-301F-11D3-BF4B-00C04F79EFBC}") = "AddYouTubeChannelAsPodcast", "AddYouTubeChannelAsPodcast\AddYouTubeChannelAsPodcast.csproj", "{E12ED607-4D34-25CE-2C9C-2FCAB5A696A4}"
EndProject
Project("{FAE04EC0-301F-11D3-BF4B-00C04F79EFBC}") = "CategorisePodcastEpisodes", "CategorisePodcastEpisodes\CategorisePodcastEpisodes.csproj", "{DF6B464E-5F92-AED2-35B6-5246D41205CE}"
EndProject
Project("{FAE04EC0-301F-11D3-BF4B-00C04F79EFBC}") = "CosmosDbDownloader", "CosmosDbDownloader\CosmosDbDownloader.csproj", "{8CEC9D58-ED4C-5067-9FC4-DF91DCB0E6A1}"
EndProject
Project("{FAE04EC0-301F-11D3-BF4B-00C04F79EFBC}") = "CosmosDbFixer", "CosmosDbFixer\CosmosDbFixer.csproj", "{705F336B-A208-8AE0-C1D0-B46697363D65}"
EndProject
Project("{FAE04EC0-301F-11D3-BF4B-00C04F79EFBC}") = "CosmosDbUploader", "CosmosDbUploader\CosmosDbUploader.csproj", "{7517A9B7-9D64-3292-F629-AD0C1E771F75}"
EndProject
Project("{FAE04EC0-301F-11D3-BF4B-00C04F79EFBC}") = "CreateSearchIndex", "CreateSearchIndex\CreateSearchIndex.csproj", "{EF8A1DC1-2D97-3B3D-81BD-241C35442330}"
EndProject
Project("{FAE04EC0-301F-11D3-BF4B-00C04F79EFBC}") = "CultPodcasts.DatabasePublisher", "CultPodcasts.DatabasePublisher\CultPodcasts.DatabasePublisher.csproj", "{2188B3CF-186B-41E5-1645-B73E79A5002C}"
EndProject
Project("{FAE04EC0-301F-11D3-BF4B-00C04F79EFBC}") = "DeleteSearchDocument", "DeleteSearchDocument\DeleteSearchDocument.csproj", "{65954584-A5D9-37A8-054F-4CCCF01DFDF0}"
EndProject
Project("{FAE04EC0-301F-11D3-BF4B-00C04F79EFBC}") = "Discover", "Discover\Discover.csproj", "{3DE80B39-77A9-D068-0359-04A46004550E}"
EndProject
Project("{FAE04EC0-301F-11D3-BF4B-00C04F79EFBC}") = "EliminateExistingEpisodes", "EliminateExistingEpisodes\EliminateExistingEpisodes.csproj", "{BCEEDFA8-0D7D-AFEE-6271-57C04845E744}"
EndProject
Project("{FAE04EC0-301F-11D3-BF4B-00C04F79EFBC}") = "EnrichEpisodesFromPostFlare", "EnrichEpisodesFromPostFlare\EnrichEpisodesFromPostFlare.csproj", "{EE368A65-9FC9-4651-7B19-EE5835AE9FB3}"
EndProject
Project("{FAE04EC0-301F-11D3-BF4B-00C04F79EFBC}") = "EnrichExistingEpisodesFromPodcastServices", "EnrichExistingEpisodesFromPodcastServices\EnrichExistingEpisodesFromPodcastServices.csproj", "{CE90E161-AC6B-AE91-9980-24EB50EAC209}"
EndProject
Project("{FAE04EC0-301F-11D3-BF4B-00C04F79EFBC}") = "EnrichPodcastWithImages", "EnrichPodcastWithImages\EnrichPodcastWithImages.csproj", "{81708631-A375-528A-703C-F30A856561C1}"
EndProject
Project("{FAE04EC0-301F-11D3-BF4B-00C04F79EFBC}") = "EnrichSubjectRedditFlairs", "EnrichSubjectRedditFlairs\EnrichSubjectRedditFlairs.csproj", "{253DA786-C805-E2B5-7BB7-E27662128EF8}"
EndProject
Project("{FAE04EC0-301F-11D3-BF4B-00C04F79EFBC}") = "EnrichYouTubeOnlyPodcasts", "EnrichYouTubeOnlyPodcasts\EnrichYouTubeOnlyPodcasts.csproj", "{1D7BE920-A18A-6FD0-17A3-6304BF53C284}"
EndProject
Project("{FAE04EC0-301F-11D3-BF4B-00C04F79EFBC}") = "EpisodeDriftDetector", "EpisodeDriftDetector\EpisodeDriftDetector.csproj", "{824DB7CD-945A-BAEB-987C-FB0422C6614E}"
EndProject
Project("{FAE04EC0-301F-11D3-BF4B-00C04F79EFBC}") = "FixDatesFromApple", "FixDatesFromApple\FixDatesFromApple.csproj", "{57033083-8510-0C20-4C90-CFA0382D5DA7}"
EndProject
Project("{FAE04EC0-301F-11D3-BF4B-00C04F79EFBC}") = "FlairPublisher", "FlairPublisher\FlairPublisher.csproj", "{370CC07E-6DFE-5CE3-B43A-9FA9FC7827D3}"
EndProject
Project("{FAE04EC0-301F-11D3-BF4B-00C04F79EFBC}") = "Index", "Index\Index.csproj", "{09DB8612-B13A-D236-0FFC-89B7CEEFD3C8}"
EndProject
Project("{FAE04EC0-301F-11D3-BF4B-00C04F79EFBC}") = "IndexAllEpisodesAudit", "IndexAllEpisodesAudit\IndexAllEpisodesAudit.csproj", "{1D916F49-EBBB-31D6-050A-C51D92091549}"
EndProject
Project("{FAE04EC0-301F-11D3-BF4B-00C04F79EFBC}") = "JsonSplitCosmosDbUploader", "JsonSplitCosmosDbUploader\JsonSplitCosmosDbUploader.csproj", "{9DFEB2AB-3144-261F-43FF-5603F4B7AC4A}"
EndProject
Project("{FAE04EC0-301F-11D3-BF4B-00C04F79EFBC}") = "KVWriter", "KVWriter\KVWriter.csproj", "{96D3786D-8409-F7CE-33E6-238D37ADF11E}"
EndProject
Project("{FAE04EC0-301F-11D3-BF4B-00C04F79EFBC}") = "LanguagesPublisher", "LanguagesPublisher\LanguagesPublisher.csproj", "{97D5C3E8-695C-1D3E-B5ED-97C8992788F4}"
EndProject
Project("{FAE04EC0-301F-11D3-BF4B-00C04F79EFBC}") = "LaunchSettingsToAppSettings", "LaunchSettingsToAppSettings\LaunchSettingsToAppSettings.csproj", "{19CB62C5-5E2A-1C91-BD59-4192B169FE8E}"
EndProject
Project("{FAE04EC0-301F-11D3-BF4B-00C04F79EFBC}") = "LegacyPodcastToV2Migration", "LegacyPodcastToV2Migration\LegacyPodcastToV2Migration.csproj", "{D26332D0-92BD-9209-81A6-EE5437DEC0EB}"
EndProject
Project("{FAE04EC0-301F-11D3-BF4B-00C04F79EFBC}") = "MachineAuth0", "MachineAuth0\MachineAuth0.csproj", "{A44EC533-B04D-ED0D-EB3C-84A40188202B}"
EndProject
Project("{FAE04EC0-301F-11D3-BF4B-00C04F79EFBC}") = "ModelTransformer", "ModelTransformer\ModelTransformer.csproj", "{92539087-9E5C-28E8-25D9-B0189060C6BA}"
EndProject
Project("{FAE04EC0-301F-11D3-BF4B-00C04F79EFBC}") = "Poster", "Poster\Poster.csproj", "{384DABE2-30C9-116E-0D4C-B4EBF273171F}"
EndProject
Project("{FAE04EC0-301F-11D3-BF4B-00C04F79EFBC}") = "RedditPodcastPoster", "RedditPodcastPoster\RedditPodcastPoster.csproj", "{A3C7555B-D25F-8975-A0C7-A2D162F47197}"
EndProject
Project("{FAE04EC0-301F-11D3-BF4B-00C04F79EFBC}") = "RemoveEpisodes", "RemoveEpisodes\RemoveEpisodes.csproj", "{790D5C04-551F-B56A-6D70-4626F85632EB}"
EndProject
Project("{FAE04EC0-301F-11D3-BF4B-00C04F79EFBC}") = "RenamePodcast", "RenamePodcast\RenamePodcast.csproj", "{39CC3787-D42C-8197-47B8-2295E20A440A}"
EndProject
Project("{FAE04EC0-301F-11D3-BF4B-00C04F79EFBC}") = "SecretsToFunctionSettings", "SecretsToFunctionSettings\SecretsToFunctionSettings.csproj", "{760DD538-65C1-F235-E408-F18CD10A88B9}"
EndProject
Project("{FAE04EC0-301F-11D3-BF4B-00C04F79EFBC}") = "SeedEliminationTerms", "SeedEliminationTerms\SeedEliminationTerms.csproj", "{A0ABBB6D-1E26-15D6-18E6-7047E202C116}"
EndProject
Project("{FAE04EC0-301F-11D3-BF4B-00C04F79EFBC}") = "SeedKnownTerms", "SeedKnownTerms\SeedKnownTerms.csproj", "{BEC8E428-E656-B3E8-3889-AB06A17953FA}"
EndProject
Project("{FAE04EC0-301F-11D3-BF4B-00C04F79EFBC}") = "Sqllite3DatabasePublisher", "Sqllite3DatabasePublisher\Sqllite3DatabasePublisher.csproj", "{B1465CB4-75A8-ED64-3167-332C51FA043C}"
EndProject
Project("{FAE04EC0-301F-11D3-BF4B-00C04F79EFBC}") = "SubjectSeeder", "SubjectSeeder\SubjectSeeder.csproj", "{2DC48BAF-BDB7-9AA8-0548-9B360C75DFFB}"
EndProject
Project("{FAE04EC0-301F-11D3-BF4B-00C04F79EFBC}") = "SubmitUrl", "SubmitUrl\SubmitUrl.csproj", "{7C4ECC4B-A4DC-0B14-4090-493893494482}"
EndProject
Project("{FAE04EC0-301F-11D3-BF4B-00C04F79EFBC}") = "TextClassifierTraining", "TextClassifierTraining\TextClassifierTraining.csproj", "{FE4E373C-450F-7C74-9F6D-024746069415}"
EndProject
Project("{FAE04EC0-301F-11D3-BF4B-00C04F79EFBC}") = "TextClassifierTraining.Tests", "TextClassifierTraining.Tests\TextClassifierTraining.Tests.csproj", "{88D55A3A-F32D-58EE-707D-5F058CF8B85A}"
EndProject
Project("{FAE04EC0-301F-11D3-BF4B-00C04F79EFBC}") = "ThrowawayConsole", "ThrowawayConsole\ThrowawayConsole.csproj", "{3C9419FA-9F40-893B-3525-6FD81B422AC7}"
EndProject
Project("{FAE04EC0-301F-11D3-BF4B-00C04F79EFBC}") = "Tweet", "Tweet\Tweet.csproj", "{1DC09D0F-770E-7E10-8392-3590F170654F}"
EndProject
Project("{FAE04EC0-301F-11D3-BF4B-00C04F79EFBC}") = "UnremoveEpisodes", "UnremoveEpisodes\UnremoveEpisodes.csproj", "{48A0B80E-8039-86F6-0CAC-3181CC001FE9}"
EndProject
Project("{FAE04EC0-301F-11D3-BF4B-00C04F79EFBC}") = "WebsubStatus", "WebsubStatus\WebsubStatus.csproj", "{DAF29D1A-B20D-A643-5CF6-EBCF7967E01F}"
EndProject
Project("{FAE04EC0-301F-11D3-BF4B-00C04F79EFBC}") = "WikipediaEpisodeEnricher", "WikipediaEpisodeEnricher\WikipediaEpisodeEnricher.csproj", "{57D59323-9787-ABDD-316F-B905279C0E24}"
EndProject
Project("{FAE04EC0-301F-11D3-BF4B-00C04F79EFBC}") = "YouTubePushNotificationSubscribe", "YouTubePushNotificationSubscribe\YouTubePushNotificationSubscribe.csproj", "{ED672730-F54F-641A-F4A5-4A7CDBC3697A}"
EndProject
Project("{FAE04EC0-301F-11D3-BF4B-00C04F79EFBC}") = "DevvitClient", "DevvitClient\DevvitClient.csproj", "{9D9D296B-544C-421B-990B-FBF87C5B4B2D}"
EndProject
Project("{FAE04EC0-301F-11D3-BF4B-00C04F79EFBC}") = "RedditPodcastPoster.Auth0", "..\Class-Libraries\RedditPodcastPoster.Auth0\RedditPodcastPoster.Auth0.csproj", "{D271B957-F902-4B96-AE35-D251A22E3882}"
EndProject
Project("{FAE04EC0-301F-11D3-BF4B-00C04F79EFBC}") = "RedditPodcastPoster.Configuration", "..\Class-Libraries\RedditPodcastPoster.Configuration\RedditPodcastPoster.Configuration.csproj", "{2992137F-5BCE-4589-9830-05C728D09FE7}"
EndProject
Project("{FAE04EC0-301F-11D3-BF4B-00C04F79EFBC}") = "RedditPodcastPoster.PodcastServices.Abstractions", "..\Class-Libraries\RedditPodcastPoster.PodcastServices.Abstractions\RedditPodcastPoster.PodcastServices.Abstractions.csproj", "{E93ABBA8-D8A8-43C7-9A7B-EEC1ADFF63B9}"
EndProject
Project("{FAE04EC0-301F-11D3-BF4B-00C04F79EFBC}") = "RedditPodcastPoster.Models", "..\Class-Libraries\RedditPodcastPoster.Models\RedditPodcastPoster.Models.csproj", "{3B17E7FA-2C2D-4887-BAFD-575A6D7FD3A5}"
EndProject
Project("{FAE04EC0-301F-11D3-BF4B-00C04F79EFBC}") = "RedditPodcastPoster.Persistence.Abstractions", "..\Class-Libraries\RedditPodcastPoster.Persistence.Abstractions\RedditPodcastPoster.Persistence.Abstractions.csproj", "{8CD5DB98-20FD-46B0-9153-3B9F75EAD8A6}"
EndProject
Project("{FAE04EC0-301F-11D3-BF4B-00C04F79EFBC}") = "RedditPodcastPoster.DependencyInjection", "..\Class-Libraries\RedditPodcastPoster.DependencyInjection\RedditPodcastPoster.DependencyInjection.csproj", "{4935A7F7-43C4-4C2A-9004-7B6866E4507B}"
EndProject
Project("{FAE04EC0-301F-11D3-BF4B-00C04F79EFBC}") = "RedditPodcastPoster.DependencyInjection.Abstractions", "..\Class-Libraries\RedditPodcastPoster.DependencyInjection.Abstractions\RedditPodcastPoster.DependencyInjection.Abstractions.csproj", "{D89FF588-593D-413A-8BB2-0E825C642E6C}"
EndProject
Project("{FAE04EC0-301F-11D3-BF4B-00C04F79EFBC}") = "RedditPodcastPoster.Reddit", "..\Class-Libraries\RedditPodcastPoster.Reddit\RedditPodcastPoster.Reddit.csproj", "{17CAF4FF-0E98-4BFF-8460-75BA6A6806C3}"
EndProject
Project("{FAE04EC0-301F-11D3-BF4B-00C04F79EFBC}") = "Reddit.NET", "..\Third-Party\sirkris-Reddit.NET-1.5.3\src\Reddit.NET\Reddit.NET.csproj", "{BC6219BB-677C-474D-B3EA-86B32E5F71F8}"
EndProject
Project("{FAE04EC0-301F-11D3-BF4B-00C04F79EFBC}") = "RedditPodcastPoster.Text", "..\Class-Libraries\RedditPodcastPoster.Text\RedditPodcastPoster.Text.csproj", "{7CE0FAEF-8DC3-49E9-B7B7-D9587DCF47BA}"
EndProject
Global
	GlobalSection(SolutionConfigurationPlatforms) = preSolution
		Debug|Any CPU = Debug|Any CPU
		Debug|x64 = Debug|x64
		Debug|x86 = Debug|x86
		Release|Any CPU = Release|Any CPU
		Release|x64 = Release|x64
		Release|x86 = Release|x86
	EndGlobalSection
	GlobalSection(ProjectConfigurationPlatforms) = postSolution
		{51DEA614-BB62-6621-3801-937D0C7E3DFB}.Debug|Any CPU.ActiveCfg = Debug|Any CPU
		{51DEA614-BB62-6621-3801-937D0C7E3DFB}.Debug|Any CPU.Build.0 = Debug|Any CPU
		{51DEA614-BB62-6621-3801-937D0C7E3DFB}.Debug|x64.ActiveCfg = Debug|Any CPU
		{51DEA614-BB62-6621-3801-937D0C7E3DFB}.Debug|x64.Build.0 = Debug|Any CPU
		{51DEA614-BB62-6621-3801-937D0C7E3DFB}.Debug|x86.ActiveCfg = Debug|Any CPU
		{51DEA614-BB62-6621-3801-937D0C7E3DFB}.Debug|x86.Build.0 = Debug|Any CPU
		{51DEA614-BB62-6621-3801-937D0C7E3DFB}.Release|Any CPU.ActiveCfg = Release|Any CPU
		{51DEA614-BB62-6621-3801-937D0C7E3DFB}.Release|Any CPU.Build.0 = Release|Any CPU
		{51DEA614-BB62-6621-3801-937D0C7E3DFB}.Release|x64.ActiveCfg = Release|Any CPU
		{51DEA614-BB62-6621-3801-937D0C7E3DFB}.Release|x64.Build.0 = Release|Any CPU
		{51DEA614-BB62-6621-3801-937D0C7E3DFB}.Release|x86.ActiveCfg = Release|Any CPU
		{51DEA614-BB62-6621-3801-937D0C7E3DFB}.Release|x86.Build.0 = Release|Any CPU
		{EB47098C-E37B-894E-C1F0-1AB5E180A970}.Debug|Any CPU.ActiveCfg = Debug|Any CPU
		{EB47098C-E37B-894E-C1F0-1AB5E180A970}.Debug|Any CPU.Build.0 = Debug|Any CPU
		{EB47098C-E37B-894E-C1F0-1AB5E180A970}.Debug|x64.ActiveCfg = Debug|Any CPU
		{EB47098C-E37B-894E-C1F0-1AB5E180A970}.Debug|x64.Build.0 = Debug|Any CPU
		{EB47098C-E37B-894E-C1F0-1AB5E180A970}.Debug|x86.ActiveCfg = Debug|Any CPU
		{EB47098C-E37B-894E-C1F0-1AB5E180A970}.Debug|x86.Build.0 = Debug|Any CPU
		{EB47098C-E37B-894E-C1F0-1AB5E180A970}.Release|Any CPU.ActiveCfg = Release|Any CPU
		{EB47098C-E37B-894E-C1F0-1AB5E180A970}.Release|Any CPU.Build.0 = Release|Any CPU
		{EB47098C-E37B-894E-C1F0-1AB5E180A970}.Release|x64.ActiveCfg = Release|Any CPU
		{EB47098C-E37B-894E-C1F0-1AB5E180A970}.Release|x64.Build.0 = Release|Any CPU
		{EB47098C-E37B-894E-C1F0-1AB5E180A970}.Release|x86.ActiveCfg = Release|Any CPU
		{EB47098C-E37B-894E-C1F0-1AB5E180A970}.Release|x86.Build.0 = Release|Any CPU
		{E12ED607-4D34-25CE-2C9C-2FCAB5A696A4}.Debug|Any CPU.ActiveCfg = Debug|Any CPU
		{E12ED607-4D34-25CE-2C9C-2FCAB5A696A4}.Debug|Any CPU.Build.0 = Debug|Any CPU
		{E12ED607-4D34-25CE-2C9C-2FCAB5A696A4}.Debug|x64.ActiveCfg = Debug|Any CPU
		{E12ED607-4D34-25CE-2C9C-2FCAB5A696A4}.Debug|x64.Build.0 = Debug|Any CPU
		{E12ED607-4D34-25CE-2C9C-2FCAB5A696A4}.Debug|x86.ActiveCfg = Debug|Any CPU
		{E12ED607-4D34-25CE-2C9C-2FCAB5A696A4}.Debug|x86.Build.0 = Debug|Any CPU
		{E12ED607-4D34-25CE-2C9C-2FCAB5A696A4}.Release|Any CPU.ActiveCfg = Release|Any CPU
		{E12ED607-4D34-25CE-2C9C-2FCAB5A696A4}.Release|Any CPU.Build.0 = Release|Any CPU
		{E12ED607-4D34-25CE-2C9C-2FCAB5A696A4}.Release|x64.ActiveCfg = Release|Any CPU
		{E12ED607-4D34-25CE-2C9C-2FCAB5A696A4}.Release|x64.Build.0 = Release|Any CPU
		{E12ED607-4D34-25CE-2C9C-2FCAB5A696A4}.Release|x86.ActiveCfg = Release|Any CPU
		{E12ED607-4D34-25CE-2C9C-2FCAB5A696A4}.Release|x86.Build.0 = Release|Any CPU
		{DF6B464E-5F92-AED2-35B6-5246D41205CE}.Debug|Any CPU.ActiveCfg = Debug|Any CPU
		{DF6B464E-5F92-AED2-35B6-5246D41205CE}.Debug|Any CPU.Build.0 = Debug|Any CPU
		{DF6B464E-5F92-AED2-35B6-5246D41205CE}.Debug|x64.ActiveCfg = Debug|Any CPU
		{DF6B464E-5F92-AED2-35B6-5246D41205CE}.Debug|x64.Build.0 = Debug|Any CPU
		{DF6B464E-5F92-AED2-35B6-5246D41205CE}.Debug|x86.ActiveCfg = Debug|Any CPU
		{DF6B464E-5F92-AED2-35B6-5246D41205CE}.Debug|x86.Build.0 = Debug|Any CPU
		{DF6B464E-5F92-AED2-35B6-5246D41205CE}.Release|Any CPU.ActiveCfg = Release|Any CPU
		{DF6B464E-5F92-AED2-35B6-5246D41205CE}.Release|Any CPU.Build.0 = Release|Any CPU
		{DF6B464E-5F92-AED2-35B6-5246D41205CE}.Release|x64.ActiveCfg = Release|Any CPU
		{DF6B464E-5F92-AED2-35B6-5246D41205CE}.Release|x64.Build.0 = Release|Any CPU
		{DF6B464E-5F92-AED2-35B6-5246D41205CE}.Release|x86.ActiveCfg = Release|Any CPU
		{DF6B464E-5F92-AED2-35B6-5246D41205CE}.Release|x86.Build.0 = Release|Any CPU
		{8CEC9D58-ED4C-5067-9FC4-DF91DCB0E6A1}.Debug|Any CPU.ActiveCfg = Debug|Any CPU
		{8CEC9D58-ED4C-5067-9FC4-DF91DCB0E6A1}.Debug|Any CPU.Build.0 = Debug|Any CPU
		{8CEC9D58-ED4C-5067-9FC4-DF91DCB0E6A1}.Debug|x64.ActiveCfg = Debug|Any CPU
		{8CEC9D58-ED4C-5067-9FC4-DF91DCB0E6A1}.Debug|x64.Build.0 = Debug|Any CPU
		{8CEC9D58-ED4C-5067-9FC4-DF91DCB0E6A1}.Debug|x86.ActiveCfg = Debug|Any CPU
		{8CEC9D58-ED4C-5067-9FC4-DF91DCB0E6A1}.Debug|x86.Build.0 = Debug|Any CPU
		{8CEC9D58-ED4C-5067-9FC4-DF91DCB0E6A1}.Release|Any CPU.ActiveCfg = Release|Any CPU
		{8CEC9D58-ED4C-5067-9FC4-DF91DCB0E6A1}.Release|Any CPU.Build.0 = Release|Any CPU
		{8CEC9D58-ED4C-5067-9FC4-DF91DCB0E6A1}.Release|x64.ActiveCfg = Release|Any CPU
		{8CEC9D58-ED4C-5067-9FC4-DF91DCB0E6A1}.Release|x64.Build.0 = Release|Any CPU
		{8CEC9D58-ED4C-5067-9FC4-DF91DCB0E6A1}.Release|x86.ActiveCfg = Release|Any CPU
		{8CEC9D58-ED4C-5067-9FC4-DF91DCB0E6A1}.Release|x86.Build.0 = Release|Any CPU
		{705F336B-A208-8AE0-C1D0-B46697363D65}.Debug|Any CPU.ActiveCfg = Debug|Any CPU
		{705F336B-A208-8AE0-C1D0-B46697363D65}.Debug|Any CPU.Build.0 = Debug|Any CPU
		{705F336B-A208-8AE0-C1D0-B46697363D65}.Debug|x64.ActiveCfg = Debug|Any CPU
		{705F336B-A208-8AE0-C1D0-B46697363D65}.Debug|x64.Build.0 = Debug|Any CPU
		{705F336B-A208-8AE0-C1D0-B46697363D65}.Debug|x86.ActiveCfg = Debug|Any CPU
		{705F336B-A208-8AE0-C1D0-B46697363D65}.Debug|x86.Build.0 = Debug|Any CPU
		{705F336B-A208-8AE0-C1D0-B46697363D65}.Release|Any CPU.ActiveCfg = Release|Any CPU
		{705F336B-A208-8AE0-C1D0-B46697363D65}.Release|Any CPU.Build.0 = Release|Any CPU
		{705F336B-A208-8AE0-C1D0-B46697363D65}.Release|x64.ActiveCfg = Release|Any CPU
		{705F336B-A208-8AE0-C1D0-B46697363D65}.Release|x64.Build.0 = Release|Any CPU
		{705F336B-A208-8AE0-C1D0-B46697363D65}.Release|x86.ActiveCfg = Release|Any CPU
		{705F336B-A208-8AE0-C1D0-B46697363D65}.Release|x86.Build.0 = Release|Any CPU
		{7517A9B7-9D64-3292-F629-AD0C1E771F75}.Debug|Any CPU.ActiveCfg = Debug|Any CPU
		{7517A9B7-9D64-3292-F629-AD0C1E771F75}.Debug|Any CPU.Build.0 = Debug|Any CPU
		{7517A9B7-9D64-3292-F629-AD0C1E771F75}.Debug|x64.ActiveCfg = Debug|Any CPU
		{7517A9B7-9D64-3292-F629-AD0C1E771F75}.Debug|x64.Build.0 = Debug|Any CPU
		{7517A9B7-9D64-3292-F629-AD0C1E771F75}.Debug|x86.ActiveCfg = Debug|Any CPU
		{7517A9B7-9D64-3292-F629-AD0C1E771F75}.Debug|x86.Build.0 = Debug|Any CPU
		{7517A9B7-9D64-3292-F629-AD0C1E771F75}.Release|Any CPU.ActiveCfg = Release|Any CPU
		{7517A9B7-9D64-3292-F629-AD0C1E771F75}.Release|Any CPU.Build.0 = Release|Any CPU
		{7517A9B7-9D64-3292-F629-AD0C1E771F75}.Release|x64.ActiveCfg = Release|Any CPU
		{7517A9B7-9D64-3292-F629-AD0C1E771F75}.Release|x64.Build.0 = Release|Any CPU
		{7517A9B7-9D64-3292-F629-AD0C1E771F75}.Release|x86.ActiveCfg = Release|Any CPU
		{7517A9B7-9D64-3292-F629-AD0C1E771F75}.Release|x86.Build.0 = Release|Any CPU
		{EF8A1DC1-2D97-3B3D-81BD-241C35442330}.Debug|Any CPU.ActiveCfg = Debug|Any CPU
		{EF8A1DC1-2D97-3B3D-81BD-241C35442330}.Debug|Any CPU.Build.0 = Debug|Any CPU
		{EF8A1DC1-2D97-3B3D-81BD-241C35442330}.Debug|x64.ActiveCfg = Debug|Any CPU
		{EF8A1DC1-2D97-3B3D-81BD-241C35442330}.Debug|x64.Build.0 = Debug|Any CPU
		{EF8A1DC1-2D97-3B3D-81BD-241C35442330}.Debug|x86.ActiveCfg = Debug|Any CPU
		{EF8A1DC1-2D97-3B3D-81BD-241C35442330}.Debug|x86.Build.0 = Debug|Any CPU
		{EF8A1DC1-2D97-3B3D-81BD-241C35442330}.Release|Any CPU.ActiveCfg = Release|Any CPU
		{EF8A1DC1-2D97-3B3D-81BD-241C35442330}.Release|Any CPU.Build.0 = Release|Any CPU
		{EF8A1DC1-2D97-3B3D-81BD-241C35442330}.Release|x64.ActiveCfg = Release|Any CPU
		{EF8A1DC1-2D97-3B3D-81BD-241C35442330}.Release|x64.Build.0 = Release|Any CPU
		{EF8A1DC1-2D97-3B3D-81BD-241C35442330}.Release|x86.ActiveCfg = Release|Any CPU
		{EF8A1DC1-2D97-3B3D-81BD-241C35442330}.Release|x86.Build.0 = Release|Any CPU
		{2188B3CF-186B-41E5-1645-B73E79A5002C}.Debug|Any CPU.ActiveCfg = Debug|Any CPU
		{2188B3CF-186B-41E5-1645-B73E79A5002C}.Debug|Any CPU.Build.0 = Debug|Any CPU
		{2188B3CF-186B-41E5-1645-B73E79A5002C}.Debug|x64.ActiveCfg = Debug|Any CPU
		{2188B3CF-186B-41E5-1645-B73E79A5002C}.Debug|x64.Build.0 = Debug|Any CPU
		{2188B3CF-186B-41E5-1645-B73E79A5002C}.Debug|x86.ActiveCfg = Debug|Any CPU
		{2188B3CF-186B-41E5-1645-B73E79A5002C}.Debug|x86.Build.0 = Debug|Any CPU
		{2188B3CF-186B-41E5-1645-B73E79A5002C}.Release|Any CPU.ActiveCfg = Release|Any CPU
		{2188B3CF-186B-41E5-1645-B73E79A5002C}.Release|Any CPU.Build.0 = Release|Any CPU
		{2188B3CF-186B-41E5-1645-B73E79A5002C}.Release|x64.ActiveCfg = Release|Any CPU
		{2188B3CF-186B-41E5-1645-B73E79A5002C}.Release|x64.Build.0 = Release|Any CPU
		{2188B3CF-186B-41E5-1645-B73E79A5002C}.Release|x86.ActiveCfg = Release|Any CPU
		{2188B3CF-186B-41E5-1645-B73E79A5002C}.Release|x86.Build.0 = Release|Any CPU
		{65954584-A5D9-37A8-054F-4CCCF01DFDF0}.Debug|Any CPU.ActiveCfg = Debug|Any CPU
		{65954584-A5D9-37A8-054F-4CCCF01DFDF0}.Debug|Any CPU.Build.0 = Debug|Any CPU
		{65954584-A5D9-37A8-054F-4CCCF01DFDF0}.Debug|x64.ActiveCfg = Debug|Any CPU
		{65954584-A5D9-37A8-054F-4CCCF01DFDF0}.Debug|x64.Build.0 = Debug|Any CPU
		{65954584-A5D9-37A8-054F-4CCCF01DFDF0}.Debug|x86.ActiveCfg = Debug|Any CPU
		{65954584-A5D9-37A8-054F-4CCCF01DFDF0}.Debug|x86.Build.0 = Debug|Any CPU
		{65954584-A5D9-37A8-054F-4CCCF01DFDF0}.Release|Any CPU.ActiveCfg = Release|Any CPU
		{65954584-A5D9-37A8-054F-4CCCF01DFDF0}.Release|Any CPU.Build.0 = Release|Any CPU
		{65954584-A5D9-37A8-054F-4CCCF01DFDF0}.Release|x64.ActiveCfg = Release|Any CPU
		{65954584-A5D9-37A8-054F-4CCCF01DFDF0}.Release|x64.Build.0 = Release|Any CPU
		{65954584-A5D9-37A8-054F-4CCCF01DFDF0}.Release|x86.ActiveCfg = Release|Any CPU
		{65954584-A5D9-37A8-054F-4CCCF01DFDF0}.Release|x86.Build.0 = Release|Any CPU
		{3DE80B39-77A9-D068-0359-04A46004550E}.Debug|Any CPU.ActiveCfg = Debug|Any CPU
		{3DE80B39-77A9-D068-0359-04A46004550E}.Debug|Any CPU.Build.0 = Debug|Any CPU
		{3DE80B39-77A9-D068-0359-04A46004550E}.Debug|x64.ActiveCfg = Debug|Any CPU
		{3DE80B39-77A9-D068-0359-04A46004550E}.Debug|x64.Build.0 = Debug|Any CPU
		{3DE80B39-77A9-D068-0359-04A46004550E}.Debug|x86.ActiveCfg = Debug|Any CPU
		{3DE80B39-77A9-D068-0359-04A46004550E}.Debug|x86.Build.0 = Debug|Any CPU
		{3DE80B39-77A9-D068-0359-04A46004550E}.Release|Any CPU.ActiveCfg = Release|Any CPU
		{3DE80B39-77A9-D068-0359-04A46004550E}.Release|Any CPU.Build.0 = Release|Any CPU
		{3DE80B39-77A9-D068-0359-04A46004550E}.Release|x64.ActiveCfg = Release|Any CPU
		{3DE80B39-77A9-D068-0359-04A46004550E}.Release|x64.Build.0 = Release|Any CPU
		{3DE80B39-77A9-D068-0359-04A46004550E}.Release|x86.ActiveCfg = Release|Any CPU
		{3DE80B39-77A9-D068-0359-04A46004550E}.Release|x86.Build.0 = Release|Any CPU
		{BCEEDFA8-0D7D-AFEE-6271-57C04845E744}.Debug|Any CPU.ActiveCfg = Debug|Any CPU
		{BCEEDFA8-0D7D-AFEE-6271-57C04845E744}.Debug|Any CPU.Build.0 = Debug|Any CPU
		{BCEEDFA8-0D7D-AFEE-6271-57C04845E744}.Debug|x64.ActiveCfg = Debug|Any CPU
		{BCEEDFA8-0D7D-AFEE-6271-57C04845E744}.Debug|x64.Build.0 = Debug|Any CPU
		{BCEEDFA8-0D7D-AFEE-6271-57C04845E744}.Debug|x86.ActiveCfg = Debug|Any CPU
		{BCEEDFA8-0D7D-AFEE-6271-57C04845E744}.Debug|x86.Build.0 = Debug|Any CPU
		{BCEEDFA8-0D7D-AFEE-6271-57C04845E744}.Release|Any CPU.ActiveCfg = Release|Any CPU
		{BCEEDFA8-0D7D-AFEE-6271-57C04845E744}.Release|Any CPU.Build.0 = Release|Any CPU
		{BCEEDFA8-0D7D-AFEE-6271-57C04845E744}.Release|x64.ActiveCfg = Release|Any CPU
		{BCEEDFA8-0D7D-AFEE-6271-57C04845E744}.Release|x64.Build.0 = Release|Any CPU
		{BCEEDFA8-0D7D-AFEE-6271-57C04845E744}.Release|x86.ActiveCfg = Release|Any CPU
		{BCEEDFA8-0D7D-AFEE-6271-57C04845E744}.Release|x86.Build.0 = Release|Any CPU
		{EE368A65-9FC9-4651-7B19-EE5835AE9FB3}.Debug|Any CPU.ActiveCfg = Debug|Any CPU
		{EE368A65-9FC9-4651-7B19-EE5835AE9FB3}.Debug|Any CPU.Build.0 = Debug|Any CPU
		{EE368A65-9FC9-4651-7B19-EE5835AE9FB3}.Debug|x64.ActiveCfg = Debug|Any CPU
		{EE368A65-9FC9-4651-7B19-EE5835AE9FB3}.Debug|x64.Build.0 = Debug|Any CPU
		{EE368A65-9FC9-4651-7B19-EE5835AE9FB3}.Debug|x86.ActiveCfg = Debug|Any CPU
		{EE368A65-9FC9-4651-7B19-EE5835AE9FB3}.Debug|x86.Build.0 = Debug|Any CPU
		{EE368A65-9FC9-4651-7B19-EE5835AE9FB3}.Release|Any CPU.ActiveCfg = Release|Any CPU
		{EE368A65-9FC9-4651-7B19-EE5835AE9FB3}.Release|Any CPU.Build.0 = Release|Any CPU
		{EE368A65-9FC9-4651-7B19-EE5835AE9FB3}.Release|x64.ActiveCfg = Release|Any CPU
		{EE368A65-9FC9-4651-7B19-EE5835AE9FB3}.Release|x64.Build.0 = Release|Any CPU
		{EE368A65-9FC9-4651-7B19-EE5835AE9FB3}.Release|x86.ActiveCfg = Release|Any CPU
		{EE368A65-9FC9-4651-7B19-EE5835AE9FB3}.Release|x86.Build.0 = Release|Any CPU
		{CE90E161-AC6B-AE91-9980-24EB50EAC209}.Debug|Any CPU.ActiveCfg = Debug|Any CPU
		{CE90E161-AC6B-AE91-9980-24EB50EAC209}.Debug|Any CPU.Build.0 = Debug|Any CPU
		{CE90E161-AC6B-AE91-9980-24EB50EAC209}.Debug|x64.ActiveCfg = Debug|Any CPU
		{CE90E161-AC6B-AE91-9980-24EB50EAC209}.Debug|x64.Build.0 = Debug|Any CPU
		{CE90E161-AC6B-AE91-9980-24EB50EAC209}.Debug|x86.ActiveCfg = Debug|Any CPU
		{CE90E161-AC6B-AE91-9980-24EB50EAC209}.Debug|x86.Build.0 = Debug|Any CPU
		{CE90E161-AC6B-AE91-9980-24EB50EAC209}.Release|Any CPU.ActiveCfg = Release|Any CPU
		{CE90E161-AC6B-AE91-9980-24EB50EAC209}.Release|Any CPU.Build.0 = Release|Any CPU
		{CE90E161-AC6B-AE91-9980-24EB50EAC209}.Release|x64.ActiveCfg = Release|Any CPU
		{CE90E161-AC6B-AE91-9980-24EB50EAC209}.Release|x64.Build.0 = Release|Any CPU
		{CE90E161-AC6B-AE91-9980-24EB50EAC209}.Release|x86.ActiveCfg = Release|Any CPU
		{CE90E161-AC6B-AE91-9980-24EB50EAC209}.Release|x86.Build.0 = Release|Any CPU
		{81708631-A375-528A-703C-F30A856561C1}.Debug|Any CPU.ActiveCfg = Debug|Any CPU
		{81708631-A375-528A-703C-F30A856561C1}.Debug|Any CPU.Build.0 = Debug|Any CPU
		{81708631-A375-528A-703C-F30A856561C1}.Debug|x64.ActiveCfg = Debug|Any CPU
		{81708631-A375-528A-703C-F30A856561C1}.Debug|x64.Build.0 = Debug|Any CPU
		{81708631-A375-528A-703C-F30A856561C1}.Debug|x86.ActiveCfg = Debug|Any CPU
		{81708631-A375-528A-703C-F30A856561C1}.Debug|x86.Build.0 = Debug|Any CPU
		{81708631-A375-528A-703C-F30A856561C1}.Release|Any CPU.ActiveCfg = Release|Any CPU
		{81708631-A375-528A-703C-F30A856561C1}.Release|Any CPU.Build.0 = Release|Any CPU
		{81708631-A375-528A-703C-F30A856561C1}.Release|x64.ActiveCfg = Release|Any CPU
		{81708631-A375-528A-703C-F30A856561C1}.Release|x64.Build.0 = Release|Any CPU
		{81708631-A375-528A-703C-F30A856561C1}.Release|x86.ActiveCfg = Release|Any CPU
		{81708631-A375-528A-703C-F30A856561C1}.Release|x86.Build.0 = Release|Any CPU
		{253DA786-C805-E2B5-7BB7-E27662128EF8}.Debug|Any CPU.ActiveCfg = Debug|Any CPU
		{253DA786-C805-E2B5-7BB7-E27662128EF8}.Debug|Any CPU.Build.0 = Debug|Any CPU
		{253DA786-C805-E2B5-7BB7-E27662128EF8}.Debug|x64.ActiveCfg = Debug|Any CPU
		{253DA786-C805-E2B5-7BB7-E27662128EF8}.Debug|x64.Build.0 = Debug|Any CPU
		{253DA786-C805-E2B5-7BB7-E27662128EF8}.Debug|x86.ActiveCfg = Debug|Any CPU
		{253DA786-C805-E2B5-7BB7-E27662128EF8}.Debug|x86.Build.0 = Debug|Any CPU
		{253DA786-C805-E2B5-7BB7-E27662128EF8}.Release|Any CPU.ActiveCfg = Release|Any CPU
		{253DA786-C805-E2B5-7BB7-E27662128EF8}.Release|Any CPU.Build.0 = Release|Any CPU
		{253DA786-C805-E2B5-7BB7-E27662128EF8}.Release|x64.ActiveCfg = Release|Any CPU
		{253DA786-C805-E2B5-7BB7-E27662128EF8}.Release|x64.Build.0 = Release|Any CPU
		{253DA786-C805-E2B5-7BB7-E27662128EF8}.Release|x86.ActiveCfg = Release|Any CPU
		{253DA786-C805-E2B5-7BB7-E27662128EF8}.Release|x86.Build.0 = Release|Any CPU
		{1D7BE920-A18A-6FD0-17A3-6304BF53C284}.Debug|Any CPU.ActiveCfg = Debug|Any CPU
		{1D7BE920-A18A-6FD0-17A3-6304BF53C284}.Debug|Any CPU.Build.0 = Debug|Any CPU
		{1D7BE920-A18A-6FD0-17A3-6304BF53C284}.Debug|x64.ActiveCfg = Debug|Any CPU
		{1D7BE920-A18A-6FD0-17A3-6304BF53C284}.Debug|x64.Build.0 = Debug|Any CPU
		{1D7BE920-A18A-6FD0-17A3-6304BF53C284}.Debug|x86.ActiveCfg = Debug|Any CPU
		{1D7BE920-A18A-6FD0-17A3-6304BF53C284}.Debug|x86.Build.0 = Debug|Any CPU
		{1D7BE920-A18A-6FD0-17A3-6304BF53C284}.Release|Any CPU.ActiveCfg = Release|Any CPU
		{1D7BE920-A18A-6FD0-17A3-6304BF53C284}.Release|Any CPU.Build.0 = Release|Any CPU
		{1D7BE920-A18A-6FD0-17A3-6304BF53C284}.Release|x64.ActiveCfg = Release|Any CPU
		{1D7BE920-A18A-6FD0-17A3-6304BF53C284}.Release|x64.Build.0 = Release|Any CPU
		{1D7BE920-A18A-6FD0-17A3-6304BF53C284}.Release|x86.ActiveCfg = Release|Any CPU
		{1D7BE920-A18A-6FD0-17A3-6304BF53C284}.Release|x86.Build.0 = Release|Any CPU
		{824DB7CD-945A-BAEB-987C-FB0422C6614E}.Debug|Any CPU.ActiveCfg = Debug|Any CPU
		{824DB7CD-945A-BAEB-987C-FB0422C6614E}.Debug|Any CPU.Build.0 = Debug|Any CPU
		{824DB7CD-945A-BAEB-987C-FB0422C6614E}.Debug|x64.ActiveCfg = Debug|Any CPU
		{824DB7CD-945A-BAEB-987C-FB0422C6614E}.Debug|x64.Build.0 = Debug|Any CPU
		{824DB7CD-945A-BAEB-987C-FB0422C6614E}.Debug|x86.ActiveCfg = Debug|Any CPU
		{824DB7CD-945A-BAEB-987C-FB0422C6614E}.Debug|x86.Build.0 = Debug|Any CPU
		{824DB7CD-945A-BAEB-987C-FB0422C6614E}.Release|Any CPU.ActiveCfg = Release|Any CPU
		{824DB7CD-945A-BAEB-987C-FB0422C6614E}.Release|Any CPU.Build.0 = Release|Any CPU
		{824DB7CD-945A-BAEB-987C-FB0422C6614E}.Release|x64.ActiveCfg = Release|Any CPU
		{824DB7CD-945A-BAEB-987C-FB0422C6614E}.Release|x64.Build.0 = Release|Any CPU
		{824DB7CD-945A-BAEB-987C-FB0422C6614E}.Release|x86.ActiveCfg = Release|Any CPU
		{824DB7CD-945A-BAEB-987C-FB0422C6614E}.Release|x86.Build.0 = Release|Any CPU
		{57033083-8510-0C20-4C90-CFA0382D5DA7}.Debug|Any CPU.ActiveCfg = Debug|Any CPU
		{57033083-8510-0C20-4C90-CFA0382D5DA7}.Debug|Any CPU.Build.0 = Debug|Any CPU
		{57033083-8510-0C20-4C90-CFA0382D5DA7}.Debug|x64.ActiveCfg = Debug|Any CPU
		{57033083-8510-0C20-4C90-CFA0382D5DA7}.Debug|x64.Build.0 = Debug|Any CPU
		{57033083-8510-0C20-4C90-CFA0382D5DA7}.Debug|x86.ActiveCfg = Debug|Any CPU
		{57033083-8510-0C20-4C90-CFA0382D5DA7}.Debug|x86.Build.0 = Debug|Any CPU
		{57033083-8510-0C20-4C90-CFA0382D5DA7}.Release|Any CPU.ActiveCfg = Release|Any CPU
		{57033083-8510-0C20-4C90-CFA0382D5DA7}.Release|Any CPU.Build.0 = Release|Any CPU
		{57033083-8510-0C20-4C90-CFA0382D5DA7}.Release|x64.ActiveCfg = Release|Any CPU
		{57033083-8510-0C20-4C90-CFA0382D5DA7}.Release|x64.Build.0 = Release|Any CPU
		{57033083-8510-0C20-4C90-CFA0382D5DA7}.Release|x86.ActiveCfg = Release|Any CPU
		{57033083-8510-0C20-4C90-CFA0382D5DA7}.Release|x86.Build.0 = Release|Any CPU
		{370CC07E-6DFE-5CE3-B43A-9FA9FC7827D3}.Debug|Any CPU.ActiveCfg = Debug|Any CPU
		{370CC07E-6DFE-5CE3-B43A-9FA9FC7827D3}.Debug|Any CPU.Build.0 = Debug|Any CPU
		{370CC07E-6DFE-5CE3-B43A-9FA9FC7827D3}.Debug|x64.ActiveCfg = Debug|Any CPU
		{370CC07E-6DFE-5CE3-B43A-9FA9FC7827D3}.Debug|x64.Build.0 = Debug|Any CPU
		{370CC07E-6DFE-5CE3-B43A-9FA9FC7827D3}.Debug|x86.ActiveCfg = Debug|Any CPU
		{370CC07E-6DFE-5CE3-B43A-9FA9FC7827D3}.Debug|x86.Build.0 = Debug|Any CPU
		{370CC07E-6DFE-5CE3-B43A-9FA9FC7827D3}.Release|Any CPU.ActiveCfg = Release|Any CPU
		{370CC07E-6DFE-5CE3-B43A-9FA9FC7827D3}.Release|Any CPU.Build.0 = Release|Any CPU
		{370CC07E-6DFE-5CE3-B43A-9FA9FC7827D3}.Release|x64.ActiveCfg = Release|Any CPU
		{370CC07E-6DFE-5CE3-B43A-9FA9FC7827D3}.Release|x64.Build.0 = Release|Any CPU
		{370CC07E-6DFE-5CE3-B43A-9FA9FC7827D3}.Release|x86.ActiveCfg = Release|Any CPU
		{370CC07E-6DFE-5CE3-B43A-9FA9FC7827D3}.Release|x86.Build.0 = Release|Any CPU
		{09DB8612-B13A-D236-0FFC-89B7CEEFD3C8}.Debug|Any CPU.ActiveCfg = Debug|Any CPU
		{09DB8612-B13A-D236-0FFC-89B7CEEFD3C8}.Debug|Any CPU.Build.0 = Debug|Any CPU
		{09DB8612-B13A-D236-0FFC-89B7CEEFD3C8}.Debug|x64.ActiveCfg = Debug|Any CPU
		{09DB8612-B13A-D236-0FFC-89B7CEEFD3C8}.Debug|x64.Build.0 = Debug|Any CPU
		{09DB8612-B13A-D236-0FFC-89B7CEEFD3C8}.Debug|x86.ActiveCfg = Debug|Any CPU
		{09DB8612-B13A-D236-0FFC-89B7CEEFD3C8}.Debug|x86.Build.0 = Debug|Any CPU
		{09DB8612-B13A-D236-0FFC-89B7CEEFD3C8}.Release|Any CPU.ActiveCfg = Release|Any CPU
		{09DB8612-B13A-D236-0FFC-89B7CEEFD3C8}.Release|Any CPU.Build.0 = Release|Any CPU
		{09DB8612-B13A-D236-0FFC-89B7CEEFD3C8}.Release|x64.ActiveCfg = Release|Any CPU
		{09DB8612-B13A-D236-0FFC-89B7CEEFD3C8}.Release|x64.Build.0 = Release|Any CPU
		{09DB8612-B13A-D236-0FFC-89B7CEEFD3C8}.Release|x86.ActiveCfg = Release|Any CPU
		{09DB8612-B13A-D236-0FFC-89B7CEEFD3C8}.Release|x86.Build.0 = Release|Any CPU
		{1D916F49-EBBB-31D6-050A-C51D92091549}.Debug|Any CPU.ActiveCfg = Debug|Any CPU
		{1D916F49-EBBB-31D6-050A-C51D92091549}.Debug|Any CPU.Build.0 = Debug|Any CPU
		{1D916F49-EBBB-31D6-050A-C51D92091549}.Debug|x64.ActiveCfg = Debug|Any CPU
		{1D916F49-EBBB-31D6-050A-C51D92091549}.Debug|x64.Build.0 = Debug|Any CPU
		{1D916F49-EBBB-31D6-050A-C51D92091549}.Debug|x86.ActiveCfg = Debug|Any CPU
		{1D916F49-EBBB-31D6-050A-C51D92091549}.Debug|x86.Build.0 = Debug|Any CPU
		{1D916F49-EBBB-31D6-050A-C51D92091549}.Release|Any CPU.ActiveCfg = Release|Any CPU
		{1D916F49-EBBB-31D6-050A-C51D92091549}.Release|Any CPU.Build.0 = Release|Any CPU
		{1D916F49-EBBB-31D6-050A-C51D92091549}.Release|x64.ActiveCfg = Release|Any CPU
		{1D916F49-EBBB-31D6-050A-C51D92091549}.Release|x64.Build.0 = Release|Any CPU
		{1D916F49-EBBB-31D6-050A-C51D92091549}.Release|x86.ActiveCfg = Release|Any CPU
		{1D916F49-EBBB-31D6-050A-C51D92091549}.Release|x86.Build.0 = Release|Any CPU
		{9DFEB2AB-3144-261F-43FF-5603F4B7AC4A}.Debug|Any CPU.ActiveCfg = Debug|Any CPU
		{9DFEB2AB-3144-261F-43FF-5603F4B7AC4A}.Debug|Any CPU.Build.0 = Debug|Any CPU
		{9DFEB2AB-3144-261F-43FF-5603F4B7AC4A}.Debug|x64.ActiveCfg = Debug|Any CPU
		{9DFEB2AB-3144-261F-43FF-5603F4B7AC4A}.Debug|x64.Build.0 = Debug|Any CPU
		{9DFEB2AB-3144-261F-43FF-5603F4B7AC4A}.Debug|x86.ActiveCfg = Debug|Any CPU
		{9DFEB2AB-3144-261F-43FF-5603F4B7AC4A}.Debug|x86.Build.0 = Debug|Any CPU
		{9DFEB2AB-3144-261F-43FF-5603F4B7AC4A}.Release|Any CPU.ActiveCfg = Release|Any CPU
		{9DFEB2AB-3144-261F-43FF-5603F4B7AC4A}.Release|Any CPU.Build.0 = Release|Any CPU
		{9DFEB2AB-3144-261F-43FF-5603F4B7AC4A}.Release|x64.ActiveCfg = Release|Any CPU
		{9DFEB2AB-3144-261F-43FF-5603F4B7AC4A}.Release|x64.Build.0 = Release|Any CPU
		{9DFEB2AB-3144-261F-43FF-5603F4B7AC4A}.Release|x86.ActiveCfg = Release|Any CPU
		{9DFEB2AB-3144-261F-43FF-5603F4B7AC4A}.Release|x86.Build.0 = Release|Any CPU
		{96D3786D-8409-F7CE-33E6-238D37ADF11E}.Debug|Any CPU.ActiveCfg = Debug|Any CPU
		{96D3786D-8409-F7CE-33E6-238D37ADF11E}.Debug|Any CPU.Build.0 = Debug|Any CPU
		{96D3786D-8409-F7CE-33E6-238D37ADF11E}.Debug|x64.ActiveCfg = Debug|Any CPU
		{96D3786D-8409-F7CE-33E6-238D37ADF11E}.Debug|x64.Build.0 = Debug|Any CPU
		{96D3786D-8409-F7CE-33E6-238D37ADF11E}.Debug|x86.ActiveCfg = Debug|Any CPU
		{96D3786D-8409-F7CE-33E6-238D37ADF11E}.Debug|x86.Build.0 = Debug|Any CPU
		{96D3786D-8409-F7CE-33E6-238D37ADF11E}.Release|Any CPU.ActiveCfg = Release|Any CPU
		{96D3786D-8409-F7CE-33E6-238D37ADF11E}.Release|Any CPU.Build.0 = Release|Any CPU
		{96D3786D-8409-F7CE-33E6-238D37ADF11E}.Release|x64.ActiveCfg = Release|Any CPU
		{96D3786D-8409-F7CE-33E6-238D37ADF11E}.Release|x64.Build.0 = Release|Any CPU
		{96D3786D-8409-F7CE-33E6-238D37ADF11E}.Release|x86.ActiveCfg = Release|Any CPU
		{96D3786D-8409-F7CE-33E6-238D37ADF11E}.Release|x86.Build.0 = Release|Any CPU
		{97D5C3E8-695C-1D3E-B5ED-97C8992788F4}.Debug|Any CPU.ActiveCfg = Debug|Any CPU
		{97D5C3E8-695C-1D3E-B5ED-97C8992788F4}.Debug|Any CPU.Build.0 = Debug|Any CPU
		{97D5C3E8-695C-1D3E-B5ED-97C8992788F4}.Debug|x64.ActiveCfg = Debug|Any CPU
		{97D5C3E8-695C-1D3E-B5ED-97C8992788F4}.Debug|x64.Build.0 = Debug|Any CPU
		{97D5C3E8-695C-1D3E-B5ED-97C8992788F4}.Debug|x86.ActiveCfg = Debug|Any CPU
		{97D5C3E8-695C-1D3E-B5ED-97C8992788F4}.Debug|x86.Build.0 = Debug|Any CPU
		{97D5C3E8-695C-1D3E-B5ED-97C8992788F4}.Release|Any CPU.ActiveCfg = Release|Any CPU
		{97D5C3E8-695C-1D3E-B5ED-97C8992788F4}.Release|Any CPU.Build.0 = Release|Any CPU
		{97D5C3E8-695C-1D3E-B5ED-97C8992788F4}.Release|x64.ActiveCfg = Release|Any CPU
		{97D5C3E8-695C-1D3E-B5ED-97C8992788F4}.Release|x64.Build.0 = Release|Any CPU
		{97D5C3E8-695C-1D3E-B5ED-97C8992788F4}.Release|x86.ActiveCfg = Release|Any CPU
		{97D5C3E8-695C-1D3E-B5ED-97C8992788F4}.Release|x86.Build.0 = Release|Any CPU
		{19CB62C5-5E2A-1C91-BD59-4192B169FE8E}.Debug|Any CPU.ActiveCfg = Debug|Any CPU
		{19CB62C5-5E2A-1C91-BD59-4192B169FE8E}.Debug|Any CPU.Build.0 = Debug|Any CPU
		{19CB62C5-5E2A-1C91-BD59-4192B169FE8E}.Debug|x64.ActiveCfg = Debug|Any CPU
		{19CB62C5-5E2A-1C91-BD59-4192B169FE8E}.Debug|x64.Build.0 = Debug|Any CPU
		{19CB62C5-5E2A-1C91-BD59-4192B169FE8E}.Debug|x86.ActiveCfg = Debug|Any CPU
		{19CB62C5-5E2A-1C91-BD59-4192B169FE8E}.Debug|x86.Build.0 = Debug|Any CPU
		{19CB62C5-5E2A-1C91-BD59-4192B169FE8E}.Release|Any CPU.ActiveCfg = Release|Any CPU
		{19CB62C5-5E2A-1C91-BD59-4192B169FE8E}.Release|Any CPU.Build.0 = Release|Any CPU
		{19CB62C5-5E2A-1C91-BD59-4192B169FE8E}.Release|x64.ActiveCfg = Release|Any CPU
		{19CB62C5-5E2A-1C91-BD59-4192B169FE8E}.Release|x64.Build.0 = Release|Any CPU
		{19CB62C5-5E2A-1C91-BD59-4192B169FE8E}.Release|x86.ActiveCfg = Release|Any CPU
		{19CB62C5-5E2A-1C91-BD59-4192B169FE8E}.Release|x86.Build.0 = Release|Any CPU
		{D26332D0-92BD-9209-81A6-EE5437DEC0EB}.Debug|Any CPU.ActiveCfg = Debug|Any CPU
		{D26332D0-92BD-9209-81A6-EE5437DEC0EB}.Debug|Any CPU.Build.0 = Debug|Any CPU
		{D26332D0-92BD-9209-81A6-EE5437DEC0EB}.Debug|x64.ActiveCfg = Debug|Any CPU
		{D26332D0-92BD-9209-81A6-EE5437DEC0EB}.Debug|x64.Build.0 = Debug|Any CPU
		{D26332D0-92BD-9209-81A6-EE5437DEC0EB}.Debug|x86.ActiveCfg = Debug|Any CPU
		{D26332D0-92BD-9209-81A6-EE5437DEC0EB}.Debug|x86.Build.0 = Debug|Any CPU
		{D26332D0-92BD-9209-81A6-EE5437DEC0EB}.Release|Any CPU.ActiveCfg = Release|Any CPU
		{D26332D0-92BD-9209-81A6-EE5437DEC0EB}.Release|Any CPU.Build.0 = Release|Any CPU
		{D26332D0-92BD-9209-81A6-EE5437DEC0EB}.Release|x64.ActiveCfg = Release|Any CPU
		{D26332D0-92BD-9209-81A6-EE5437DEC0EB}.Release|x64.Build.0 = Release|Any CPU
		{D26332D0-92BD-9209-81A6-EE5437DEC0EB}.Release|x86.ActiveCfg = Release|Any CPU
		{D26332D0-92BD-9209-81A6-EE5437DEC0EB}.Release|x86.Build.0 = Release|Any CPU
		{A44EC533-B04D-ED0D-EB3C-84A40188202B}.Debug|Any CPU.ActiveCfg = Debug|Any CPU
		{A44EC533-B04D-ED0D-EB3C-84A40188202B}.Debug|Any CPU.Build.0 = Debug|Any CPU
		{A44EC533-B04D-ED0D-EB3C-84A40188202B}.Debug|x64.ActiveCfg = Debug|Any CPU
		{A44EC533-B04D-ED0D-EB3C-84A40188202B}.Debug|x64.Build.0 = Debug|Any CPU
		{A44EC533-B04D-ED0D-EB3C-84A40188202B}.Debug|x86.ActiveCfg = Debug|Any CPU
		{A44EC533-B04D-ED0D-EB3C-84A40188202B}.Debug|x86.Build.0 = Debug|Any CPU
		{A44EC533-B04D-ED0D-EB3C-84A40188202B}.Release|Any CPU.ActiveCfg = Release|Any CPU
		{A44EC533-B04D-ED0D-EB3C-84A40188202B}.Release|Any CPU.Build.0 = Release|Any CPU
		{A44EC533-B04D-ED0D-EB3C-84A40188202B}.Release|x64.ActiveCfg = Release|Any CPU
		{A44EC533-B04D-ED0D-EB3C-84A40188202B}.Release|x64.Build.0 = Release|Any CPU
		{A44EC533-B04D-ED0D-EB3C-84A40188202B}.Release|x86.ActiveCfg = Release|Any CPU
		{A44EC533-B04D-ED0D-EB3C-84A40188202B}.Release|x86.Build.0 = Release|Any CPU
		{92539087-9E5C-28E8-25D9-B0189060C6BA}.Debug|Any CPU.ActiveCfg = Debug|Any CPU
		{92539087-9E5C-28E8-25D9-B0189060C6BA}.Debug|Any CPU.Build.0 = Debug|Any CPU
		{92539087-9E5C-28E8-25D9-B0189060C6BA}.Debug|x64.ActiveCfg = Debug|Any CPU
		{92539087-9E5C-28E8-25D9-B0189060C6BA}.Debug|x64.Build.0 = Debug|Any CPU
		{92539087-9E5C-28E8-25D9-B0189060C6BA}.Debug|x86.ActiveCfg = Debug|Any CPU
		{92539087-9E5C-28E8-25D9-B0189060C6BA}.Debug|x86.Build.0 = Debug|Any CPU
		{92539087-9E5C-28E8-25D9-B0189060C6BA}.Release|Any CPU.ActiveCfg = Release|Any CPU
		{92539087-9E5C-28E8-25D9-B0189060C6BA}.Release|Any CPU.Build.0 = Release|Any CPU
		{92539087-9E5C-28E8-25D9-B0189060C6BA}.Release|x64.ActiveCfg = Release|Any CPU
		{92539087-9E5C-28E8-25D9-B0189060C6BA}.Release|x64.Build.0 = Release|Any CPU
		{92539087-9E5C-28E8-25D9-B0189060C6BA}.Release|x86.ActiveCfg = Release|Any CPU
		{92539087-9E5C-28E8-25D9-B0189060C6BA}.Release|x86.Build.0 = Release|Any CPU
		{384DABE2-30C9-116E-0D4C-B4EBF273171F}.Debug|Any CPU.ActiveCfg = Debug|Any CPU
		{384DABE2-30C9-116E-0D4C-B4EBF273171F}.Debug|Any CPU.Build.0 = Debug|Any CPU
		{384DABE2-30C9-116E-0D4C-B4EBF273171F}.Debug|x64.ActiveCfg = Debug|Any CPU
		{384DABE2-30C9-116E-0D4C-B4EBF273171F}.Debug|x64.Build.0 = Debug|Any CPU
		{384DABE2-30C9-116E-0D4C-B4EBF273171F}.Debug|x86.ActiveCfg = Debug|Any CPU
		{384DABE2-30C9-116E-0D4C-B4EBF273171F}.Debug|x86.Build.0 = Debug|Any CPU
		{384DABE2-30C9-116E-0D4C-B4EBF273171F}.Release|Any CPU.ActiveCfg = Release|Any CPU
		{384DABE2-30C9-116E-0D4C-B4EBF273171F}.Release|Any CPU.Build.0 = Release|Any CPU
		{384DABE2-30C9-116E-0D4C-B4EBF273171F}.Release|x64.ActiveCfg = Release|Any CPU
		{384DABE2-30C9-116E-0D4C-B4EBF273171F}.Release|x64.Build.0 = Release|Any CPU
		{384DABE2-30C9-116E-0D4C-B4EBF273171F}.Release|x86.ActiveCfg = Release|Any CPU
		{384DABE2-30C9-116E-0D4C-B4EBF273171F}.Release|x86.Build.0 = Release|Any CPU
		{A3C7555B-D25F-8975-A0C7-A2D162F47197}.Debug|Any CPU.ActiveCfg = Debug|Any CPU
		{A3C7555B-D25F-8975-A0C7-A2D162F47197}.Debug|Any CPU.Build.0 = Debug|Any CPU
		{A3C7555B-D25F-8975-A0C7-A2D162F47197}.Debug|x64.ActiveCfg = Debug|Any CPU
		{A3C7555B-D25F-8975-A0C7-A2D162F47197}.Debug|x64.Build.0 = Debug|Any CPU
		{A3C7555B-D25F-8975-A0C7-A2D162F47197}.Debug|x86.ActiveCfg = Debug|Any CPU
		{A3C7555B-D25F-8975-A0C7-A2D162F47197}.Debug|x86.Build.0 = Debug|Any CPU
		{A3C7555B-D25F-8975-A0C7-A2D162F47197}.Release|Any CPU.ActiveCfg = Release|Any CPU
		{A3C7555B-D25F-8975-A0C7-A2D162F47197}.Release|Any CPU.Build.0 = Release|Any CPU
		{A3C7555B-D25F-8975-A0C7-A2D162F47197}.Release|x64.ActiveCfg = Release|Any CPU
		{A3C7555B-D25F-8975-A0C7-A2D162F47197}.Release|x64.Build.0 = Release|Any CPU
		{A3C7555B-D25F-8975-A0C7-A2D162F47197}.Release|x86.ActiveCfg = Release|Any CPU
		{A3C7555B-D25F-8975-A0C7-A2D162F47197}.Release|x86.Build.0 = Release|Any CPU
		{790D5C04-551F-B56A-6D70-4626F85632EB}.Debug|Any CPU.ActiveCfg = Debug|Any CPU
		{790D5C04-551F-B56A-6D70-4626F85632EB}.Debug|Any CPU.Build.0 = Debug|Any CPU
		{790D5C04-551F-B56A-6D70-4626F85632EB}.Debug|x64.ActiveCfg = Debug|Any CPU
		{790D5C04-551F-B56A-6D70-4626F85632EB}.Debug|x64.Build.0 = Debug|Any CPU
		{790D5C04-551F-B56A-6D70-4626F85632EB}.Debug|x86.ActiveCfg = Debug|Any CPU
		{790D5C04-551F-B56A-6D70-4626F85632EB}.Debug|x86.Build.0 = Debug|Any CPU
		{790D5C04-551F-B56A-6D70-4626F85632EB}.Release|Any CPU.ActiveCfg = Release|Any CPU
		{790D5C04-551F-B56A-6D70-4626F85632EB}.Release|Any CPU.Build.0 = Release|Any CPU
		{790D5C04-551F-B56A-6D70-4626F85632EB}.Release|x64.ActiveCfg = Release|Any CPU
		{790D5C04-551F-B56A-6D70-4626F85632EB}.Release|x64.Build.0 = Release|Any CPU
		{790D5C04-551F-B56A-6D70-4626F85632EB}.Release|x86.ActiveCfg = Release|Any CPU
		{790D5C04-551F-B56A-6D70-4626F85632EB}.Release|x86.Build.0 = Release|Any CPU
		{39CC3787-D42C-8197-47B8-2295E20A440A}.Debug|Any CPU.ActiveCfg = Debug|Any CPU
		{39CC3787-D42C-8197-47B8-2295E20A440A}.Debug|Any CPU.Build.0 = Debug|Any CPU
		{39CC3787-D42C-8197-47B8-2295E20A440A}.Debug|x64.ActiveCfg = Debug|Any CPU
		{39CC3787-D42C-8197-47B8-2295E20A440A}.Debug|x64.Build.0 = Debug|Any CPU
		{39CC3787-D42C-8197-47B8-2295E20A440A}.Debug|x86.ActiveCfg = Debug|Any CPU
		{39CC3787-D42C-8197-47B8-2295E20A440A}.Debug|x86.Build.0 = Debug|Any CPU
		{39CC3787-D42C-8197-47B8-2295E20A440A}.Release|Any CPU.ActiveCfg = Release|Any CPU
		{39CC3787-D42C-8197-47B8-2295E20A440A}.Release|Any CPU.Build.0 = Release|Any CPU
		{39CC3787-D42C-8197-47B8-2295E20A440A}.Release|x64.ActiveCfg = Release|Any CPU
		{39CC3787-D42C-8197-47B8-2295E20A440A}.Release|x64.Build.0 = Release|Any CPU
		{39CC3787-D42C-8197-47B8-2295E20A440A}.Release|x86.ActiveCfg = Release|Any CPU
		{39CC3787-D42C-8197-47B8-2295E20A440A}.Release|x86.Build.0 = Release|Any CPU
		{760DD538-65C1-F235-E408-F18CD10A88B9}.Debug|Any CPU.ActiveCfg = Debug|Any CPU
		{760DD538-65C1-F235-E408-F18CD10A88B9}.Debug|Any CPU.Build.0 = Debug|Any CPU
		{760DD538-65C1-F235-E408-F18CD10A88B9}.Debug|x64.ActiveCfg = Debug|Any CPU
		{760DD538-65C1-F235-E408-F18CD10A88B9}.Debug|x64.Build.0 = Debug|Any CPU
		{760DD538-65C1-F235-E408-F18CD10A88B9}.Debug|x86.ActiveCfg = Debug|Any CPU
		{760DD538-65C1-F235-E408-F18CD10A88B9}.Debug|x86.Build.0 = Debug|Any CPU
		{760DD538-65C1-F235-E408-F18CD10A88B9}.Release|Any CPU.ActiveCfg = Release|Any CPU
		{760DD538-65C1-F235-E408-F18CD10A88B9}.Release|Any CPU.Build.0 = Release|Any CPU
		{760DD538-65C1-F235-E408-F18CD10A88B9}.Release|x64.ActiveCfg = Release|Any CPU
		{760DD538-65C1-F235-E408-F18CD10A88B9}.Release|x64.Build.0 = Release|Any CPU
		{760DD538-65C1-F235-E408-F18CD10A88B9}.Release|x86.ActiveCfg = Release|Any CPU
		{760DD538-65C1-F235-E408-F18CD10A88B9}.Release|x86.Build.0 = Release|Any CPU
		{A0ABBB6D-1E26-15D6-18E6-7047E202C116}.Debug|Any CPU.ActiveCfg = Debug|Any CPU
		{A0ABBB6D-1E26-15D6-18E6-7047E202C116}.Debug|Any CPU.Build.0 = Debug|Any CPU
		{A0ABBB6D-1E26-15D6-18E6-7047E202C116}.Debug|x64.ActiveCfg = Debug|Any CPU
		{A0ABBB6D-1E26-15D6-18E6-7047E202C116}.Debug|x64.Build.0 = Debug|Any CPU
		{A0ABBB6D-1E26-15D6-18E6-7047E202C116}.Debug|x86.ActiveCfg = Debug|Any CPU
		{A0ABBB6D-1E26-15D6-18E6-7047E202C116}.Debug|x86.Build.0 = Debug|Any CPU
		{A0ABBB6D-1E26-15D6-18E6-7047E202C116}.Release|Any CPU.ActiveCfg = Release|Any CPU
		{A0ABBB6D-1E26-15D6-18E6-7047E202C116}.Release|Any CPU.Build.0 = Release|Any CPU
		{A0ABBB6D-1E26-15D6-18E6-7047E202C116}.Release|x64.ActiveCfg = Release|Any CPU
		{A0ABBB6D-1E26-15D6-18E6-7047E202C116}.Release|x64.Build.0 = Release|Any CPU
		{A0ABBB6D-1E26-15D6-18E6-7047E202C116}.Release|x86.ActiveCfg = Release|Any CPU
		{A0ABBB6D-1E26-15D6-18E6-7047E202C116}.Release|x86.Build.0 = Release|Any CPU
		{BEC8E428-E656-B3E8-3889-AB06A17953FA}.Debug|Any CPU.ActiveCfg = Debug|Any CPU
		{BEC8E428-E656-B3E8-3889-AB06A17953FA}.Debug|Any CPU.Build.0 = Debug|Any CPU
		{BEC8E428-E656-B3E8-3889-AB06A17953FA}.Debug|x64.ActiveCfg = Debug|Any CPU
		{BEC8E428-E656-B3E8-3889-AB06A17953FA}.Debug|x64.Build.0 = Debug|Any CPU
		{BEC8E428-E656-B3E8-3889-AB06A17953FA}.Debug|x86.ActiveCfg = Debug|Any CPU
		{BEC8E428-E656-B3E8-3889-AB06A17953FA}.Debug|x86.Build.0 = Debug|Any CPU
		{BEC8E428-E656-B3E8-3889-AB06A17953FA}.Release|Any CPU.ActiveCfg = Release|Any CPU
		{BEC8E428-E656-B3E8-3889-AB06A17953FA}.Release|Any CPU.Build.0 = Release|Any CPU
		{BEC8E428-E656-B3E8-3889-AB06A17953FA}.Release|x64.ActiveCfg = Release|Any CPU
		{BEC8E428-E656-B3E8-3889-AB06A17953FA}.Release|x64.Build.0 = Release|Any CPU
		{BEC8E428-E656-B3E8-3889-AB06A17953FA}.Release|x86.ActiveCfg = Release|Any CPU
		{BEC8E428-E656-B3E8-3889-AB06A17953FA}.Release|x86.Build.0 = Release|Any CPU
		{B1465CB4-75A8-ED64-3167-332C51FA043C}.Debug|Any CPU.ActiveCfg = Debug|Any CPU
		{B1465CB4-75A8-ED64-3167-332C51FA043C}.Debug|Any CPU.Build.0 = Debug|Any CPU
		{B1465CB4-75A8-ED64-3167-332C51FA043C}.Debug|x64.ActiveCfg = Debug|Any CPU
		{B1465CB4-75A8-ED64-3167-332C51FA043C}.Debug|x64.Build.0 = Debug|Any CPU
		{B1465CB4-75A8-ED64-3167-332C51FA043C}.Debug|x86.ActiveCfg = Debug|Any CPU
		{B1465CB4-75A8-ED64-3167-332C51FA043C}.Debug|x86.Build.0 = Debug|Any CPU
		{B1465CB4-75A8-ED64-3167-332C51FA043C}.Release|Any CPU.ActiveCfg = Release|Any CPU
		{B1465CB4-75A8-ED64-3167-332C51FA043C}.Release|Any CPU.Build.0 = Release|Any CPU
		{B1465CB4-75A8-ED64-3167-332C51FA043C}.Release|x64.ActiveCfg = Release|Any CPU
		{B1465CB4-75A8-ED64-3167-332C51FA043C}.Release|x64.Build.0 = Release|Any CPU
		{B1465CB4-75A8-ED64-3167-332C51FA043C}.Release|x86.ActiveCfg = Release|Any CPU
		{B1465CB4-75A8-ED64-3167-332C51FA043C}.Release|x86.Build.0 = Release|Any CPU
		{2DC48BAF-BDB7-9AA8-0548-9B360C75DFFB}.Debug|Any CPU.ActiveCfg = Debug|Any CPU
		{2DC48BAF-BDB7-9AA8-0548-9B360C75DFFB}.Debug|Any CPU.Build.0 = Debug|Any CPU
		{2DC48BAF-BDB7-9AA8-0548-9B360C75DFFB}.Debug|x64.ActiveCfg = Debug|Any CPU
		{2DC48BAF-BDB7-9AA8-0548-9B360C75DFFB}.Debug|x64.Build.0 = Debug|Any CPU
		{2DC48BAF-BDB7-9AA8-0548-9B360C75DFFB}.Debug|x86.ActiveCfg = Debug|Any CPU
		{2DC48BAF-BDB7-9AA8-0548-9B360C75DFFB}.Debug|x86.Build.0 = Debug|Any CPU
		{2DC48BAF-BDB7-9AA8-0548-9B360C75DFFB}.Release|Any CPU.ActiveCfg = Release|Any CPU
		{2DC48BAF-BDB7-9AA8-0548-9B360C75DFFB}.Release|Any CPU.Build.0 = Release|Any CPU
		{2DC48BAF-BDB7-9AA8-0548-9B360C75DFFB}.Release|x64.ActiveCfg = Release|Any CPU
		{2DC48BAF-BDB7-9AA8-0548-9B360C75DFFB}.Release|x64.Build.0 = Release|Any CPU
		{2DC48BAF-BDB7-9AA8-0548-9B360C75DFFB}.Release|x86.ActiveCfg = Release|Any CPU
		{2DC48BAF-BDB7-9AA8-0548-9B360C75DFFB}.Release|x86.Build.0 = Release|Any CPU
		{7C4ECC4B-A4DC-0B14-4090-493893494482}.Debug|Any CPU.ActiveCfg = Debug|Any CPU
		{7C4ECC4B-A4DC-0B14-4090-493893494482}.Debug|Any CPU.Build.0 = Debug|Any CPU
		{7C4ECC4B-A4DC-0B14-4090-493893494482}.Debug|x64.ActiveCfg = Debug|Any CPU
		{7C4ECC4B-A4DC-0B14-4090-493893494482}.Debug|x64.Build.0 = Debug|Any CPU
		{7C4ECC4B-A4DC-0B14-4090-493893494482}.Debug|x86.ActiveCfg = Debug|Any CPU
		{7C4ECC4B-A4DC-0B14-4090-493893494482}.Debug|x86.Build.0 = Debug|Any CPU
		{7C4ECC4B-A4DC-0B14-4090-493893494482}.Release|Any CPU.ActiveCfg = Release|Any CPU
		{7C4ECC4B-A4DC-0B14-4090-493893494482}.Release|Any CPU.Build.0 = Release|Any CPU
		{7C4ECC4B-A4DC-0B14-4090-493893494482}.Release|x64.ActiveCfg = Release|Any CPU
		{7C4ECC4B-A4DC-0B14-4090-493893494482}.Release|x64.Build.0 = Release|Any CPU
		{7C4ECC4B-A4DC-0B14-4090-493893494482}.Release|x86.ActiveCfg = Release|Any CPU
		{7C4ECC4B-A4DC-0B14-4090-493893494482}.Release|x86.Build.0 = Release|Any CPU
		{FE4E373C-450F-7C74-9F6D-024746069415}.Debug|Any CPU.ActiveCfg = Debug|Any CPU
		{FE4E373C-450F-7C74-9F6D-024746069415}.Debug|Any CPU.Build.0 = Debug|Any CPU
		{FE4E373C-450F-7C74-9F6D-024746069415}.Debug|x64.ActiveCfg = Debug|Any CPU
		{FE4E373C-450F-7C74-9F6D-024746069415}.Debug|x64.Build.0 = Debug|Any CPU
		{FE4E373C-450F-7C74-9F6D-024746069415}.Debug|x86.ActiveCfg = Debug|Any CPU
		{FE4E373C-450F-7C74-9F6D-024746069415}.Debug|x86.Build.0 = Debug|Any CPU
		{FE4E373C-450F-7C74-9F6D-024746069415}.Release|Any CPU.ActiveCfg = Release|Any CPU
		{FE4E373C-450F-7C74-9F6D-024746069415}.Release|Any CPU.Build.0 = Release|Any CPU
		{FE4E373C-450F-7C74-9F6D-024746069415}.Release|x64.ActiveCfg = Release|Any CPU
		{FE4E373C-450F-7C74-9F6D-024746069415}.Release|x64.Build.0 = Release|Any CPU
		{FE4E373C-450F-7C74-9F6D-024746069415}.Release|x86.ActiveCfg = Release|Any CPU
		{FE4E373C-450F-7C74-9F6D-024746069415}.Release|x86.Build.0 = Release|Any CPU
		{88D55A3A-F32D-58EE-707D-5F058CF8B85A}.Debug|Any CPU.ActiveCfg = Debug|Any CPU
		{88D55A3A-F32D-58EE-707D-5F058CF8B85A}.Debug|Any CPU.Build.0 = Debug|Any CPU
		{88D55A3A-F32D-58EE-707D-5F058CF8B85A}.Debug|x64.ActiveCfg = Debug|Any CPU
		{88D55A3A-F32D-58EE-707D-5F058CF8B85A}.Debug|x64.Build.0 = Debug|Any CPU
		{88D55A3A-F32D-58EE-707D-5F058CF8B85A}.Debug|x86.ActiveCfg = Debug|Any CPU
		{88D55A3A-F32D-58EE-707D-5F058CF8B85A}.Debug|x86.Build.0 = Debug|Any CPU
		{88D55A3A-F32D-58EE-707D-5F058CF8B85A}.Release|Any CPU.ActiveCfg = Release|Any CPU
		{88D55A3A-F32D-58EE-707D-5F058CF8B85A}.Release|Any CPU.Build.0 = Release|Any CPU
		{88D55A3A-F32D-58EE-707D-5F058CF8B85A}.Release|x64.ActiveCfg = Release|Any CPU
		{88D55A3A-F32D-58EE-707D-5F058CF8B85A}.Release|x64.Build.0 = Release|Any CPU
		{88D55A3A-F32D-58EE-707D-5F058CF8B85A}.Release|x86.ActiveCfg = Release|Any CPU
		{88D55A3A-F32D-58EE-707D-5F058CF8B85A}.Release|x86.Build.0 = Release|Any CPU
		{3C9419FA-9F40-893B-3525-6FD81B422AC7}.Debug|Any CPU.ActiveCfg = Debug|Any CPU
		{3C9419FA-9F40-893B-3525-6FD81B422AC7}.Debug|Any CPU.Build.0 = Debug|Any CPU
		{3C9419FA-9F40-893B-3525-6FD81B422AC7}.Debug|x64.ActiveCfg = Debug|Any CPU
		{3C9419FA-9F40-893B-3525-6FD81B422AC7}.Debug|x64.Build.0 = Debug|Any CPU
		{3C9419FA-9F40-893B-3525-6FD81B422AC7}.Debug|x86.ActiveCfg = Debug|Any CPU
		{3C9419FA-9F40-893B-3525-6FD81B422AC7}.Debug|x86.Build.0 = Debug|Any CPU
		{3C9419FA-9F40-893B-3525-6FD81B422AC7}.Release|Any CPU.ActiveCfg = Release|Any CPU
		{3C9419FA-9F40-893B-3525-6FD81B422AC7}.Release|Any CPU.Build.0 = Release|Any CPU
		{3C9419FA-9F40-893B-3525-6FD81B422AC7}.Release|x64.ActiveCfg = Release|Any CPU
		{3C9419FA-9F40-893B-3525-6FD81B422AC7}.Release|x64.Build.0 = Release|Any CPU
		{3C9419FA-9F40-893B-3525-6FD81B422AC7}.Release|x86.ActiveCfg = Release|Any CPU
		{3C9419FA-9F40-893B-3525-6FD81B422AC7}.Release|x86.Build.0 = Release|Any CPU
		{1DC09D0F-770E-7E10-8392-3590F170654F}.Debug|Any CPU.ActiveCfg = Debug|Any CPU
		{1DC09D0F-770E-7E10-8392-3590F170654F}.Debug|Any CPU.Build.0 = Debug|Any CPU
		{1DC09D0F-770E-7E10-8392-3590F170654F}.Debug|x64.ActiveCfg = Debug|Any CPU
		{1DC09D0F-770E-7E10-8392-3590F170654F}.Debug|x64.Build.0 = Debug|Any CPU
		{1DC09D0F-770E-7E10-8392-3590F170654F}.Debug|x86.ActiveCfg = Debug|Any CPU
		{1DC09D0F-770E-7E10-8392-3590F170654F}.Debug|x86.Build.0 = Debug|Any CPU
		{1DC09D0F-770E-7E10-8392-3590F170654F}.Release|Any CPU.ActiveCfg = Release|Any CPU
		{1DC09D0F-770E-7E10-8392-3590F170654F}.Release|Any CPU.Build.0 = Release|Any CPU
		{1DC09D0F-770E-7E10-8392-3590F170654F}.Release|x64.ActiveCfg = Release|Any CPU
		{1DC09D0F-770E-7E10-8392-3590F170654F}.Release|x64.Build.0 = Release|Any CPU
		{1DC09D0F-770E-7E10-8392-3590F170654F}.Release|x86.ActiveCfg = Release|Any CPU
		{1DC09D0F-770E-7E10-8392-3590F170654F}.Release|x86.Build.0 = Release|Any CPU
		{48A0B80E-8039-86F6-0CAC-3181CC001FE9}.Debug|Any CPU.ActiveCfg = Debug|Any CPU
		{48A0B80E-8039-86F6-0CAC-3181CC001FE9}.Debug|Any CPU.Build.0 = Debug|Any CPU
		{48A0B80E-8039-86F6-0CAC-3181CC001FE9}.Debug|x64.ActiveCfg = Debug|Any CPU
		{48A0B80E-8039-86F6-0CAC-3181CC001FE9}.Debug|x64.Build.0 = Debug|Any CPU
		{48A0B80E-8039-86F6-0CAC-3181CC001FE9}.Debug|x86.ActiveCfg = Debug|Any CPU
		{48A0B80E-8039-86F6-0CAC-3181CC001FE9}.Debug|x86.Build.0 = Debug|Any CPU
		{48A0B80E-8039-86F6-0CAC-3181CC001FE9}.Release|Any CPU.ActiveCfg = Release|Any CPU
		{48A0B80E-8039-86F6-0CAC-3181CC001FE9}.Release|Any CPU.Build.0 = Release|Any CPU
		{48A0B80E-8039-86F6-0CAC-3181CC001FE9}.Release|x64.ActiveCfg = Release|Any CPU
		{48A0B80E-8039-86F6-0CAC-3181CC001FE9}.Release|x64.Build.0 = Release|Any CPU
		{48A0B80E-8039-86F6-0CAC-3181CC001FE9}.Release|x86.ActiveCfg = Release|Any CPU
		{48A0B80E-8039-86F6-0CAC-3181CC001FE9}.Release|x86.Build.0 = Release|Any CPU
		{DAF29D1A-B20D-A643-5CF6-EBCF7967E01F}.Debug|Any CPU.ActiveCfg = Debug|Any CPU
		{DAF29D1A-B20D-A643-5CF6-EBCF7967E01F}.Debug|Any CPU.Build.0 = Debug|Any CPU
		{DAF29D1A-B20D-A643-5CF6-EBCF7967E01F}.Debug|x64.ActiveCfg = Debug|Any CPU
		{DAF29D1A-B20D-A643-5CF6-EBCF7967E01F}.Debug|x64.Build.0 = Debug|Any CPU
		{DAF29D1A-B20D-A643-5CF6-EBCF7967E01F}.Debug|x86.ActiveCfg = Debug|Any CPU
		{DAF29D1A-B20D-A643-5CF6-EBCF7967E01F}.Debug|x86.Build.0 = Debug|Any CPU
		{DAF29D1A-B20D-A643-5CF6-EBCF7967E01F}.Release|Any CPU.ActiveCfg = Release|Any CPU
		{DAF29D1A-B20D-A643-5CF6-EBCF7967E01F}.Release|Any CPU.Build.0 = Release|Any CPU
		{DAF29D1A-B20D-A643-5CF6-EBCF7967E01F}.Release|x64.ActiveCfg = Release|Any CPU
		{DAF29D1A-B20D-A643-5CF6-EBCF7967E01F}.Release|x64.Build.0 = Release|Any CPU
		{DAF29D1A-B20D-A643-5CF6-EBCF7967E01F}.Release|x86.ActiveCfg = Release|Any CPU
		{DAF29D1A-B20D-A643-5CF6-EBCF7967E01F}.Release|x86.Build.0 = Release|Any CPU
		{57D59323-9787-ABDD-316F-B905279C0E24}.Debug|Any CPU.ActiveCfg = Debug|Any CPU
		{57D59323-9787-ABDD-316F-B905279C0E24}.Debug|Any CPU.Build.0 = Debug|Any CPU
		{57D59323-9787-ABDD-316F-B905279C0E24}.Debug|x64.ActiveCfg = Debug|Any CPU
		{57D59323-9787-ABDD-316F-B905279C0E24}.Debug|x64.Build.0 = Debug|Any CPU
		{57D59323-9787-ABDD-316F-B905279C0E24}.Debug|x86.ActiveCfg = Debug|Any CPU
		{57D59323-9787-ABDD-316F-B905279C0E24}.Debug|x86.Build.0 = Debug|Any CPU
		{57D59323-9787-ABDD-316F-B905279C0E24}.Release|Any CPU.ActiveCfg = Release|Any CPU
		{57D59323-9787-ABDD-316F-B905279C0E24}.Release|Any CPU.Build.0 = Release|Any CPU
		{57D59323-9787-ABDD-316F-B905279C0E24}.Release|x64.ActiveCfg = Release|Any CPU
		{57D59323-9787-ABDD-316F-B905279C0E24}.Release|x64.Build.0 = Release|Any CPU
		{57D59323-9787-ABDD-316F-B905279C0E24}.Release|x86.ActiveCfg = Release|Any CPU
		{57D59323-9787-ABDD-316F-B905279C0E24}.Release|x86.Build.0 = Release|Any CPU
		{ED672730-F54F-641A-F4A5-4A7CDBC3697A}.Debug|Any CPU.ActiveCfg = Debug|Any CPU
		{ED672730-F54F-641A-F4A5-4A7CDBC3697A}.Debug|Any CPU.Build.0 = Debug|Any CPU
		{ED672730-F54F-641A-F4A5-4A7CDBC3697A}.Debug|x64.ActiveCfg = Debug|Any CPU
		{ED672730-F54F-641A-F4A5-4A7CDBC3697A}.Debug|x64.Build.0 = Debug|Any CPU
		{ED672730-F54F-641A-F4A5-4A7CDBC3697A}.Debug|x86.ActiveCfg = Debug|Any CPU
		{ED672730-F54F-641A-F4A5-4A7CDBC3697A}.Debug|x86.Build.0 = Debug|Any CPU
		{ED672730-F54F-641A-F4A5-4A7CDBC3697A}.Release|Any CPU.ActiveCfg = Release|Any CPU
		{ED672730-F54F-641A-F4A5-4A7CDBC3697A}.Release|Any CPU.Build.0 = Release|Any CPU
		{ED672730-F54F-641A-F4A5-4A7CDBC3697A}.Release|x64.ActiveCfg = Release|Any CPU
		{ED672730-F54F-641A-F4A5-4A7CDBC3697A}.Release|x64.Build.0 = Release|Any CPU
		{ED672730-F54F-641A-F4A5-4A7CDBC3697A}.Release|x86.ActiveCfg = Release|Any CPU
		{ED672730-F54F-641A-F4A5-4A7CDBC3697A}.Release|x86.Build.0 = Release|Any CPU
		{9D9D296B-544C-421B-990B-FBF87C5B4B2D}.Debug|Any CPU.ActiveCfg = Debug|Any CPU
		{9D9D296B-544C-421B-990B-FBF87C5B4B2D}.Debug|Any CPU.Build.0 = Debug|Any CPU
		{9D9D296B-544C-421B-990B-FBF87C5B4B2D}.Debug|x64.ActiveCfg = Debug|Any CPU
		{9D9D296B-544C-421B-990B-FBF87C5B4B2D}.Debug|x64.Build.0 = Debug|Any CPU
		{9D9D296B-544C-421B-990B-FBF87C5B4B2D}.Debug|x86.ActiveCfg = Debug|Any CPU
		{9D9D296B-544C-421B-990B-FBF87C5B4B2D}.Debug|x86.Build.0 = Debug|Any CPU
		{9D9D296B-544C-421B-990B-FBF87C5B4B2D}.Release|Any CPU.ActiveCfg = Release|Any CPU
		{9D9D296B-544C-421B-990B-FBF87C5B4B2D}.Release|Any CPU.Build.0 = Release|Any CPU
		{9D9D296B-544C-421B-990B-FBF87C5B4B2D}.Release|x64.ActiveCfg = Release|Any CPU
		{9D9D296B-544C-421B-990B-FBF87C5B4B2D}.Release|x64.Build.0 = Release|Any CPU
		{9D9D296B-544C-421B-990B-FBF87C5B4B2D}.Release|x86.ActiveCfg = Release|Any CPU
		{9D9D296B-544C-421B-990B-FBF87C5B4B2D}.Release|x86.Build.0 = Release|Any CPU
		{D271B957-F902-4B96-AE35-D251A22E3882}.Debug|Any CPU.ActiveCfg = Debug|Any CPU
		{D271B957-F902-4B96-AE35-D251A22E3882}.Debug|Any CPU.Build.0 = Debug|Any CPU
		{D271B957-F902-4B96-AE35-D251A22E3882}.Debug|x64.ActiveCfg = Debug|Any CPU
		{D271B957-F902-4B96-AE35-D251A22E3882}.Debug|x64.Build.0 = Debug|Any CPU
		{D271B957-F902-4B96-AE35-D251A22E3882}.Debug|x86.ActiveCfg = Debug|Any CPU
		{D271B957-F902-4B96-AE35-D251A22E3882}.Debug|x86.Build.0 = Debug|Any CPU
		{D271B957-F902-4B96-AE35-D251A22E3882}.Release|Any CPU.ActiveCfg = Release|Any CPU
		{D271B957-F902-4B96-AE35-D251A22E3882}.Release|Any CPU.Build.0 = Release|Any CPU
		{D271B957-F902-4B96-AE35-D251A22E3882}.Release|x64.ActiveCfg = Release|Any CPU
		{D271B957-F902-4B96-AE35-D251A22E3882}.Release|x64.Build.0 = Release|Any CPU
		{D271B957-F902-4B96-AE35-D251A22E3882}.Release|x86.ActiveCfg = Release|Any CPU
		{D271B957-F902-4B96-AE35-D251A22E3882}.Release|x86.Build.0 = Release|Any CPU
		{2992137F-5BCE-4589-9830-05C728D09FE7}.Debug|Any CPU.ActiveCfg = Debug|Any CPU
		{2992137F-5BCE-4589-9830-05C728D09FE7}.Debug|Any CPU.Build.0 = Debug|Any CPU
		{2992137F-5BCE-4589-9830-05C728D09FE7}.Debug|x64.ActiveCfg = Debug|Any CPU
		{2992137F-5BCE-4589-9830-05C728D09FE7}.Debug|x64.Build.0 = Debug|Any CPU
		{2992137F-5BCE-4589-9830-05C728D09FE7}.Debug|x86.ActiveCfg = Debug|Any CPU
		{2992137F-5BCE-4589-9830-05C728D09FE7}.Debug|x86.Build.0 = Debug|Any CPU
		{2992137F-5BCE-4589-9830-05C728D09FE7}.Release|Any CPU.ActiveCfg = Release|Any CPU
		{2992137F-5BCE-4589-9830-05C728D09FE7}.Release|Any CPU.Build.0 = Release|Any CPU
		{2992137F-5BCE-4589-9830-05C728D09FE7}.Release|x64.ActiveCfg = Release|Any CPU
		{2992137F-5BCE-4589-9830-05C728D09FE7}.Release|x64.Build.0 = Release|Any CPU
		{2992137F-5BCE-4589-9830-05C728D09FE7}.Release|x86.ActiveCfg = Release|Any CPU
		{2992137F-5BCE-4589-9830-05C728D09FE7}.Release|x86.Build.0 = Release|Any CPU
		{E93ABBA8-D8A8-43C7-9A7B-EEC1ADFF63B9}.Debug|Any CPU.ActiveCfg = Debug|Any CPU
		{E93ABBA8-D8A8-43C7-9A7B-EEC1ADFF63B9}.Debug|Any CPU.Build.0 = Debug|Any CPU
		{E93ABBA8-D8A8-43C7-9A7B-EEC1ADFF63B9}.Debug|x64.ActiveCfg = Debug|Any CPU
		{E93ABBA8-D8A8-43C7-9A7B-EEC1ADFF63B9}.Debug|x64.Build.0 = Debug|Any CPU
		{E93ABBA8-D8A8-43C7-9A7B-EEC1ADFF63B9}.Debug|x86.ActiveCfg = Debug|Any CPU
		{E93ABBA8-D8A8-43C7-9A7B-EEC1ADFF63B9}.Debug|x86.Build.0 = Debug|Any CPU
		{E93ABBA8-D8A8-43C7-9A7B-EEC1ADFF63B9}.Release|Any CPU.ActiveCfg = Release|Any CPU
		{E93ABBA8-D8A8-43C7-9A7B-EEC1ADFF63B9}.Release|Any CPU.Build.0 = Release|Any CPU
		{E93ABBA8-D8A8-43C7-9A7B-EEC1ADFF63B9}.Release|x64.ActiveCfg = Release|Any CPU
		{E93ABBA8-D8A8-43C7-9A7B-EEC1ADFF63B9}.Release|x64.Build.0 = Release|Any CPU
		{E93ABBA8-D8A8-43C7-9A7B-EEC1ADFF63B9}.Release|x86.ActiveCfg = Release|Any CPU
		{E93ABBA8-D8A8-43C7-9A7B-EEC1ADFF63B9}.Release|x86.Build.0 = Release|Any CPU
		{3B17E7FA-2C2D-4887-BAFD-575A6D7FD3A5}.Debug|Any CPU.ActiveCfg = Debug|Any CPU
		{3B17E7FA-2C2D-4887-BAFD-575A6D7FD3A5}.Debug|Any CPU.Build.0 = Debug|Any CPU
		{3B17E7FA-2C2D-4887-BAFD-575A6D7FD3A5}.Debug|x64.ActiveCfg = Debug|Any CPU
		{3B17E7FA-2C2D-4887-BAFD-575A6D7FD3A5}.Debug|x64.Build.0 = Debug|Any CPU
		{3B17E7FA-2C2D-4887-BAFD-575A6D7FD3A5}.Debug|x86.ActiveCfg = Debug|Any CPU
		{3B17E7FA-2C2D-4887-BAFD-575A6D7FD3A5}.Debug|x86.Build.0 = Debug|Any CPU
		{3B17E7FA-2C2D-4887-BAFD-575A6D7FD3A5}.Release|Any CPU.ActiveCfg = Release|Any CPU
		{3B17E7FA-2C2D-4887-BAFD-575A6D7FD3A5}.Release|Any CPU.Build.0 = Release|Any CPU
		{3B17E7FA-2C2D-4887-BAFD-575A6D7FD3A5}.Release|x64.ActiveCfg = Release|Any CPU
		{3B17E7FA-2C2D-4887-BAFD-575A6D7FD3A5}.Release|x64.Build.0 = Release|Any CPU
		{3B17E7FA-2C2D-4887-BAFD-575A6D7FD3A5}.Release|x86.ActiveCfg = Release|Any CPU
		{3B17E7FA-2C2D-4887-BAFD-575A6D7FD3A5}.Release|x86.Build.0 = Release|Any CPU
		{8CD5DB98-20FD-46B0-9153-3B9F75EAD8A6}.Debug|Any CPU.ActiveCfg = Debug|Any CPU
		{8CD5DB98-20FD-46B0-9153-3B9F75EAD8A6}.Debug|Any CPU.Build.0 = Debug|Any CPU
		{8CD5DB98-20FD-46B0-9153-3B9F75EAD8A6}.Debug|x64.ActiveCfg = Debug|Any CPU
		{8CD5DB98-20FD-46B0-9153-3B9F75EAD8A6}.Debug|x64.Build.0 = Debug|Any CPU
		{8CD5DB98-20FD-46B0-9153-3B9F75EAD8A6}.Debug|x86.ActiveCfg = Debug|Any CPU
		{8CD5DB98-20FD-46B0-9153-3B9F75EAD8A6}.Debug|x86.Build.0 = Debug|Any CPU
		{8CD5DB98-20FD-46B0-9153-3B9F75EAD8A6}.Release|Any CPU.ActiveCfg = Release|Any CPU
		{8CD5DB98-20FD-46B0-9153-3B9F75EAD8A6}.Release|Any CPU.Build.0 = Release|Any CPU
		{8CD5DB98-20FD-46B0-9153-3B9F75EAD8A6}.Release|x64.ActiveCfg = Release|Any CPU
		{8CD5DB98-20FD-46B0-9153-3B9F75EAD8A6}.Release|x64.Build.0 = Release|Any CPU
		{8CD5DB98-20FD-46B0-9153-3B9F75EAD8A6}.Release|x86.ActiveCfg = Release|Any CPU
		{8CD5DB98-20FD-46B0-9153-3B9F75EAD8A6}.Release|x86.Build.0 = Release|Any CPU
		{4935A7F7-43C4-4C2A-9004-7B6866E4507B}.Debug|Any CPU.ActiveCfg = Debug|Any CPU
		{4935A7F7-43C4-4C2A-9004-7B6866E4507B}.Debug|Any CPU.Build.0 = Debug|Any CPU
		{4935A7F7-43C4-4C2A-9004-7B6866E4507B}.Debug|x64.ActiveCfg = Debug|Any CPU
		{4935A7F7-43C4-4C2A-9004-7B6866E4507B}.Debug|x64.Build.0 = Debug|Any CPU
		{4935A7F7-43C4-4C2A-9004-7B6866E4507B}.Debug|x86.ActiveCfg = Debug|Any CPU
		{4935A7F7-43C4-4C2A-9004-7B6866E4507B}.Debug|x86.Build.0 = Debug|Any CPU
		{4935A7F7-43C4-4C2A-9004-7B6866E4507B}.Release|Any CPU.ActiveCfg = Release|Any CPU
		{4935A7F7-43C4-4C2A-9004-7B6866E4507B}.Release|Any CPU.Build.0 = Release|Any CPU
		{4935A7F7-43C4-4C2A-9004-7B6866E4507B}.Release|x64.ActiveCfg = Release|Any CPU
		{4935A7F7-43C4-4C2A-9004-7B6866E4507B}.Release|x64.Build.0 = Release|Any CPU
		{4935A7F7-43C4-4C2A-9004-7B6866E4507B}.Release|x86.ActiveCfg = Release|Any CPU
		{4935A7F7-43C4-4C2A-9004-7B6866E4507B}.Release|x86.Build.0 = Release|Any CPU
		{D89FF588-593D-413A-8BB2-0E825C642E6C}.Debug|Any CPU.ActiveCfg = Debug|Any CPU
		{D89FF588-593D-413A-8BB2-0E825C642E6C}.Debug|Any CPU.Build.0 = Debug|Any CPU
		{D89FF588-593D-413A-8BB2-0E825C642E6C}.Debug|x64.ActiveCfg = Debug|Any CPU
		{D89FF588-593D-413A-8BB2-0E825C642E6C}.Debug|x64.Build.0 = Debug|Any CPU
		{D89FF588-593D-413A-8BB2-0E825C642E6C}.Debug|x86.ActiveCfg = Debug|Any CPU
		{D89FF588-593D-413A-8BB2-0E825C642E6C}.Debug|x86.Build.0 = Debug|Any CPU
		{D89FF588-593D-413A-8BB2-0E825C642E6C}.Release|Any CPU.ActiveCfg = Release|Any CPU
		{D89FF588-593D-413A-8BB2-0E825C642E6C}.Release|Any CPU.Build.0 = Release|Any CPU
		{D89FF588-593D-413A-8BB2-0E825C642E6C}.Release|x64.ActiveCfg = Release|Any CPU
		{D89FF588-593D-413A-8BB2-0E825C642E6C}.Release|x64.Build.0 = Release|Any CPU
		{D89FF588-593D-413A-8BB2-0E825C642E6C}.Release|x86.ActiveCfg = Release|Any CPU
		{D89FF588-593D-413A-8BB2-0E825C642E6C}.Release|x86.Build.0 = Release|Any CPU
		{17CAF4FF-0E98-4BFF-8460-75BA6A6806C3}.Debug|Any CPU.ActiveCfg = Debug|Any CPU
		{17CAF4FF-0E98-4BFF-8460-75BA6A6806C3}.Debug|Any CPU.Build.0 = Debug|Any CPU
		{17CAF4FF-0E98-4BFF-8460-75BA6A6806C3}.Debug|x64.ActiveCfg = Debug|Any CPU
		{17CAF4FF-0E98-4BFF-8460-75BA6A6806C3}.Debug|x64.Build.0 = Debug|Any CPU
		{17CAF4FF-0E98-4BFF-8460-75BA6A6806C3}.Debug|x86.ActiveCfg = Debug|Any CPU
		{17CAF4FF-0E98-4BFF-8460-75BA6A6806C3}.Debug|x86.Build.0 = Debug|Any CPU
		{17CAF4FF-0E98-4BFF-8460-75BA6A6806C3}.Release|Any CPU.ActiveCfg = Release|Any CPU
		{17CAF4FF-0E98-4BFF-8460-75BA6A6806C3}.Release|Any CPU.Build.0 = Release|Any CPU
		{17CAF4FF-0E98-4BFF-8460-75BA6A6806C3}.Release|x64.ActiveCfg = Release|Any CPU
		{17CAF4FF-0E98-4BFF-8460-75BA6A6806C3}.Release|x64.Build.0 = Release|Any CPU
		{17CAF4FF-0E98-4BFF-8460-75BA6A6806C3}.Release|x86.ActiveCfg = Release|Any CPU
		{17CAF4FF-0E98-4BFF-8460-75BA6A6806C3}.Release|x86.Build.0 = Release|Any CPU
		{BC6219BB-677C-474D-B3EA-86B32E5F71F8}.Debug|Any CPU.ActiveCfg = Debug|Any CPU
		{BC6219BB-677C-474D-B3EA-86B32E5F71F8}.Debug|Any CPU.Build.0 = Debug|Any CPU
		{BC6219BB-677C-474D-B3EA-86B32E5F71F8}.Debug|x64.ActiveCfg = Debug|Any CPU
		{BC6219BB-677C-474D-B3EA-86B32E5F71F8}.Debug|x64.Build.0 = Debug|Any CPU
		{BC6219BB-677C-474D-B3EA-86B32E5F71F8}.Debug|x86.ActiveCfg = Debug|Any CPU
		{BC6219BB-677C-474D-B3EA-86B32E5F71F8}.Debug|x86.Build.0 = Debug|Any CPU
		{BC6219BB-677C-474D-B3EA-86B32E5F71F8}.Release|Any CPU.ActiveCfg = Release|Any CPU
		{BC6219BB-677C-474D-B3EA-86B32E5F71F8}.Release|Any CPU.Build.0 = Release|Any CPU
		{BC6219BB-677C-474D-B3EA-86B32E5F71F8}.Release|x64.ActiveCfg = Release|Any CPU
		{BC6219BB-677C-474D-B3EA-86B32E5F71F8}.Release|x64.Build.0 = Release|Any CPU
		{BC6219BB-677C-474D-B3EA-86B32E5F71F8}.Release|x86.ActiveCfg = Release|Any CPU
		{BC6219BB-677C-474D-B3EA-86B32E5F71F8}.Release|x86.Build.0 = Release|Any CPU
		{7CE0FAEF-8DC3-49E9-B7B7-D9587DCF47BA}.Debug|Any CPU.ActiveCfg = Debug|Any CPU
		{7CE0FAEF-8DC3-49E9-B7B7-D9587DCF47BA}.Debug|Any CPU.Build.0 = Debug|Any CPU
		{7CE0FAEF-8DC3-49E9-B7B7-D9587DCF47BA}.Debug|x64.ActiveCfg = Debug|Any CPU
		{7CE0FAEF-8DC3-49E9-B7B7-D9587DCF47BA}.Debug|x64.Build.0 = Debug|Any CPU
		{7CE0FAEF-8DC3-49E9-B7B7-D9587DCF47BA}.Debug|x86.ActiveCfg = Debug|Any CPU
		{7CE0FAEF-8DC3-49E9-B7B7-D9587DCF47BA}.Debug|x86.Build.0 = Debug|Any CPU
		{7CE0FAEF-8DC3-49E9-B7B7-D9587DCF47BA}.Release|Any CPU.ActiveCfg = Release|Any CPU
		{7CE0FAEF-8DC3-49E9-B7B7-D9587DCF47BA}.Release|Any CPU.Build.0 = Release|Any CPU
		{7CE0FAEF-8DC3-49E9-B7B7-D9587DCF47BA}.Release|x64.ActiveCfg = Release|Any CPU
		{7CE0FAEF-8DC3-49E9-B7B7-D9587DCF47BA}.Release|x64.Build.0 = Release|Any CPU
		{7CE0FAEF-8DC3-49E9-B7B7-D9587DCF47BA}.Release|x86.ActiveCfg = Release|Any CPU
		{7CE0FAEF-8DC3-49E9-B7B7-D9587DCF47BA}.Release|x86.Build.0 = Release|Any CPU
	EndGlobalSection
	GlobalSection(SolutionProperties) = preSolution
		HideSolutionNode = FALSE
	EndGlobalSection
	GlobalSection(ExtensibilityGlobals) = postSolution
		SolutionGuid = {3EDACA55-96DE-4A16-9317-3E2D2233C1F5}
	EndGlobalSection
EndGlobal
